{
  "version": 4,
  "terraform_version": "0.13.2",
  "serial": 173,
  "lineage": "a99eb407-8edd-78d9-477d-d9ea866f79c7",
  "outputs": {
    "api": {
      "value": "https://convox:WnNiJdjrz7hJgIdUOrfZlmIjSSzLw81O2SB48Cw5XlHaTrf2B0DTW3aiXAduyEp6@api.eb35b5e724e996a0.convox.cloud",
      "type": "string"
    },
    "cluster": {
      "value": {
        "ca": "-----BEGIN CERTIFICATE-----\nMIICyDCCAbCgAwIBAgIBADANBgkqhkiG9w0BAQsFADAVMRMwEQYDVQQDEwprdWJl\ncm5ldGVzMB4XDTIxMDQxOTE1MzcxOVoXDTMxMDQxNzE1MzcxOVowFTETMBEGA1UE\nAxMKa3ViZXJuZXRlczCCASIwDQYJKoZIhvcNAQEBBQADggEPADCCAQoCggEBAKKM\n4WL41QA9pvYFSNcaH3pQmi10D+3+eTnStVkH03qWcxONYz0JDmuxlYvzO7GSpksr\nDJIqYn8AqFfYQDkTabQKjbRHN39iAn3c/fNgCWvoTb/V2QJLOAWbyRzR5EZn0foD\nVU/PiwxurOPwbrxt4K0KYLkln7YeKYpY8YG+qRxeYfHXcCcjWLLwZTmDaYPkJeMs\ndYu7d0cN1GMqmmpBJ41jbGScVMxJaPV9eR3QbSVSsecGTrCDO7JgfuBbKIx5Mt1X\nCvCQFgVIyuTM649sy2R7dGVYuy/q459gYrydlxnx2zxrRzLFCjo7AtcjKjTEMlcG\nYGM23heYyQQeBDfAhXcCAwEAAaMjMCEwDgYDVR0PAQH/BAQDAgKkMA8GA1UdEwEB\n/wQFMAMBAf8wDQYJKoZIhvcNAQELBQADggEBAJfM/hojYYeIGYG7S1w8EKHgAj1v\nmbc38+nlAEku5I4Dj6czpHo0YGcYZnsHXuG4Pn32zSQx8SksobbPu5NEYTCXjMIN\nzC2bz8iMslKEIKYNaF8Y32JUsHbfFnP8W5iIc7Zjpxoe2fo3/pK1wm2KuQj4iBMW\nCDb82JSdOGIBiEPT/+AHghZT2coBxcdWu2g7ayY5GglgX6aVqVkB2St4Cfq4jp6G\nxUd23dHUZCaYrwZ4onpixUwmJlEhAbSR5/sjbToccZdkXbRnsbwCxnomRYM9xbUT\nTxGjZ+aSTZF1wPIshdBAS5iMhej7e2kivJLw54Wx4WJPuMW6xPsfmiAlblA=\n-----END CERTIFICATE-----\n",
        "endpoint": "https://FC6C2BB7063D2F43599C0718409C6A94.sk1.us-east-1.eks.amazonaws.com",
        "id": "csidriver3",
        "oidc_arn": "arn:aws:iam::316441501734:oidc-provider/oidc.eks.us-east-1.amazonaws.com/id/FC6C2BB7063D2F43599C0718409C6A94",
        "oidc_sub": "oidc.eks.us-east-1.amazonaws.com/id/FC6C2BB7063D2F43599C0718409C6A94:sub",
        "route_table_public": "rtb-0487e18c6199c0254",
        "subnets": [
          "subnet-0f8234ca7c200aaef",
          "subnet-0dbcfe11f9996dfe1",
          "subnet-0145f99f7dcf27d95"
        ],
        "vpc": "vpc-002dc6760e53ae27a"
      },
      "type": [
        "object",
        {
          "ca": "string",
          "endpoint": "string",
          "id": "string",
          "oidc_arn": "string",
          "oidc_sub": "string",
          "route_table_public": "string",
          "subnets": [
            "tuple",
            [
              "string",
              "string",
              "string"
            ]
          ],
          "vpc": "string"
        }
      ]
    },
    "endpoint": {
      "value": "eb35b5e724e996a0.convox.cloud",
      "type": "string"
    },
    "release": {
      "value": "use-csi-driver",
      "type": "string"
    }
  },
  "resources": [
    {
      "mode": "data",
      "type": "aws_eks_cluster_auth",
      "name": "cluster",
      "provider": "provider[\"registry.terraform.io/hashicorp/aws\"]",
      "instances": [
        {
          "schema_version": 0,
          "attributes": {
            "id": "2021-04-20 13:41:59.934911 +0000 UTC",
            "name": "csidriver3",
            "token": "k8s-aws-v1.aHR0cHM6Ly9zdHMuYW1hem9uYXdzLmNvbS8_QWN0aW9uPUdldENhbGxlcklkZW50aXR5JlZlcnNpb249MjAxMS0wNi0xNSZYLUFtei1BbGdvcml0aG09QVdTNC1ITUFDLVNIQTI1NiZYLUFtei1DcmVkZW50aWFsPUFLSUFVVExMQ0VBVE9HN0ZJSEhKJTJGMjAyMTA0MjAlMkZ1cy1lYXN0LTElMkZzdHMlMkZhd3M0X3JlcXVlc3QmWC1BbXotRGF0ZT0yMDIxMDQyMFQxMzQxNTlaJlgtQW16LUV4cGlyZXM9MCZYLUFtei1TaWduZWRIZWFkZXJzPWhvc3QlM0J4LWs4cy1hd3MtaWQmWC1BbXotU2lnbmF0dXJlPTgxOTM5ZGQzNDRhMTY2M2IzOGZjNjI0NGIwZjFmNDNlNDhkNGVjZTM4NTMyYzc2NDVkM2NhYmM3YmQwMjgyYzg"
          }
        }
      ]
    },
    {
      "mode": "data",
      "type": "http",
      "name": "releases",
      "provider": "provider[\"registry.terraform.io/hashicorp/http\"]",
      "instances": [
        {
          "schema_version": 0,
          "attributes": {
            "body": "{\"url\":\"https://api.github.com/repos/convox/convox/releases/41286991\",\"assets_url\":\"https://api.github.com/repos/convox/convox/releases/41286991/assets\",\"upload_url\":\"https://uploads.github.com/repos/convox/convox/releases/41286991/assets{?name,label}\",\"html_url\":\"https://github.com/convox/convox/releases/tag/3.0.48\",\"id\":41286991,\"author\":{\"login\":\"github-actions[bot]\",\"id\":41898282,\"node_id\":\"MDM6Qm90NDE4OTgyODI=\",\"avatar_url\":\"https://avatars.githubusercontent.com/in/15368?v=4\",\"gravatar_id\":\"\",\"url\":\"https://api.github.com/users/github-actions%5Bbot%5D\",\"html_url\":\"https://github.com/apps/github-actions\",\"followers_url\":\"https://api.github.com/users/github-actions%5Bbot%5D/followers\",\"following_url\":\"https://api.github.com/users/github-actions%5Bbot%5D/following{/other_user}\",\"gists_url\":\"https://api.github.com/users/github-actions%5Bbot%5D/gists{/gist_id}\",\"starred_url\":\"https://api.github.com/users/github-actions%5Bbot%5D/starred{/owner}{/repo}\",\"subscriptions_url\":\"https://api.github.com/users/github-actions%5Bbot%5D/subscriptions\",\"organizations_url\":\"https://api.github.com/users/github-actions%5Bbot%5D/orgs\",\"repos_url\":\"https://api.github.com/users/github-actions%5Bbot%5D/repos\",\"events_url\":\"https://api.github.com/users/github-actions%5Bbot%5D/events{/privacy}\",\"received_events_url\":\"https://api.github.com/users/github-actions%5Bbot%5D/received_events\",\"type\":\"Bot\",\"site_admin\":false},\"node_id\":\"MDc6UmVsZWFzZTQxMjg2OTkx\",\"tag_name\":\"3.0.48\",\"target_commitish\":\"master\",\"name\":\"3.0.48\",\"draft\":false,\"prerelease\":false,\"created_at\":\"2021-04-12T15:16:19Z\",\"published_at\":\"2021-04-12T15:16:43Z\",\"assets\":[{\"url\":\"https://api.github.com/repos/convox/convox/releases/assets/34869177\",\"id\":34869177,\"node_id\":\"MDEyOlJlbGVhc2VBc3NldDM0ODY5MTc3\",\"name\":\"convox-linux\",\"label\":\"\",\"uploader\":{\"login\":\"github-actions[bot]\",\"id\":41898282,\"node_id\":\"MDM6Qm90NDE4OTgyODI=\",\"avatar_url\":\"https://avatars.githubusercontent.com/in/15368?v=4\",\"gravatar_id\":\"\",\"url\":\"https://api.github.com/users/github-actions%5Bbot%5D\",\"html_url\":\"https://github.com/apps/github-actions\",\"followers_url\":\"https://api.github.com/users/github-actions%5Bbot%5D/followers\",\"following_url\":\"https://api.github.com/users/github-actions%5Bbot%5D/following{/other_user}\",\"gists_url\":\"https://api.github.com/users/github-actions%5Bbot%5D/gists{/gist_id}\",\"starred_url\":\"https://api.github.com/users/github-actions%5Bbot%5D/starred{/owner}{/repo}\",\"subscriptions_url\":\"https://api.github.com/users/github-actions%5Bbot%5D/subscriptions\",\"organizations_url\":\"https://api.github.com/users/github-actions%5Bbot%5D/orgs\",\"repos_url\":\"https://api.github.com/users/github-actions%5Bbot%5D/repos\",\"events_url\":\"https://api.github.com/users/github-actions%5Bbot%5D/events{/privacy}\",\"received_events_url\":\"https://api.github.com/users/github-actions%5Bbot%5D/received_events\",\"type\":\"Bot\",\"site_admin\":false},\"content_type\":\"application/octet-stream\",\"state\":\"uploaded\",\"size\":43611936,\"download_count\":460,\"created_at\":\"2021-04-12T15:24:50Z\",\"updated_at\":\"2021-04-12T15:24:51Z\",\"browser_download_url\":\"https://github.com/convox/convox/releases/download/3.0.48/convox-linux\"},{\"url\":\"https://api.github.com/repos/convox/convox/releases/assets/34869178\",\"id\":34869178,\"node_id\":\"MDEyOlJlbGVhc2VBc3NldDM0ODY5MTc4\",\"name\":\"convox-macos\",\"label\":\"\",\"uploader\":{\"login\":\"github-actions[bot]\",\"id\":41898282,\"node_id\":\"MDM6Qm90NDE4OTgyODI=\",\"avatar_url\":\"https://avatars.githubusercontent.com/in/15368?v=4\",\"gravatar_id\":\"\",\"url\":\"https://api.github.com/users/github-actions%5Bbot%5D\",\"html_url\":\"https://github.com/apps/github-actions\",\"followers_url\":\"https://api.github.com/users/github-actions%5Bbot%5D/followers\",\"following_url\":\"https://api.github.com/users/github-actions%5Bbot%5D/following{/other_user}\",\"gists_url\":\"https://api.github.com/users/github-actions%5Bbot%5D/gists{/gist_id}\",\"starred_url\":\"https://api.github.com/users/github-actions%5Bbot%5D/starred{/owner}{/repo}\",\"subscriptions_url\":\"https://api.github.com/users/github-actions%5Bbot%5D/subscriptions\",\"organizations_url\":\"https://api.github.com/users/github-actions%5Bbot%5D/orgs\",\"repos_url\":\"https://api.github.com/users/github-actions%5Bbot%5D/repos\",\"events_url\":\"https://api.github.com/users/github-actions%5Bbot%5D/events{/privacy}\",\"received_events_url\":\"https://api.github.com/users/github-actions%5Bbot%5D/received_events\",\"type\":\"Bot\",\"site_admin\":false},\"content_type\":\"application/octet-stream\",\"state\":\"uploaded\",\"size\":42322584,\"download_count\":37,\"created_at\":\"2021-04-12T15:24:52Z\",\"updated_at\":\"2021-04-12T15:24:53Z\",\"browser_download_url\":\"https://github.com/convox/convox/releases/download/3.0.48/convox-macos\"}],\"tarball_url\":\"https://api.github.com/repos/convox/convox/tarball/3.0.48\",\"zipball_url\":\"https://api.github.com/repos/convox/convox/zipball/3.0.48\",\"body\":\"* terraform: widen compatability for older rack upgrades (#337)\\r\\n\"}",
            "id": "2021-04-20 13:41:42.334615 +0000 UTC",
            "request_headers": null,
            "response_headers": {
              "Accept-Ranges": "bytes",
              "Access-Control-Allow-Origin": "*",
              "Access-Control-Expose-Headers": "ETag, Link, Location, Retry-After, X-GitHub-OTP, X-RateLimit-Limit, X-RateLimit-Remaining, X-RateLimit-Used, X-RateLimit-Reset, X-OAuth-Scopes, X-Accepted-OAuth-Scopes, X-Poll-Interval, X-GitHub-Media-Type, Deprecation, Sunset",
              "Cache-Control": "public, max-age=60, s-maxage=60",
              "Content-Security-Policy": "default-src 'none'",
              "Content-Type": "application/json; charset=utf-8",
              "Date": "Tue, 20 Apr 2021 13:41:42 GMT",
              "Etag": "W/\"07a294aaeab3d81348162499249d3fb7a14a5ed3188b86d9e4abb186e100d052\"",
              "Last-Modified": "Mon, 12 Apr 2021 16:02:52 GMT",
              "Referrer-Policy": "origin-when-cross-origin, strict-origin-when-cross-origin",
              "Server": "GitHub.com",
              "Strict-Transport-Security": "max-age=31536000; includeSubdomains; preload",
              "Vary": "Accept, Accept-Encoding, Accept, X-Requested-With",
              "X-Content-Type-Options": "nosniff",
              "X-Frame-Options": "deny",
              "X-Github-Media-Type": "github.v3; format=json",
              "X-Github-Request-Id": "FA59:CCB5:63F145:673EF9:607EDA15",
              "X-Ratelimit-Limit": "60",
              "X-Ratelimit-Remaining": "54",
              "X-Ratelimit-Reset": "1618927251",
              "X-Ratelimit-Used": "6",
              "X-Xss-Protection": "0"
            },
            "url": "https://api.github.com/repos/convox/convox/releases/latest"
          }
        }
      ]
    },
    {
      "module": "module.cluster",
      "mode": "data",
      "type": "aws_availability_zones",
      "name": "available",
      "provider": "provider[\"registry.terraform.io/hashicorp/aws\"]",
      "instances": [
        {
          "schema_version": 0,
          "attributes": {
            "all_availability_zones": null,
            "blacklisted_names": null,
            "blacklisted_zone_ids": null,
            "exclude_names": null,
            "exclude_zone_ids": null,
            "filter": null,
            "group_names": [
              "us-east-1"
            ],
            "id": "2021-04-20 13:42:08.384404 +0000 UTC",
            "names": [
              "us-east-1a",
              "us-east-1b",
              "us-east-1c",
              "us-east-1d",
              "us-east-1e",
              "us-east-1f"
            ],
            "state": "available",
            "zone_ids": [
              "use1-az4",
              "use1-az6",
              "use1-az1",
              "use1-az2",
              "use1-az3",
              "use1-az5"
            ]
          }
        }
      ]
    },
    {
      "module": "module.cluster",
      "mode": "data",
      "type": "aws_efs_file_system",
      "name": "efs_data",
      "provider": "provider[\"registry.terraform.io/hashicorp/aws\"]",
      "instances": [
        {
          "schema_version": 0,
          "attributes": {
            "arn": "arn:aws:elasticfilesystem:us-east-1:316441501734:file-system/fs-1c56ada8",
            "creation_token": "csidriver3",
            "dns_name": "fs-1c56ada8.efs.us-east-1.amazonaws.com",
            "encrypted": true,
            "file_system_id": "fs-1c56ada8",
            "id": "fs-1c56ada8",
            "kms_key_id": "arn:aws:kms:us-east-1:316441501734:key/af0b5b40-1464-44e7-85d7-c60a9dffe141",
            "lifecycle_policy": [
              {
                "transition_to_ia": "AFTER_30_DAYS"
              }
            ],
            "performance_mode": "generalPurpose",
            "provisioned_throughput_in_mibps": 0,
            "size_in_bytes": 6144,
            "tags": {},
            "throughput_mode": "bursting"
          }
        }
      ]
    },
    {
      "module": "module.cluster",
      "mode": "data",
      "type": "aws_eks_cluster_auth",
      "name": "cluster",
      "provider": "provider[\"registry.terraform.io/hashicorp/aws\"]",
      "instances": [
        {
          "schema_version": 0,
          "attributes": {
            "id": "2021-04-20 13:41:57.895274 +0000 UTC",
            "name": "csidriver3",
            "token": "k8s-aws-v1.aHR0cHM6Ly9zdHMuYW1hem9uYXdzLmNvbS8_QWN0aW9uPUdldENhbGxlcklkZW50aXR5JlZlcnNpb249MjAxMS0wNi0xNSZYLUFtei1BbGdvcml0aG09QVdTNC1ITUFDLVNIQTI1NiZYLUFtei1DcmVkZW50aWFsPUFLSUFVVExMQ0VBVE9HN0ZJSEhKJTJGMjAyMTA0MjAlMkZ1cy1lYXN0LTElMkZzdHMlMkZhd3M0X3JlcXVlc3QmWC1BbXotRGF0ZT0yMDIxMDQyMFQxMzQxNTdaJlgtQW16LUV4cGlyZXM9MCZYLUFtei1TaWduZWRIZWFkZXJzPWhvc3QlM0J4LWs4cy1hd3MtaWQmWC1BbXotU2lnbmF0dXJlPTQxMDdjM2Q5OThlMGMzYjAxNzNhOTFlN2YxOGJkYWY2NjY5MGFjYjM5MTI0N2VlNTAxMWI5NjhjMzUwZDg5MmQ"
          }
        }
      ]
    },
    {
      "module": "module.cluster",
      "mode": "data",
      "type": "aws_iam_policy_document",
      "name": "assume_autoscaler",
      "provider": "provider[\"registry.terraform.io/hashicorp/aws\"]",
      "instances": [
        {
          "schema_version": 0,
          "attributes": {
            "id": "3755528904",
            "json": "{\n  \"Version\": \"2012-10-17\",\n  \"Statement\": [\n    {\n      \"Sid\": \"\",\n      \"Effect\": \"Allow\",\n      \"Action\": \"sts:AssumeRoleWithWebIdentity\",\n      \"Principal\": {\n        \"Federated\": \"arn:aws:iam::316441501734:oidc-provider/oidc.eks.us-east-1.amazonaws.com/id/FC6C2BB7063D2F43599C0718409C6A94\"\n      },\n      \"Condition\": {\n        \"StringEquals\": {\n          \"oidc.eks.us-east-1.amazonaws.com/id/FC6C2BB7063D2F43599C0718409C6A94:sub\": \"system:serviceaccount:kube-system:cluster-autoscaler\"\n        }\n      }\n    }\n  ]\n}",
            "override_json": null,
            "policy_id": null,
            "source_json": null,
            "statement": [
              {
                "actions": [
                  "sts:AssumeRoleWithWebIdentity"
                ],
                "condition": [
                  {
                    "test": "StringEquals",
                    "values": [
                      "system:serviceaccount:kube-system:cluster-autoscaler"
                    ],
                    "variable": "oidc.eks.us-east-1.amazonaws.com/id/FC6C2BB7063D2F43599C0718409C6A94:sub"
                  }
                ],
                "effect": "Allow",
                "not_actions": [],
                "not_principals": [],
                "not_resources": [],
                "principals": [
                  {
                    "identifiers": [
                      "arn:aws:iam::316441501734:oidc-provider/oidc.eks.us-east-1.amazonaws.com/id/FC6C2BB7063D2F43599C0718409C6A94"
                    ],
                    "type": "Federated"
                  }
                ],
                "resources": [],
                "sid": ""
              }
            ],
            "version": "2012-10-17"
          }
        }
      ]
    },
    {
      "module": "module.cluster",
      "mode": "data",
      "type": "aws_iam_policy_document",
      "name": "assume_ec2",
      "provider": "provider[\"registry.terraform.io/hashicorp/aws\"]",
      "instances": [
        {
          "schema_version": 0,
          "attributes": {
            "id": "1903849331",
            "json": "{\n  \"Version\": \"2012-10-17\",\n  \"Statement\": [\n    {\n      \"Sid\": \"\",\n      \"Effect\": \"Allow\",\n      \"Action\": \"sts:AssumeRole\",\n      \"Principal\": {\n        \"Service\": \"ec2.amazonaws.com\"\n      }\n    }\n  ]\n}",
            "override_json": null,
            "policy_id": null,
            "source_json": null,
            "statement": [
              {
                "actions": [
                  "sts:AssumeRole"
                ],
                "condition": [],
                "effect": "Allow",
                "not_actions": [],
                "not_principals": [],
                "not_resources": [],
                "principals": [
                  {
                    "identifiers": [
                      "ec2.amazonaws.com"
                    ],
                    "type": "Service"
                  }
                ],
                "resources": [],
                "sid": ""
              }
            ],
            "version": "2012-10-17"
          }
        }
      ]
    },
    {
      "module": "module.cluster",
      "mode": "data",
      "type": "aws_iam_policy_document",
      "name": "assume_efs",
      "provider": "provider[\"registry.terraform.io/hashicorp/aws\"]",
      "instances": [
        {
          "schema_version": 0,
          "attributes": {
            "id": "271862028",
            "json": "{\n  \"Version\": \"2012-10-17\",\n  \"Statement\": [\n    {\n      \"Sid\": \"\",\n      \"Effect\": \"Allow\",\n      \"Action\": \"sts:AssumeRoleWithWebIdentity\",\n      \"Principal\": {\n        \"Federated\": \"arn:aws:iam::316441501734:oidc-provider/oidc.eks.us-east-1.amazonaws.com/id/FC6C2BB7063D2F43599C0718409C6A94\"\n      },\n      \"Condition\": {\n        \"StringEquals\": {\n          \"oidc.eks.us-east-1.amazonaws.com/id/FC6C2BB7063D2F43599C0718409C6A94:sub\": \"system:serviceaccount:kube-system:efs-csi-controller-sa\"\n        }\n      }\n    }\n  ]\n}",
            "override_json": null,
            "policy_id": null,
            "source_json": null,
            "statement": [
              {
                "actions": [
                  "sts:AssumeRoleWithWebIdentity"
                ],
                "condition": [
                  {
                    "test": "StringEquals",
                    "values": [
                      "system:serviceaccount:kube-system:efs-csi-controller-sa"
                    ],
                    "variable": "oidc.eks.us-east-1.amazonaws.com/id/FC6C2BB7063D2F43599C0718409C6A94:sub"
                  }
                ],
                "effect": "Allow",
                "not_actions": [],
                "not_principals": [],
                "not_resources": [],
                "principals": [
                  {
                    "identifiers": [
                      "arn:aws:iam::316441501734:oidc-provider/oidc.eks.us-east-1.amazonaws.com/id/FC6C2BB7063D2F43599C0718409C6A94"
                    ],
                    "type": "Federated"
                  }
                ],
                "resources": [],
                "sid": ""
              }
            ],
            "version": "2012-10-17"
          }
        }
      ]
    },
    {
      "module": "module.cluster",
      "mode": "data",
      "type": "aws_iam_policy_document",
      "name": "assume_eks",
      "provider": "provider[\"registry.terraform.io/hashicorp/aws\"]",
      "instances": [
        {
          "schema_version": 0,
          "attributes": {
            "id": "189502314",
            "json": "{\n  \"Version\": \"2012-10-17\",\n  \"Statement\": [\n    {\n      \"Sid\": \"\",\n      \"Effect\": \"Allow\",\n      \"Action\": \"sts:AssumeRole\",\n      \"Principal\": {\n        \"Service\": \"eks.amazonaws.com\"\n      }\n    }\n  ]\n}",
            "override_json": null,
            "policy_id": null,
            "source_json": null,
            "statement": [
              {
                "actions": [
                  "sts:AssumeRole"
                ],
                "condition": [],
                "effect": "Allow",
                "not_actions": [],
                "not_principals": [],
                "not_resources": [],
                "principals": [
                  {
                    "identifiers": [
                      "eks.amazonaws.com"
                    ],
                    "type": "Service"
                  }
                ],
                "resources": [],
                "sid": ""
              }
            ],
            "version": "2012-10-17"
          }
        }
      ]
    },
    {
      "module": "module.cluster",
      "mode": "data",
      "type": "aws_iam_policy_document",
      "name": "autoscale",
      "provider": "provider[\"registry.terraform.io/hashicorp/aws\"]",
      "instances": [
        {
          "schema_version": 0,
          "attributes": {
            "id": "1342303187",
            "json": "{\n  \"Version\": \"2012-10-17\",\n  \"Statement\": [\n    {\n      \"Sid\": \"\",\n      \"Effect\": \"Allow\",\n      \"Action\": [\n        \"ec2:DescribeLaunchTemplateVersions\",\n        \"autoscaling:TerminateInstanceInAutoScalingGroup\",\n        \"autoscaling:SetDesiredCapacity\",\n        \"autoscaling:DescribeTags\",\n        \"autoscaling:DescribeLaunchConfigurations\",\n        \"autoscaling:DescribeAutoScalingInstances\",\n        \"autoscaling:DescribeAutoScalingGroups\"\n      ],\n      \"Resource\": \"*\"\n    }\n  ]\n}",
            "override_json": null,
            "policy_id": null,
            "source_json": null,
            "statement": [
              {
                "actions": [
                  "autoscaling:DescribeAutoScalingGroups",
                  "autoscaling:DescribeAutoScalingInstances",
                  "autoscaling:DescribeLaunchConfigurations",
                  "autoscaling:DescribeTags",
                  "autoscaling:SetDesiredCapacity",
                  "autoscaling:TerminateInstanceInAutoScalingGroup",
                  "ec2:DescribeLaunchTemplateVersions"
                ],
                "condition": [],
                "effect": "Allow",
                "not_actions": [],
                "not_principals": [],
                "not_resources": [],
                "principals": [],
                "resources": [
                  "*"
                ],
                "sid": ""
              }
            ],
            "version": "2012-10-17"
          }
        }
      ]
    },
    {
      "module": "module.cluster",
      "mode": "data",
      "type": "aws_partition",
      "name": "current",
      "provider": "provider[\"registry.terraform.io/hashicorp/aws\"]",
      "instances": [
        {
          "schema_version": 0,
          "attributes": {
            "dns_suffix": "amazonaws.com",
            "id": "2021-04-20 13:41:45.725953 +0000 UTC",
            "partition": "aws"
          }
        }
      ]
    },
    {
      "module": "module.cluster",
      "mode": "data",
      "type": "aws_region",
      "name": "current",
      "provider": "provider[\"registry.terraform.io/hashicorp/aws\"]",
      "instances": [
        {
          "schema_version": 0,
          "attributes": {
            "current": null,
            "description": "US East (N. Virginia)",
            "endpoint": "ec2.us-east-1.amazonaws.com",
            "id": "us-east-1",
            "name": "us-east-1"
          }
        }
      ]
    },
    {
      "module": "module.cluster",
      "mode": "managed",
      "type": "aws_efs_access_point",
      "name": "efs_data",
      "provider": "provider[\"registry.terraform.io/hashicorp/aws\"]",
      "instances": [
        {
          "schema_version": 0,
          "attributes": {
            "arn": "arn:aws:elasticfilesystem:us-east-1:316441501734:access-point/fsap-06295eba5af49c667",
            "file_system_arn": "arn:aws:elasticfilesystem:us-east-1:316441501734:file-system/fs-1c56ada8",
            "file_system_id": "fs-1c56ada8",
            "id": "fsap-06295eba5af49c667",
            "owner_id": "316441501734",
            "posix_user": [],
            "root_directory": [
              {
                "creation_info": [],
                "path": "/"
              }
            ],
            "tags": {}
          },
          "private": "bnVsbA==",
          "dependencies": [
            "module.cluster.aws_efs_file_system.efs_data",
            "module.cluster.aws_eks_cluster.cluster"
          ]
        }
      ]
    },
    {
      "module": "module.cluster",
      "mode": "managed",
      "type": "aws_efs_file_system",
      "name": "efs_data",
      "provider": "provider[\"registry.terraform.io/hashicorp/aws\"]",
      "instances": [
        {
          "schema_version": 0,
          "attributes": {
            "arn": "arn:aws:elasticfilesystem:us-east-1:316441501734:file-system/fs-1c56ada8",
            "creation_token": "csidriver3",
            "dns_name": "fs-1c56ada8.efs.us-east-1.amazonaws.com",
            "encrypted": true,
            "id": "fs-1c56ada8",
            "kms_key_id": "arn:aws:kms:us-east-1:316441501734:key/af0b5b40-1464-44e7-85d7-c60a9dffe141",
            "lifecycle_policy": [
              {
                "transition_to_ia": "AFTER_30_DAYS"
              }
            ],
            "performance_mode": "generalPurpose",
            "provisioned_throughput_in_mibps": 0,
            "reference_name": null,
            "tags": {},
            "throughput_mode": "bursting"
          },
          "private": "bnVsbA==",
          "dependencies": [
            "module.cluster.aws_eks_cluster.cluster"
          ]
        }
      ]
    },
    {
      "module": "module.cluster",
      "mode": "managed",
      "type": "aws_efs_file_system_policy",
      "name": "efs_data",
      "provider": "provider[\"registry.terraform.io/hashicorp/aws\"]",
      "instances": [
        {
          "schema_version": 0,
          "attributes": {
            "file_system_id": "fs-1c56ada8",
            "id": "fs-1c56ada8",
            "policy": "{\n  \"Version\" : \"2012-10-17\",\n  \"Statement\" : [ {\n    \"Effect\" : \"Allow\",\n    \"Principal\" : {\n      \"AWS\" : \"*\"\n    },\n    \"Action\" : \"elasticfilesystem:ClientMount\",\n    \"Resource\" : \"arn:aws:elasticfilesystem:us-east-1:316441501734:file-system/fs-1c56ada8\"\n  }, {\n    \"Effect\" : \"Deny\",\n    \"Principal\" : {\n      \"AWS\" : \"*\"\n    },\n    \"Action\" : \"*\",\n    \"Resource\" : \"arn:aws:elasticfilesystem:us-east-1:316441501734:file-system/fs-1c56ada8\",\n    \"Condition\" : {\n      \"Bool\" : {\n        \"aws:SecureTransport\" : \"false\"\n      }\n    }\n  } ]\n}"
          },
          "private": "bnVsbA==",
          "dependencies": [
            "module.cluster.aws_efs_file_system.efs_data"
          ]
        }
      ]
    },
    {
      "module": "module.cluster",
      "mode": "managed",
      "type": "aws_efs_mount_target",
      "name": "efs_mount_targets",
      "provider": "provider[\"registry.terraform.io/hashicorp/aws\"]",
      "instances": [
        {
          "index_key": 0,
          "schema_version": 0,
          "attributes": {
            "availability_zone_id": "use1-az4",
            "availability_zone_name": "us-east-1a",
            "dns_name": "fs-1c56ada8.efs.us-east-1.amazonaws.com",
            "file_system_arn": "arn:aws:elasticfilesystem:us-east-1:316441501734:file-system/fs-1c56ada8",
            "file_system_id": "fs-1c56ada8",
            "id": "fsmt-d65b8763",
            "ip_address": "10.1.122.18",
            "mount_target_dns_name": "us-east-1a.fs-1c56ada8.efs.us-east-1.amazonaws.com",
            "network_interface_id": "eni-02c25b474c13fc739",
            "owner_id": "316441501734",
            "security_groups": [
              "sg-056b69476988f6a24"
            ],
            "subnet_id": "subnet-0f8234ca7c200aaef"
          },
          "private": "bnVsbA==",
          "dependencies": [
            "module.cluster.aws_efs_file_system.efs_data",
            "module.cluster.aws_eks_cluster.cluster",
            "module.cluster.aws_security_group.cluster",
            "module.cluster.aws_subnet.private",
            "module.cluster.aws_subnet.public"
          ]
        },
        {
          "index_key": 1,
          "schema_version": 0,
          "attributes": {
            "availability_zone_id": "use1-az6",
            "availability_zone_name": "us-east-1b",
            "dns_name": "fs-1c56ada8.efs.us-east-1.amazonaws.com",
            "file_system_arn": "arn:aws:elasticfilesystem:us-east-1:316441501734:file-system/fs-1c56ada8",
            "file_system_id": "fs-1c56ada8",
            "id": "fsmt-d15b8764",
            "ip_address": "10.1.177.147",
            "mount_target_dns_name": "us-east-1b.fs-1c56ada8.efs.us-east-1.amazonaws.com",
            "network_interface_id": "eni-06c4dcb8d85db7e14",
            "owner_id": "316441501734",
            "security_groups": [
              "sg-056b69476988f6a24"
            ],
            "subnet_id": "subnet-0dbcfe11f9996dfe1"
          },
          "private": "bnVsbA==",
          "dependencies": [
            "module.cluster.aws_efs_file_system.efs_data",
            "module.cluster.aws_eks_cluster.cluster",
            "module.cluster.aws_security_group.cluster",
            "module.cluster.aws_subnet.private",
            "module.cluster.aws_subnet.public"
          ]
        },
        {
          "index_key": 2,
          "schema_version": 0,
          "attributes": {
            "availability_zone_id": "use1-az1",
            "availability_zone_name": "us-east-1c",
            "dns_name": "fs-1c56ada8.efs.us-east-1.amazonaws.com",
            "file_system_arn": "arn:aws:elasticfilesystem:us-east-1:316441501734:file-system/fs-1c56ada8",
            "file_system_id": "fs-1c56ada8",
            "id": "fsmt-d75b8762",
            "ip_address": "10.1.243.10",
            "mount_target_dns_name": "us-east-1c.fs-1c56ada8.efs.us-east-1.amazonaws.com",
            "network_interface_id": "eni-05a196c8d2a672b57",
            "owner_id": "316441501734",
            "security_groups": [
              "sg-056b69476988f6a24"
            ],
            "subnet_id": "subnet-0145f99f7dcf27d95"
          },
          "private": "bnVsbA==",
          "dependencies": [
            "module.cluster.aws_efs_file_system.efs_data",
            "module.cluster.aws_eks_cluster.cluster",
            "module.cluster.aws_security_group.cluster",
            "module.cluster.aws_subnet.private",
            "module.cluster.aws_subnet.public"
          ]
        }
      ]
    },
    {
      "module": "module.cluster",
      "mode": "managed",
      "type": "aws_eip",
      "name": "nat",
      "provider": "provider[\"registry.terraform.io/hashicorp/aws\"]",
      "instances": [
        {
          "index_key": 0,
          "schema_version": 0,
          "attributes": {
            "allocation_id": null,
            "associate_with_private_ip": null,
            "association_id": "eipassoc-052a266a4a1f5826c",
            "customer_owned_ip": "",
            "customer_owned_ipv4_pool": "",
            "domain": "vpc",
            "id": "eipalloc-0f0a69d6a35d64f62",
            "instance": "",
            "network_interface": "eni-07ba2a83d313ba6fe",
            "private_dns": "ip-10-1-12-250.ec2.internal",
            "private_ip": "10.1.12.250",
            "public_dns": "ec2-52-72-43-48.compute-1.amazonaws.com",
            "public_ip": "52.72.43.48",
            "public_ipv4_pool": "amazon",
            "tags": {
              "Name": "csidriver3 nat 0"
            },
            "timeouts": null,
            "vpc": true
          },
          "private": "eyJlMmJmYjczMC1lY2FhLTExZTYtOGY4OC0zNDM2M2JjN2M0YzAiOnsiZGVsZXRlIjoxODAwMDAwMDAwMDAsInJlYWQiOjkwMDAwMDAwMDAwMCwidXBkYXRlIjozMDAwMDAwMDAwMDB9fQ==",
          "create_before_destroy": true
        },
        {
          "index_key": 1,
          "schema_version": 0,
          "attributes": {
            "allocation_id": null,
            "associate_with_private_ip": null,
            "association_id": "eipassoc-0816fbacddff43c35",
            "customer_owned_ip": "",
            "customer_owned_ipv4_pool": "",
            "domain": "vpc",
            "id": "eipalloc-087c623c05e971ff1",
            "instance": "",
            "network_interface": "eni-0346e0880ac05a0fc",
            "private_dns": "ip-10-1-24-131.ec2.internal",
            "private_ip": "10.1.24.131",
            "public_dns": "ec2-52-73-160-95.compute-1.amazonaws.com",
            "public_ip": "52.73.160.95",
            "public_ipv4_pool": "amazon",
            "tags": {
              "Name": "csidriver3 nat 1"
            },
            "timeouts": null,
            "vpc": true
          },
          "private": "eyJlMmJmYjczMC1lY2FhLTExZTYtOGY4OC0zNDM2M2JjN2M0YzAiOnsiZGVsZXRlIjoxODAwMDAwMDAwMDAsInJlYWQiOjkwMDAwMDAwMDAwMCwidXBkYXRlIjozMDAwMDAwMDAwMDB9fQ==",
          "create_before_destroy": true
        },
        {
          "index_key": 2,
          "schema_version": 0,
          "attributes": {
            "allocation_id": null,
            "associate_with_private_ip": null,
            "association_id": "eipassoc-02b4f5f98ee6dc5eb",
            "customer_owned_ip": "",
            "customer_owned_ipv4_pool": "",
            "domain": "vpc",
            "id": "eipalloc-0cb07fde9ec744fe8",
            "instance": "",
            "network_interface": "eni-0b90c63be5f733bda",
            "private_dns": "ip-10-1-35-71.ec2.internal",
            "private_ip": "10.1.35.71",
            "public_dns": "ec2-54-159-211-238.compute-1.amazonaws.com",
            "public_ip": "54.159.211.238",
            "public_ipv4_pool": "amazon",
            "tags": {
              "Name": "csidriver3 nat 2"
            },
            "timeouts": null,
            "vpc": true
          },
          "private": "eyJlMmJmYjczMC1lY2FhLTExZTYtOGY4OC0zNDM2M2JjN2M0YzAiOnsiZGVsZXRlIjoxODAwMDAwMDAwMDAsInJlYWQiOjkwMDAwMDAwMDAwMCwidXBkYXRlIjozMDAwMDAwMDAwMDB9fQ==",
          "create_before_destroy": true
        }
      ]
    },
    {
      "module": "module.cluster",
      "mode": "managed",
      "type": "aws_eks_cluster",
      "name": "cluster",
      "provider": "provider[\"registry.terraform.io/hashicorp/aws\"]",
      "instances": [
        {
          "schema_version": 0,
          "attributes": {
            "arn": "arn:aws:eks:us-east-1:316441501734:cluster/csidriver3",
            "certificate_authority": [
              {
                "data": "LS0tLS1CRUdJTiBDRVJUSUZJQ0FURS0tLS0tCk1JSUN5RENDQWJDZ0F3SUJBZ0lCQURBTkJna3Foa2lHOXcwQkFRc0ZBREFWTVJNd0VRWURWUVFERXdwcmRXSmwKY201bGRHVnpNQjRYRFRJeE1EUXhPVEUxTXpjeE9Wb1hEVE14TURReE56RTFNemN4T1Zvd0ZURVRNQkVHQTFVRQpBeE1LYTNWaVpYSnVaWFJsY3pDQ0FTSXdEUVlKS29aSWh2Y05BUUVCQlFBRGdnRVBBRENDQVFvQ2dnRUJBS0tNCjRXTDQxUUE5cHZZRlNOY2FIM3BRbWkxMEQrMytlVG5TdFZrSDAzcVdjeE9OWXowSkRtdXhsWXZ6TzdHU3Brc3IKREpJcVluOEFxRmZZUURrVGFiUUtqYlJITjM5aUFuM2MvZk5nQ1d2b1RiL1YyUUpMT0FXYnlSelI1RVpuMGZvRApWVS9QaXd4dXJPUHdicnh0NEswS1lMa2xuN1llS1lwWThZRytxUnhlWWZIWGNDY2pXTEx3WlRtRGFZUGtKZU1zCmRZdTdkMGNOMUdNcW1tcEJKNDFqYkdTY1ZNeEphUFY5ZVIzUWJTVlNzZWNHVHJDRE83SmdmdUJiS0l4NU10MVgKQ3ZDUUZnVkl5dVRNNjQ5c3kyUjdkR1ZZdXkvcTQ1OWdZcnlkbHhueDJ6eHJSekxGQ2pvN0F0Y2pLalRFTWxjRwpZR00yM2hlWXlRUWVCRGZBaFhjQ0F3RUFBYU1qTUNFd0RnWURWUjBQQVFIL0JBUURBZ0trTUE4R0ExVWRFd0VCCi93UUZNQU1CQWY4d0RRWUpLb1pJaHZjTkFRRUxCUUFEZ2dFQkFKZk0vaG9qWVllSUdZRzdTMXc4RUtIZ0FqMXYKbWJjMzgrbmxBRWt1NUk0RGo2Y3pwSG8wWUdjWVpuc0hYdUc0UG4zMnpTUXg4U2tzb2JiUHU1TkVZVENYak1JTgp6QzJiejhpTXNsS0VJS1lOYUY4WTMySlVzSGJmRm5QOFc1aUljN1pqcHhvZTJmbzMvcEsxd20yS3VRajRpQk1XCkNEYjgySlNkT0dJQmlFUFQvK0FIZ2haVDJjb0J4Y2RXdTJnN2F5WTVHZ2xnWDZhVnFWa0IyU3Q0Q2ZxNGpwNkcKeFVkMjNkSFVaQ2FZcndaNG9ucGl4VXdtSmxFaEFiU1I1L3NqYlRvY2NaZGtYYlJuc2J3Q3hub21SWU05eGJVVApUeEdqWithU1RaRjF3UElzaGRCQVM1aU1oZWo3ZTJraXZKTHc1NFd4NFdKUHVNVzZ4UHNmbWlBbGJsQT0KLS0tLS1FTkQgQ0VSVElGSUNBVEUtLS0tLQo="
              }
            ],
            "created_at": "2021-04-19 15:30:41 +0000 UTC",
            "enabled_cluster_log_types": [],
            "encryption_config": [],
            "endpoint": "https://FC6C2BB7063D2F43599C0718409C6A94.sk1.us-east-1.eks.amazonaws.com",
            "id": "csidriver3",
            "identity": [
              {
                "oidc": [
                  {
                    "issuer": "https://oidc.eks.us-east-1.amazonaws.com/id/FC6C2BB7063D2F43599C0718409C6A94"
                  }
                ]
              }
            ],
            "name": "csidriver3",
            "platform_version": "eks.7",
            "role_arn": "arn:aws:iam::316441501734:role/convox/csidriver3-cluster",
            "status": "ACTIVE",
            "tags": {},
            "timeouts": null,
            "version": "1.17",
            "vpc_config": [
              {
                "cluster_security_group_id": "sg-0f5048757160ac3df",
                "endpoint_private_access": false,
                "endpoint_public_access": true,
                "public_access_cidrs": [
                  "0.0.0.0/0"
                ],
                "security_group_ids": [
                  "sg-056b69476988f6a24"
                ],
                "subnet_ids": [
                  "subnet-00825b0c22de929c7",
                  "subnet-07bc9c1de2671cbca",
                  "subnet-0cf787fdf903233fa"
                ],
                "vpc_id": "vpc-002dc6760e53ae27a"
              }
            ]
          },
          "private": "eyJlMmJmYjczMC1lY2FhLTExZTYtOGY4OC0zNDM2M2JjN2M0YzAiOnsiY3JlYXRlIjoxODAwMDAwMDAwMDAwLCJkZWxldGUiOjkwMDAwMDAwMDAwMCwidXBkYXRlIjozNjAwMDAwMDAwMDAwfX0=",
          "dependencies": [
            "module.cluster.aws_eip.nat",
            "module.cluster.aws_iam_role.cluster",
            "module.cluster.aws_iam_role.nodes",
            "module.cluster.aws_iam_role_policy_attachment.cluster_ec2_readonly",
            "module.cluster.aws_iam_role_policy_attachment.cluster_eks_cluster",
            "module.cluster.aws_iam_role_policy_attachment.cluster_eks_service",
            "module.cluster.aws_iam_role_policy_attachment.nodes_ecr",
            "module.cluster.aws_iam_role_policy_attachment.nodes_eks_cni",
            "module.cluster.aws_iam_role_policy_attachment.nodes_eks_worker",
            "module.cluster.aws_internet_gateway.nodes",
            "module.cluster.aws_nat_gateway.private",
            "module.cluster.aws_route.private-default",
            "module.cluster.aws_route.public-default",
            "module.cluster.aws_route_table.private",
            "module.cluster.aws_route_table.public",
            "module.cluster.aws_route_table_association.private",
            "module.cluster.aws_route_table_association.public",
            "module.cluster.aws_security_group.cluster",
            "module.cluster.aws_subnet.private",
            "module.cluster.aws_subnet.public",
            "module.cluster.aws_vpc.nodes",
            "module.cluster.data.aws_availability_zones.available",
            "module.cluster.data.aws_iam_policy_document.assume_ec2",
            "module.cluster.data.aws_iam_policy_document.assume_eks",
            "module.cluster.data.aws_partition.current",
            "module.cluster.null_resource.delay_cluster",
            "module.cluster.null_resource.iam",
            "module.cluster.null_resource.network"
          ],
          "create_before_destroy": true
        }
      ]
    },
    {
      "module": "module.cluster",
      "mode": "managed",
      "type": "aws_eks_node_group",
      "name": "cluster",
      "provider": "provider[\"registry.terraform.io/hashicorp/aws\"]",
      "instances": [
        {
          "index_key": 0,
          "schema_version": 0,
          "attributes": {
            "ami_type": "AL2_x86_64",
            "arn": "arn:aws:eks:us-east-1:316441501734:nodegroup/csidriver3/csidriver3-us-east-1a-75f2aa352b0b9afb/70bc7568-a98c-16f2-5d7b-8fcefb0785bb",
            "cluster_name": "csidriver3",
            "disk_size": 20,
            "force_update_version": null,
            "id": "csidriver3:csidriver3-us-east-1a-75f2aa352b0b9afb",
            "instance_types": [
              "t3.small"
            ],
            "labels": {},
            "node_group_name": "csidriver3-us-east-1a-75f2aa352b0b9afb",
            "node_role_arn": "arn:aws:iam::316441501734:role/csidriver3-nodes",
            "release_version": "1.17.12-20210414",
            "remote_access": [],
            "resources": [
              {
                "autoscaling_groups": [
                  {
                    "name": "eks-70bc7568-a98c-16f2-5d7b-8fcefb0785bb"
                  }
                ],
                "remote_access_security_group_id": ""
              }
            ],
            "scaling_config": [
              {
                "desired_size": 1,
                "max_size": 100,
                "min_size": 1
              }
            ],
            "status": "ACTIVE",
            "subnet_ids": [
              "subnet-0f8234ca7c200aaef"
            ],
            "tags": {},
            "timeouts": null,
            "version": "1.17"
          },
          "private": "eyJlMmJmYjczMC1lY2FhLTExZTYtOGY4OC0zNDM2M2JjN2M0YzAiOnsiY3JlYXRlIjozNjAwMDAwMDAwMDAwLCJkZWxldGUiOjM2MDAwMDAwMDAwMDAsInVwZGF0ZSI6MzYwMDAwMDAwMDAwMH19",
          "dependencies": [
            "module.cluster.aws_eip.nat",
            "module.cluster.aws_eks_cluster.cluster",
            "module.cluster.aws_iam_openid_connect_provider.cluster",
            "module.cluster.aws_iam_role.cluster",
            "module.cluster.aws_iam_role.nodes",
            "module.cluster.aws_iam_role_policy_attachment.cluster_ec2_readonly",
            "module.cluster.aws_iam_role_policy_attachment.cluster_eks_cluster",
            "module.cluster.aws_iam_role_policy_attachment.cluster_eks_service",
            "module.cluster.aws_iam_role_policy_attachment.nodes_ecr",
            "module.cluster.aws_iam_role_policy_attachment.nodes_eks_cni",
            "module.cluster.aws_iam_role_policy_attachment.nodes_eks_worker",
            "module.cluster.aws_internet_gateway.nodes",
            "module.cluster.aws_nat_gateway.private",
            "module.cluster.aws_route.private-default",
            "module.cluster.aws_route.public-default",
            "module.cluster.aws_route_table.private",
            "module.cluster.aws_route_table.public",
            "module.cluster.aws_route_table_association.private",
            "module.cluster.aws_route_table_association.public",
            "module.cluster.aws_security_group.cluster",
            "module.cluster.aws_subnet.private",
            "module.cluster.aws_subnet.public",
            "module.cluster.aws_vpc.nodes",
            "module.cluster.data.aws_availability_zones.available",
            "module.cluster.data.aws_iam_policy_document.assume_ec2",
            "module.cluster.data.aws_iam_policy_document.assume_eks",
            "module.cluster.data.aws_partition.current",
            "module.cluster.null_resource.delay_cluster",
            "module.cluster.null_resource.iam",
            "module.cluster.null_resource.network",
            "module.cluster.random_id.node_group"
          ],
          "create_before_destroy": true
        },
        {
          "index_key": 1,
          "schema_version": 0,
          "attributes": {
            "ami_type": "AL2_x86_64",
            "arn": "arn:aws:eks:us-east-1:316441501734:nodegroup/csidriver3/csidriver3-us-east-1b-75f2aa352b0b9afb/a4bc7568-a995-ba3e-071a-50ce1c9f1b08",
            "cluster_name": "csidriver3",
            "disk_size": 20,
            "force_update_version": null,
            "id": "csidriver3:csidriver3-us-east-1b-75f2aa352b0b9afb",
            "instance_types": [
              "t3.small"
            ],
            "labels": {},
            "node_group_name": "csidriver3-us-east-1b-75f2aa352b0b9afb",
            "node_role_arn": "arn:aws:iam::316441501734:role/csidriver3-nodes",
            "release_version": "1.17.12-20210414",
            "remote_access": [],
            "resources": [
              {
                "autoscaling_groups": [
                  {
                    "name": "eks-a4bc7568-a995-ba3e-071a-50ce1c9f1b08"
                  }
                ],
                "remote_access_security_group_id": ""
              }
            ],
            "scaling_config": [
              {
                "desired_size": 1,
                "max_size": 100,
                "min_size": 1
              }
            ],
            "status": "ACTIVE",
            "subnet_ids": [
              "subnet-0dbcfe11f9996dfe1"
            ],
            "tags": {},
            "timeouts": null,
            "version": "1.17"
          },
          "private": "eyJlMmJmYjczMC1lY2FhLTExZTYtOGY4OC0zNDM2M2JjN2M0YzAiOnsiY3JlYXRlIjozNjAwMDAwMDAwMDAwLCJkZWxldGUiOjM2MDAwMDAwMDAwMDAsInVwZGF0ZSI6MzYwMDAwMDAwMDAwMH19",
          "dependencies": [
            "module.cluster.aws_eip.nat",
            "module.cluster.aws_eks_cluster.cluster",
            "module.cluster.aws_iam_openid_connect_provider.cluster",
            "module.cluster.aws_iam_role.cluster",
            "module.cluster.aws_iam_role.nodes",
            "module.cluster.aws_iam_role_policy_attachment.cluster_ec2_readonly",
            "module.cluster.aws_iam_role_policy_attachment.cluster_eks_cluster",
            "module.cluster.aws_iam_role_policy_attachment.cluster_eks_service",
            "module.cluster.aws_iam_role_policy_attachment.nodes_ecr",
            "module.cluster.aws_iam_role_policy_attachment.nodes_eks_cni",
            "module.cluster.aws_iam_role_policy_attachment.nodes_eks_worker",
            "module.cluster.aws_internet_gateway.nodes",
            "module.cluster.aws_nat_gateway.private",
            "module.cluster.aws_route.private-default",
            "module.cluster.aws_route.public-default",
            "module.cluster.aws_route_table.private",
            "module.cluster.aws_route_table.public",
            "module.cluster.aws_route_table_association.private",
            "module.cluster.aws_route_table_association.public",
            "module.cluster.aws_security_group.cluster",
            "module.cluster.aws_subnet.private",
            "module.cluster.aws_subnet.public",
            "module.cluster.aws_vpc.nodes",
            "module.cluster.data.aws_availability_zones.available",
            "module.cluster.data.aws_iam_policy_document.assume_ec2",
            "module.cluster.data.aws_iam_policy_document.assume_eks",
            "module.cluster.data.aws_partition.current",
            "module.cluster.null_resource.delay_cluster",
            "module.cluster.null_resource.iam",
            "module.cluster.null_resource.network",
            "module.cluster.random_id.node_group"
          ],
          "create_before_destroy": true
        },
        {
          "index_key": 2,
          "schema_version": 0,
          "attributes": {
            "ami_type": "AL2_x86_64",
            "arn": "arn:aws:eks:us-east-1:316441501734:nodegroup/csidriver3/csidriver3-us-east-1c-75f2aa352b0b9afb/92bc7568-a993-bc25-1fda-0412214cea12",
            "cluster_name": "csidriver3",
            "disk_size": 20,
            "force_update_version": null,
            "id": "csidriver3:csidriver3-us-east-1c-75f2aa352b0b9afb",
            "instance_types": [
              "t3.small"
            ],
            "labels": {},
            "node_group_name": "csidriver3-us-east-1c-75f2aa352b0b9afb",
            "node_role_arn": "arn:aws:iam::316441501734:role/csidriver3-nodes",
            "release_version": "1.17.12-20210414",
            "remote_access": [],
            "resources": [
              {
                "autoscaling_groups": [
                  {
                    "name": "eks-92bc7568-a993-bc25-1fda-0412214cea12"
                  }
                ],
                "remote_access_security_group_id": ""
              }
            ],
            "scaling_config": [
              {
                "desired_size": 1,
                "max_size": 100,
                "min_size": 1
              }
            ],
            "status": "ACTIVE",
            "subnet_ids": [
              "subnet-0145f99f7dcf27d95"
            ],
            "tags": {},
            "timeouts": null,
            "version": "1.17"
          },
          "private": "eyJlMmJmYjczMC1lY2FhLTExZTYtOGY4OC0zNDM2M2JjN2M0YzAiOnsiY3JlYXRlIjozNjAwMDAwMDAwMDAwLCJkZWxldGUiOjM2MDAwMDAwMDAwMDAsInVwZGF0ZSI6MzYwMDAwMDAwMDAwMH19",
          "dependencies": [
            "module.cluster.aws_eip.nat",
            "module.cluster.aws_eks_cluster.cluster",
            "module.cluster.aws_iam_openid_connect_provider.cluster",
            "module.cluster.aws_iam_role.cluster",
            "module.cluster.aws_iam_role.nodes",
            "module.cluster.aws_iam_role_policy_attachment.cluster_ec2_readonly",
            "module.cluster.aws_iam_role_policy_attachment.cluster_eks_cluster",
            "module.cluster.aws_iam_role_policy_attachment.cluster_eks_service",
            "module.cluster.aws_iam_role_policy_attachment.nodes_ecr",
            "module.cluster.aws_iam_role_policy_attachment.nodes_eks_cni",
            "module.cluster.aws_iam_role_policy_attachment.nodes_eks_worker",
            "module.cluster.aws_internet_gateway.nodes",
            "module.cluster.aws_nat_gateway.private",
            "module.cluster.aws_route.private-default",
            "module.cluster.aws_route.public-default",
            "module.cluster.aws_route_table.private",
            "module.cluster.aws_route_table.public",
            "module.cluster.aws_route_table_association.private",
            "module.cluster.aws_route_table_association.public",
            "module.cluster.aws_security_group.cluster",
            "module.cluster.aws_subnet.private",
            "module.cluster.aws_subnet.public",
            "module.cluster.aws_vpc.nodes",
            "module.cluster.data.aws_availability_zones.available",
            "module.cluster.data.aws_iam_policy_document.assume_ec2",
            "module.cluster.data.aws_iam_policy_document.assume_eks",
            "module.cluster.data.aws_partition.current",
            "module.cluster.null_resource.delay_cluster",
            "module.cluster.null_resource.iam",
            "module.cluster.null_resource.network",
            "module.cluster.random_id.node_group"
          ],
          "create_before_destroy": true
        }
      ]
    },
    {
      "module": "module.cluster",
      "mode": "managed",
      "type": "aws_iam_openid_connect_provider",
      "name": "cluster",
      "provider": "provider[\"registry.terraform.io/hashicorp/aws\"]",
      "instances": [
        {
          "schema_version": 0,
          "attributes": {
            "arn": "arn:aws:iam::316441501734:oidc-provider/oidc.eks.us-east-1.amazonaws.com/id/FC6C2BB7063D2F43599C0718409C6A94",
            "client_id_list": [
              "sts.amazonaws.com"
            ],
            "id": "arn:aws:iam::316441501734:oidc-provider/oidc.eks.us-east-1.amazonaws.com/id/FC6C2BB7063D2F43599C0718409C6A94",
            "thumbprint_list": [
              "9e99a48a9960b14926bb7f3b02e22da2b0ab7280"
            ],
            "url": "oidc.eks.us-east-1.amazonaws.com/id/FC6C2BB7063D2F43599C0718409C6A94"
          },
          "private": "bnVsbA==",
          "dependencies": [
            "module.cluster.aws_eip.nat",
            "module.cluster.aws_eks_cluster.cluster",
            "module.cluster.aws_iam_role.cluster",
            "module.cluster.aws_iam_role.nodes",
            "module.cluster.aws_iam_role_policy_attachment.cluster_ec2_readonly",
            "module.cluster.aws_iam_role_policy_attachment.cluster_eks_cluster",
            "module.cluster.aws_iam_role_policy_attachment.cluster_eks_service",
            "module.cluster.aws_iam_role_policy_attachment.nodes_ecr",
            "module.cluster.aws_iam_role_policy_attachment.nodes_eks_cni",
            "module.cluster.aws_iam_role_policy_attachment.nodes_eks_worker",
            "module.cluster.aws_internet_gateway.nodes",
            "module.cluster.aws_nat_gateway.private",
            "module.cluster.aws_route.private-default",
            "module.cluster.aws_route.public-default",
            "module.cluster.aws_route_table.private",
            "module.cluster.aws_route_table.public",
            "module.cluster.aws_route_table_association.private",
            "module.cluster.aws_route_table_association.public",
            "module.cluster.aws_security_group.cluster",
            "module.cluster.aws_subnet.private",
            "module.cluster.aws_subnet.public",
            "module.cluster.aws_vpc.nodes",
            "module.cluster.data.aws_availability_zones.available",
            "module.cluster.data.aws_iam_policy_document.assume_ec2",
            "module.cluster.data.aws_iam_policy_document.assume_eks",
            "module.cluster.data.aws_partition.current",
            "module.cluster.null_resource.delay_cluster",
            "module.cluster.null_resource.iam",
            "module.cluster.null_resource.network"
          ],
          "create_before_destroy": true
        }
      ]
    },
    {
      "module": "module.cluster",
      "mode": "managed",
      "type": "aws_iam_policy",
      "name": "efs_management_policy",
      "provider": "provider[\"registry.terraform.io/hashicorp/aws\"]",
      "instances": [
        {
          "schema_version": 0,
          "attributes": {
            "arn": "arn:aws:iam::316441501734:policy/csidriver3-efs-management",
            "description": "EFS Management Policy for Convox",
            "id": "arn:aws:iam::316441501734:policy/csidriver3-efs-management",
            "name": "csidriver3-efs-management",
            "name_prefix": null,
            "path": "/",
            "policy": "{\"Statement\":[{\"Action\":[\"elasticfilesystem:DescribeAccessPoints\",\"elasticfilesystem:DescribeFileSystems\"],\"Effect\":\"Allow\",\"Resource\":\"*\"},{\"Action\":[\"elasticfilesystem:CreateAccessPoint\"],\"Condition\":{\"StringLike\":{\"aws:RequestTag/efs.csi.aws.com/cluster\":\"true\"}},\"Effect\":\"Allow\",\"Resource\":\"*\"},{\"Action\":\"elasticfilesystem:DeleteAccessPoint\",\"Condition\":{\"StringEquals\":{\"aws:ResourceTag/efs.csi.aws.com/cluster\":\"true\"}},\"Effect\":\"Allow\",\"Resource\":\"*\"}],\"Version\":\"2012-10-17\"}"
          },
          "private": "bnVsbA=="
        }
      ]
    },
    {
      "module": "module.cluster",
      "mode": "managed",
      "type": "aws_iam_role",
      "name": "autoscaler",
      "provider": "provider[\"registry.terraform.io/hashicorp/aws\"]",
      "instances": [
        {
          "schema_version": 0,
          "attributes": {
            "arn": "arn:aws:iam::316441501734:role/convox/csidriver3-autoscaler",
            "assume_role_policy": "{\"Version\":\"2012-10-17\",\"Statement\":[{\"Sid\":\"\",\"Effect\":\"Allow\",\"Principal\":{\"Federated\":\"arn:aws:iam::316441501734:oidc-provider/oidc.eks.us-east-1.amazonaws.com/id/FC6C2BB7063D2F43599C0718409C6A94\"},\"Action\":\"sts:AssumeRoleWithWebIdentity\",\"Condition\":{\"StringEquals\":{\"oidc.eks.us-east-1.amazonaws.com/id/FC6C2BB7063D2F43599C0718409C6A94:sub\":\"system:serviceaccount:kube-system:cluster-autoscaler\"}}}]}",
            "create_date": "2021-04-19T15:48:10Z",
            "description": "",
            "force_detach_policies": false,
            "id": "csidriver3-autoscaler",
            "max_session_duration": 3600,
            "name": "csidriver3-autoscaler",
            "name_prefix": null,
            "path": "/convox/",
            "permissions_boundary": null,
            "tags": {
              "Name": "csidriver3"
            },
            "unique_id": "AROAUTLLCEATGTPAF3GZQ"
          },
          "private": "bnVsbA==",
          "dependencies": [
            "module.cluster.aws_eip.nat",
            "module.cluster.aws_eks_cluster.cluster",
            "module.cluster.aws_iam_openid_connect_provider.cluster",
            "module.cluster.aws_iam_role.cluster",
            "module.cluster.aws_iam_role.nodes",
            "module.cluster.aws_iam_role_policy_attachment.cluster_ec2_readonly",
            "module.cluster.aws_iam_role_policy_attachment.cluster_eks_cluster",
            "module.cluster.aws_iam_role_policy_attachment.cluster_eks_service",
            "module.cluster.aws_iam_role_policy_attachment.nodes_ecr",
            "module.cluster.aws_iam_role_policy_attachment.nodes_eks_cni",
            "module.cluster.aws_iam_role_policy_attachment.nodes_eks_worker",
            "module.cluster.aws_internet_gateway.nodes",
            "module.cluster.aws_nat_gateway.private",
            "module.cluster.aws_route.private-default",
            "module.cluster.aws_route.public-default",
            "module.cluster.aws_route_table.private",
            "module.cluster.aws_route_table.public",
            "module.cluster.aws_route_table_association.private",
            "module.cluster.aws_route_table_association.public",
            "module.cluster.aws_security_group.cluster",
            "module.cluster.aws_subnet.private",
            "module.cluster.aws_subnet.public",
            "module.cluster.aws_vpc.nodes",
            "module.cluster.data.aws_availability_zones.available",
            "module.cluster.data.aws_iam_policy_document.assume_autoscaler",
            "module.cluster.data.aws_iam_policy_document.assume_ec2",
            "module.cluster.data.aws_iam_policy_document.assume_eks",
            "module.cluster.data.aws_partition.current",
            "module.cluster.null_resource.delay_cluster",
            "module.cluster.null_resource.iam",
            "module.cluster.null_resource.network"
          ]
        }
      ]
    },
    {
      "module": "module.cluster",
      "mode": "managed",
      "type": "aws_iam_role",
      "name": "cluster",
      "provider": "provider[\"registry.terraform.io/hashicorp/aws\"]",
      "instances": [
        {
          "schema_version": 0,
          "attributes": {
            "arn": "arn:aws:iam::316441501734:role/convox/csidriver3-cluster",
            "assume_role_policy": "{\"Version\":\"2012-10-17\",\"Statement\":[{\"Sid\":\"\",\"Effect\":\"Allow\",\"Principal\":{\"Service\":\"eks.amazonaws.com\"},\"Action\":\"sts:AssumeRole\"}]}",
            "create_date": "2021-04-19T15:28:25Z",
            "description": "",
            "force_detach_policies": false,
            "id": "csidriver3-cluster",
            "max_session_duration": 3600,
            "name": "csidriver3-cluster",
            "name_prefix": null,
            "path": "/convox/",
            "permissions_boundary": null,
            "tags": {},
            "unique_id": "AROAUTLLCEATH3MPDXZU5"
          },
          "private": "bnVsbA==",
          "dependencies": [
            "module.cluster.data.aws_iam_policy_document.assume_eks"
          ],
          "create_before_destroy": true
        }
      ]
    },
    {
      "module": "module.cluster",
      "mode": "managed",
      "type": "aws_iam_role",
      "name": "efs_role",
      "provider": "provider[\"registry.terraform.io/hashicorp/aws\"]",
      "instances": [
        {
          "schema_version": 0,
          "attributes": {
            "arn": "arn:aws:iam::316441501734:role/csidriver3-efs",
            "assume_role_policy": "{\"Version\":\"2012-10-17\",\"Statement\":[{\"Sid\":\"\",\"Effect\":\"Allow\",\"Principal\":{\"Federated\":\"arn:aws:iam::316441501734:oidc-provider/oidc.eks.us-east-1.amazonaws.com/id/FC6C2BB7063D2F43599C0718409C6A94\"},\"Action\":\"sts:AssumeRoleWithWebIdentity\",\"Condition\":{\"StringEquals\":{\"oidc.eks.us-east-1.amazonaws.com/id/FC6C2BB7063D2F43599C0718409C6A94:sub\":\"system:serviceaccount:kube-system:efs-csi-controller-sa\"}}}]}",
            "create_date": "2021-04-20T13:07:29Z",
            "description": "",
            "force_detach_policies": false,
            "id": "csidriver3-efs",
            "max_session_duration": 3600,
            "name": "csidriver3-efs",
            "name_prefix": null,
            "path": "/",
            "permissions_boundary": null,
            "tags": {},
            "unique_id": "AROAUTLLCEATPCRNWXR6W"
          },
          "private": "bnVsbA==",
          "dependencies": [
            "module.cluster.data.aws_iam_policy_document.assume_efs"
          ]
        }
      ]
    },
    {
      "module": "module.cluster",
      "mode": "managed",
      "type": "aws_iam_role",
      "name": "nodes",
      "provider": "provider[\"registry.terraform.io/hashicorp/aws\"]",
      "instances": [
        {
          "schema_version": 0,
          "attributes": {
            "arn": "arn:aws:iam::316441501734:role/convox/csidriver3-nodes",
            "assume_role_policy": "{\"Version\":\"2012-10-17\",\"Statement\":[{\"Sid\":\"\",\"Effect\":\"Allow\",\"Principal\":{\"Service\":\"ec2.amazonaws.com\"},\"Action\":\"sts:AssumeRole\"}]}",
            "create_date": "2021-04-19T15:28:25Z",
            "description": "",
            "force_detach_policies": false,
            "id": "csidriver3-nodes",
            "max_session_duration": 3600,
            "name": "csidriver3-nodes",
            "name_prefix": null,
            "path": "/convox/",
            "permissions_boundary": null,
            "tags": {},
            "unique_id": "AROAUTLLCEATEFTAHRJRI"
          },
          "private": "bnVsbA==",
          "dependencies": [
            "module.cluster.data.aws_iam_policy_document.assume_ec2"
          ],
          "create_before_destroy": true
        }
      ]
    },
    {
      "module": "module.cluster",
      "mode": "managed",
      "type": "aws_iam_role_policy",
      "name": "autoscaler_autoscale",
      "provider": "provider[\"registry.terraform.io/hashicorp/aws\"]",
      "instances": [
        {
          "schema_version": 0,
          "attributes": {
            "id": "csidriver3-autoscaler:autoscale",
            "name": "autoscale",
            "name_prefix": null,
            "policy": "{\n  \"Version\": \"2012-10-17\",\n  \"Statement\": [\n    {\n      \"Sid\": \"\",\n      \"Effect\": \"Allow\",\n      \"Action\": [\n        \"ec2:DescribeLaunchTemplateVersions\",\n        \"autoscaling:TerminateInstanceInAutoScalingGroup\",\n        \"autoscaling:SetDesiredCapacity\",\n        \"autoscaling:DescribeTags\",\n        \"autoscaling:DescribeLaunchConfigurations\",\n        \"autoscaling:DescribeAutoScalingInstances\",\n        \"autoscaling:DescribeAutoScalingGroups\"\n      ],\n      \"Resource\": \"*\"\n    }\n  ]\n}",
            "role": "csidriver3-autoscaler"
          },
          "private": "bnVsbA==",
          "dependencies": [
            "module.cluster.aws_eip.nat",
            "module.cluster.aws_eks_cluster.cluster",
            "module.cluster.aws_iam_openid_connect_provider.cluster",
            "module.cluster.aws_iam_role.autoscaler",
            "module.cluster.aws_iam_role.cluster",
            "module.cluster.aws_iam_role.nodes",
            "module.cluster.aws_iam_role_policy_attachment.cluster_ec2_readonly",
            "module.cluster.aws_iam_role_policy_attachment.cluster_eks_cluster",
            "module.cluster.aws_iam_role_policy_attachment.cluster_eks_service",
            "module.cluster.aws_iam_role_policy_attachment.nodes_ecr",
            "module.cluster.aws_iam_role_policy_attachment.nodes_eks_cni",
            "module.cluster.aws_iam_role_policy_attachment.nodes_eks_worker",
            "module.cluster.aws_internet_gateway.nodes",
            "module.cluster.aws_nat_gateway.private",
            "module.cluster.aws_route.private-default",
            "module.cluster.aws_route.public-default",
            "module.cluster.aws_route_table.private",
            "module.cluster.aws_route_table.public",
            "module.cluster.aws_route_table_association.private",
            "module.cluster.aws_route_table_association.public",
            "module.cluster.aws_security_group.cluster",
            "module.cluster.aws_subnet.private",
            "module.cluster.aws_subnet.public",
            "module.cluster.aws_vpc.nodes",
            "module.cluster.data.aws_availability_zones.available",
            "module.cluster.data.aws_iam_policy_document.assume_autoscaler",
            "module.cluster.data.aws_iam_policy_document.assume_ec2",
            "module.cluster.data.aws_iam_policy_document.assume_eks",
            "module.cluster.data.aws_iam_policy_document.autoscale",
            "module.cluster.data.aws_partition.current",
            "module.cluster.null_resource.delay_cluster",
            "module.cluster.null_resource.iam",
            "module.cluster.null_resource.network"
          ]
        }
      ]
    },
    {
      "module": "module.cluster",
      "mode": "managed",
      "type": "aws_iam_role_policy_attachment",
      "name": "cluster_ec2_readonly",
      "provider": "provider[\"registry.terraform.io/hashicorp/aws\"]",
      "instances": [
        {
          "schema_version": 0,
          "attributes": {
            "id": "csidriver3-cluster-20210419152826457800000007",
            "policy_arn": "arn:aws:iam::aws:policy/AmazonEC2ReadOnlyAccess",
            "role": "csidriver3-cluster"
          },
          "private": "bnVsbA==",
          "dependencies": [
            "module.cluster.aws_iam_role.cluster",
            "module.cluster.data.aws_iam_policy_document.assume_eks",
            "module.cluster.data.aws_partition.current"
          ],
          "create_before_destroy": true
        }
      ]
    },
    {
      "module": "module.cluster",
      "mode": "managed",
      "type": "aws_iam_role_policy_attachment",
      "name": "cluster_eks_cluster",
      "provider": "provider[\"registry.terraform.io/hashicorp/aws\"]",
      "instances": [
        {
          "schema_version": 0,
          "attributes": {
            "id": "csidriver3-cluster-20210419152826457200000006",
            "policy_arn": "arn:aws:iam::aws:policy/AmazonEKSClusterPolicy",
            "role": "csidriver3-cluster"
          },
          "private": "bnVsbA==",
          "dependencies": [
            "module.cluster.aws_iam_role.cluster",
            "module.cluster.data.aws_iam_policy_document.assume_eks",
            "module.cluster.data.aws_partition.current"
          ],
          "create_before_destroy": true
        }
      ]
    },
    {
      "module": "module.cluster",
      "mode": "managed",
      "type": "aws_iam_role_policy_attachment",
      "name": "cluster_eks_service",
      "provider": "provider[\"registry.terraform.io/hashicorp/aws\"]",
      "instances": [
        {
          "schema_version": 0,
          "attributes": {
            "id": "csidriver3-cluster-20210419152826454500000005",
            "policy_arn": "arn:aws:iam::aws:policy/AmazonEKSServicePolicy",
            "role": "csidriver3-cluster"
          },
          "private": "bnVsbA==",
          "dependencies": [
            "module.cluster.aws_iam_role.cluster",
            "module.cluster.data.aws_iam_policy_document.assume_eks",
            "module.cluster.data.aws_partition.current"
          ],
          "create_before_destroy": true
        }
      ]
    },
    {
      "module": "module.cluster",
      "mode": "managed",
      "type": "aws_iam_role_policy_attachment",
      "name": "efs-management-attach",
      "provider": "provider[\"registry.terraform.io/hashicorp/aws\"]",
      "instances": [
        {
          "schema_version": 0,
          "attributes": {
            "id": "csidriver3-efs-20210420130731760300000001",
            "policy_arn": "arn:aws:iam::316441501734:policy/csidriver3-efs-management",
            "role": "csidriver3-efs"
          },
          "private": "bnVsbA==",
          "dependencies": [
            "module.cluster.aws_iam_policy.efs_management_policy",
            "module.cluster.aws_iam_role.efs_role",
            "module.cluster.data.aws_iam_policy_document.assume_efs"
          ]
        }
      ]
    },
    {
      "module": "module.cluster",
      "mode": "managed",
      "type": "aws_iam_role_policy_attachment",
      "name": "nodes_ecr",
      "provider": "provider[\"registry.terraform.io/hashicorp/aws\"]",
      "instances": [
        {
          "schema_version": 0,
          "attributes": {
            "id": "csidriver3-nodes-20210419152826393500000002",
            "policy_arn": "arn:aws:iam::aws:policy/AmazonEC2ContainerRegistryReadOnly",
            "role": "csidriver3-nodes"
          },
          "private": "bnVsbA==",
          "dependencies": [
            "module.cluster.aws_iam_role.nodes",
            "module.cluster.data.aws_iam_policy_document.assume_ec2",
            "module.cluster.data.aws_partition.current"
          ],
          "create_before_destroy": true
        }
      ]
    },
    {
      "module": "module.cluster",
      "mode": "managed",
      "type": "aws_iam_role_policy_attachment",
      "name": "nodes_eks_cni",
      "provider": "provider[\"registry.terraform.io/hashicorp/aws\"]",
      "instances": [
        {
          "schema_version": 0,
          "attributes": {
            "id": "csidriver3-nodes-20210419152826394100000004",
            "policy_arn": "arn:aws:iam::aws:policy/AmazonEKS_CNI_Policy",
            "role": "csidriver3-nodes"
          },
          "private": "bnVsbA==",
          "dependencies": [
            "module.cluster.aws_iam_role.nodes",
            "module.cluster.data.aws_iam_policy_document.assume_ec2",
            "module.cluster.data.aws_partition.current"
          ],
          "create_before_destroy": true
        }
      ]
    },
    {
      "module": "module.cluster",
      "mode": "managed",
      "type": "aws_iam_role_policy_attachment",
      "name": "nodes_eks_worker",
      "provider": "provider[\"registry.terraform.io/hashicorp/aws\"]",
      "instances": [
        {
          "schema_version": 0,
          "attributes": {
            "id": "csidriver3-nodes-20210419152826393600000003",
            "policy_arn": "arn:aws:iam::aws:policy/AmazonEKSWorkerNodePolicy",
            "role": "csidriver3-nodes"
          },
          "private": "bnVsbA==",
          "dependencies": [
            "module.cluster.aws_iam_role.nodes",
            "module.cluster.data.aws_iam_policy_document.assume_ec2",
            "module.cluster.data.aws_partition.current"
          ],
          "create_before_destroy": true
        }
      ]
    },
    {
      "module": "module.cluster",
      "mode": "managed",
      "type": "aws_internet_gateway",
      "name": "nodes",
      "provider": "provider[\"registry.terraform.io/hashicorp/aws\"]",
      "instances": [
        {
          "schema_version": 0,
          "attributes": {
            "arn": "arn:aws:ec2:us-east-1:316441501734:internet-gateway/igw-0fc50dacd61a1a9e9",
            "id": "igw-0fc50dacd61a1a9e9",
            "owner_id": "316441501734",
            "tags": {
              "Name": "csidriver3"
            },
            "vpc_id": "vpc-002dc6760e53ae27a"
          },
          "private": "bnVsbA==",
          "dependencies": [
            "module.cluster.aws_iam_role.cluster",
            "module.cluster.aws_iam_role.nodes",
            "module.cluster.aws_iam_role_policy_attachment.cluster_eks_cluster",
            "module.cluster.aws_iam_role_policy_attachment.cluster_eks_service",
            "module.cluster.aws_iam_role_policy_attachment.nodes_ecr",
            "module.cluster.aws_iam_role_policy_attachment.nodes_eks_cni",
            "module.cluster.aws_iam_role_policy_attachment.nodes_eks_worker",
            "module.cluster.aws_vpc.nodes",
            "module.cluster.data.aws_iam_policy_document.assume_ec2",
            "module.cluster.data.aws_iam_policy_document.assume_eks",
            "module.cluster.data.aws_partition.current"
          ],
          "create_before_destroy": true
        }
      ]
    },
    {
      "module": "module.cluster",
      "mode": "managed",
      "type": "aws_nat_gateway",
      "name": "private",
      "provider": "provider[\"registry.terraform.io/hashicorp/aws\"]",
      "instances": [
        {
          "index_key": 0,
          "schema_version": 0,
          "attributes": {
            "allocation_id": "eipalloc-0f0a69d6a35d64f62",
            "id": "nat-0994593289bb3f92b",
            "network_interface_id": "eni-07ba2a83d313ba6fe",
            "private_ip": "10.1.12.250",
            "public_ip": "52.72.43.48",
            "subnet_id": "subnet-0cf787fdf903233fa",
            "tags": {
              "Name": "csidriver3 0"
            }
          },
          "private": "bnVsbA==",
          "dependencies": [
            "module.cluster.aws_eip.nat",
            "module.cluster.aws_iam_role.cluster",
            "module.cluster.aws_iam_role.nodes",
            "module.cluster.aws_iam_role_policy_attachment.cluster_eks_cluster",
            "module.cluster.aws_iam_role_policy_attachment.cluster_eks_service",
            "module.cluster.aws_iam_role_policy_attachment.nodes_ecr",
            "module.cluster.aws_iam_role_policy_attachment.nodes_eks_cni",
            "module.cluster.aws_iam_role_policy_attachment.nodes_eks_worker",
            "module.cluster.aws_subnet.public",
            "module.cluster.aws_vpc.nodes",
            "module.cluster.data.aws_availability_zones.available",
            "module.cluster.data.aws_iam_policy_document.assume_ec2",
            "module.cluster.data.aws_iam_policy_document.assume_eks",
            "module.cluster.data.aws_partition.current"
          ],
          "create_before_destroy": true
        },
        {
          "index_key": 1,
          "schema_version": 0,
          "attributes": {
            "allocation_id": "eipalloc-087c623c05e971ff1",
            "id": "nat-0cc2f1fad108432a6",
            "network_interface_id": "eni-0346e0880ac05a0fc",
            "private_ip": "10.1.24.131",
            "public_ip": "52.73.160.95",
            "subnet_id": "subnet-00825b0c22de929c7",
            "tags": {
              "Name": "csidriver3 1"
            }
          },
          "private": "bnVsbA==",
          "dependencies": [
            "module.cluster.aws_eip.nat",
            "module.cluster.aws_iam_role.cluster",
            "module.cluster.aws_iam_role.nodes",
            "module.cluster.aws_iam_role_policy_attachment.cluster_eks_cluster",
            "module.cluster.aws_iam_role_policy_attachment.cluster_eks_service",
            "module.cluster.aws_iam_role_policy_attachment.nodes_ecr",
            "module.cluster.aws_iam_role_policy_attachment.nodes_eks_cni",
            "module.cluster.aws_iam_role_policy_attachment.nodes_eks_worker",
            "module.cluster.aws_subnet.public",
            "module.cluster.aws_vpc.nodes",
            "module.cluster.data.aws_availability_zones.available",
            "module.cluster.data.aws_iam_policy_document.assume_ec2",
            "module.cluster.data.aws_iam_policy_document.assume_eks",
            "module.cluster.data.aws_partition.current"
          ],
          "create_before_destroy": true
        },
        {
          "index_key": 2,
          "schema_version": 0,
          "attributes": {
            "allocation_id": "eipalloc-0cb07fde9ec744fe8",
            "id": "nat-01f5bbd9293cbc15e",
            "network_interface_id": "eni-0b90c63be5f733bda",
            "private_ip": "10.1.35.71",
            "public_ip": "54.159.211.238",
            "subnet_id": "subnet-07bc9c1de2671cbca",
            "tags": {
              "Name": "csidriver3 2"
            }
          },
          "private": "bnVsbA==",
          "dependencies": [
            "module.cluster.aws_eip.nat",
            "module.cluster.aws_iam_role.cluster",
            "module.cluster.aws_iam_role.nodes",
            "module.cluster.aws_iam_role_policy_attachment.cluster_eks_cluster",
            "module.cluster.aws_iam_role_policy_attachment.cluster_eks_service",
            "module.cluster.aws_iam_role_policy_attachment.nodes_ecr",
            "module.cluster.aws_iam_role_policy_attachment.nodes_eks_cni",
            "module.cluster.aws_iam_role_policy_attachment.nodes_eks_worker",
            "module.cluster.aws_subnet.public",
            "module.cluster.aws_vpc.nodes",
            "module.cluster.data.aws_availability_zones.available",
            "module.cluster.data.aws_iam_policy_document.assume_ec2",
            "module.cluster.data.aws_iam_policy_document.assume_eks",
            "module.cluster.data.aws_partition.current"
          ],
          "create_before_destroy": true
        }
      ]
    },
    {
      "module": "module.cluster",
      "mode": "managed",
      "type": "aws_route",
      "name": "private-default",
      "provider": "provider[\"registry.terraform.io/hashicorp/aws\"]",
      "instances": [
        {
          "index_key": 0,
          "schema_version": 0,
          "attributes": {
            "destination_cidr_block": "0.0.0.0/0",
            "destination_ipv6_cidr_block": "",
            "destination_prefix_list_id": "",
            "egress_only_gateway_id": "",
            "gateway_id": "",
            "id": "r-rtb-09ab3f270cf84374a1080289494",
            "instance_id": "",
            "instance_owner_id": "",
            "nat_gateway_id": "nat-0994593289bb3f92b",
            "network_interface_id": "",
            "origin": "CreateRoute",
            "route_table_id": "rtb-09ab3f270cf84374a",
            "state": "active",
            "timeouts": {
              "create": "5m",
              "delete": null
            },
            "transit_gateway_id": "",
            "vpc_peering_connection_id": ""
          },
          "private": "eyJlMmJmYjczMC1lY2FhLTExZTYtOGY4OC0zNDM2M2JjN2M0YzAiOnsiY3JlYXRlIjozMDAwMDAwMDAwMDAsImRlbGV0ZSI6MzAwMDAwMDAwMDAwfX0=",
          "dependencies": [
            "module.cluster.aws_eip.nat",
            "module.cluster.aws_iam_role.cluster",
            "module.cluster.aws_iam_role.nodes",
            "module.cluster.aws_iam_role_policy_attachment.cluster_eks_cluster",
            "module.cluster.aws_iam_role_policy_attachment.cluster_eks_service",
            "module.cluster.aws_iam_role_policy_attachment.nodes_ecr",
            "module.cluster.aws_iam_role_policy_attachment.nodes_eks_cni",
            "module.cluster.aws_iam_role_policy_attachment.nodes_eks_worker",
            "module.cluster.aws_internet_gateway.nodes",
            "module.cluster.aws_nat_gateway.private",
            "module.cluster.aws_route_table.private",
            "module.cluster.aws_subnet.public",
            "module.cluster.aws_vpc.nodes",
            "module.cluster.data.aws_availability_zones.available",
            "module.cluster.data.aws_iam_policy_document.assume_ec2",
            "module.cluster.data.aws_iam_policy_document.assume_eks",
            "module.cluster.data.aws_partition.current"
          ],
          "create_before_destroy": true
        },
        {
          "index_key": 1,
          "schema_version": 0,
          "attributes": {
            "destination_cidr_block": "0.0.0.0/0",
            "destination_ipv6_cidr_block": "",
            "destination_prefix_list_id": "",
            "egress_only_gateway_id": "",
            "gateway_id": "",
            "id": "r-rtb-0fe197ff98e11057f1080289494",
            "instance_id": "",
            "instance_owner_id": "",
            "nat_gateway_id": "nat-0cc2f1fad108432a6",
            "network_interface_id": "",
            "origin": "CreateRoute",
            "route_table_id": "rtb-0fe197ff98e11057f",
            "state": "active",
            "timeouts": {
              "create": "5m",
              "delete": null
            },
            "transit_gateway_id": "",
            "vpc_peering_connection_id": ""
          },
          "private": "eyJlMmJmYjczMC1lY2FhLTExZTYtOGY4OC0zNDM2M2JjN2M0YzAiOnsiY3JlYXRlIjozMDAwMDAwMDAwMDAsImRlbGV0ZSI6MzAwMDAwMDAwMDAwfX0=",
          "dependencies": [
            "module.cluster.aws_eip.nat",
            "module.cluster.aws_iam_role.cluster",
            "module.cluster.aws_iam_role.nodes",
            "module.cluster.aws_iam_role_policy_attachment.cluster_eks_cluster",
            "module.cluster.aws_iam_role_policy_attachment.cluster_eks_service",
            "module.cluster.aws_iam_role_policy_attachment.nodes_ecr",
            "module.cluster.aws_iam_role_policy_attachment.nodes_eks_cni",
            "module.cluster.aws_iam_role_policy_attachment.nodes_eks_worker",
            "module.cluster.aws_internet_gateway.nodes",
            "module.cluster.aws_nat_gateway.private",
            "module.cluster.aws_route_table.private",
            "module.cluster.aws_subnet.public",
            "module.cluster.aws_vpc.nodes",
            "module.cluster.data.aws_availability_zones.available",
            "module.cluster.data.aws_iam_policy_document.assume_ec2",
            "module.cluster.data.aws_iam_policy_document.assume_eks",
            "module.cluster.data.aws_partition.current"
          ],
          "create_before_destroy": true
        },
        {
          "index_key": 2,
          "schema_version": 0,
          "attributes": {
            "destination_cidr_block": "0.0.0.0/0",
            "destination_ipv6_cidr_block": "",
            "destination_prefix_list_id": "",
            "egress_only_gateway_id": "",
            "gateway_id": "",
            "id": "r-rtb-09ff106eb05ab60361080289494",
            "instance_id": "",
            "instance_owner_id": "",
            "nat_gateway_id": "nat-01f5bbd9293cbc15e",
            "network_interface_id": "",
            "origin": "CreateRoute",
            "route_table_id": "rtb-09ff106eb05ab6036",
            "state": "active",
            "timeouts": {
              "create": "5m",
              "delete": null
            },
            "transit_gateway_id": "",
            "vpc_peering_connection_id": ""
          },
          "private": "eyJlMmJmYjczMC1lY2FhLTExZTYtOGY4OC0zNDM2M2JjN2M0YzAiOnsiY3JlYXRlIjozMDAwMDAwMDAwMDAsImRlbGV0ZSI6MzAwMDAwMDAwMDAwfX0=",
          "dependencies": [
            "module.cluster.aws_eip.nat",
            "module.cluster.aws_iam_role.cluster",
            "module.cluster.aws_iam_role.nodes",
            "module.cluster.aws_iam_role_policy_attachment.cluster_eks_cluster",
            "module.cluster.aws_iam_role_policy_attachment.cluster_eks_service",
            "module.cluster.aws_iam_role_policy_attachment.nodes_ecr",
            "module.cluster.aws_iam_role_policy_attachment.nodes_eks_cni",
            "module.cluster.aws_iam_role_policy_attachment.nodes_eks_worker",
            "module.cluster.aws_internet_gateway.nodes",
            "module.cluster.aws_nat_gateway.private",
            "module.cluster.aws_route_table.private",
            "module.cluster.aws_subnet.public",
            "module.cluster.aws_vpc.nodes",
            "module.cluster.data.aws_availability_zones.available",
            "module.cluster.data.aws_iam_policy_document.assume_ec2",
            "module.cluster.data.aws_iam_policy_document.assume_eks",
            "module.cluster.data.aws_partition.current"
          ],
          "create_before_destroy": true
        }
      ]
    },
    {
      "module": "module.cluster",
      "mode": "managed",
      "type": "aws_route",
      "name": "public-default",
      "provider": "provider[\"registry.terraform.io/hashicorp/aws\"]",
      "instances": [
        {
          "schema_version": 0,
          "attributes": {
            "destination_cidr_block": "0.0.0.0/0",
            "destination_ipv6_cidr_block": "",
            "destination_prefix_list_id": "",
            "egress_only_gateway_id": "",
            "gateway_id": "igw-0fc50dacd61a1a9e9",
            "id": "r-rtb-0487e18c6199c02541080289494",
            "instance_id": "",
            "instance_owner_id": "",
            "nat_gateway_id": "",
            "network_interface_id": "",
            "origin": "CreateRoute",
            "route_table_id": "rtb-0487e18c6199c0254",
            "state": "active",
            "timeouts": {
              "create": "5m",
              "delete": null
            },
            "transit_gateway_id": "",
            "vpc_peering_connection_id": ""
          },
          "private": "eyJlMmJmYjczMC1lY2FhLTExZTYtOGY4OC0zNDM2M2JjN2M0YzAiOnsiY3JlYXRlIjozMDAwMDAwMDAwMDAsImRlbGV0ZSI6MzAwMDAwMDAwMDAwfX0=",
          "dependencies": [
            "module.cluster.aws_iam_role.cluster",
            "module.cluster.aws_iam_role.nodes",
            "module.cluster.aws_iam_role_policy_attachment.cluster_eks_cluster",
            "module.cluster.aws_iam_role_policy_attachment.cluster_eks_service",
            "module.cluster.aws_iam_role_policy_attachment.nodes_ecr",
            "module.cluster.aws_iam_role_policy_attachment.nodes_eks_cni",
            "module.cluster.aws_iam_role_policy_attachment.nodes_eks_worker",
            "module.cluster.aws_internet_gateway.nodes",
            "module.cluster.aws_route_table.public",
            "module.cluster.aws_vpc.nodes",
            "module.cluster.data.aws_iam_policy_document.assume_ec2",
            "module.cluster.data.aws_iam_policy_document.assume_eks",
            "module.cluster.data.aws_partition.current"
          ],
          "create_before_destroy": true
        }
      ]
    },
    {
      "module": "module.cluster",
      "mode": "managed",
      "type": "aws_route_table",
      "name": "private",
      "provider": "provider[\"registry.terraform.io/hashicorp/aws\"]",
      "instances": [
        {
          "index_key": 0,
          "schema_version": 0,
          "attributes": {
            "id": "rtb-09ab3f270cf84374a",
            "owner_id": "316441501734",
            "propagating_vgws": [],
            "route": [
              {
                "cidr_block": "0.0.0.0/0",
                "egress_only_gateway_id": "",
                "gateway_id": "",
                "instance_id": "",
                "ipv6_cidr_block": "",
                "nat_gateway_id": "nat-0994593289bb3f92b",
                "network_interface_id": "",
                "transit_gateway_id": "",
                "vpc_peering_connection_id": ""
              }
            ],
            "tags": {
              "Name": "csidriver3 private 0"
            },
            "vpc_id": "vpc-002dc6760e53ae27a"
          },
          "private": "bnVsbA==",
          "dependencies": [
            "module.cluster.aws_iam_role.cluster",
            "module.cluster.aws_iam_role.nodes",
            "module.cluster.aws_iam_role_policy_attachment.cluster_eks_cluster",
            "module.cluster.aws_iam_role_policy_attachment.cluster_eks_service",
            "module.cluster.aws_iam_role_policy_attachment.nodes_ecr",
            "module.cluster.aws_iam_role_policy_attachment.nodes_eks_cni",
            "module.cluster.aws_iam_role_policy_attachment.nodes_eks_worker",
            "module.cluster.aws_vpc.nodes",
            "module.cluster.data.aws_iam_policy_document.assume_ec2",
            "module.cluster.data.aws_iam_policy_document.assume_eks",
            "module.cluster.data.aws_partition.current"
          ],
          "create_before_destroy": true
        },
        {
          "index_key": 1,
          "schema_version": 0,
          "attributes": {
            "id": "rtb-0fe197ff98e11057f",
            "owner_id": "316441501734",
            "propagating_vgws": [],
            "route": [
              {
                "cidr_block": "0.0.0.0/0",
                "egress_only_gateway_id": "",
                "gateway_id": "",
                "instance_id": "",
                "ipv6_cidr_block": "",
                "nat_gateway_id": "nat-0cc2f1fad108432a6",
                "network_interface_id": "",
                "transit_gateway_id": "",
                "vpc_peering_connection_id": ""
              }
            ],
            "tags": {
              "Name": "csidriver3 private 1"
            },
            "vpc_id": "vpc-002dc6760e53ae27a"
          },
          "private": "bnVsbA==",
          "dependencies": [
            "module.cluster.aws_iam_role.cluster",
            "module.cluster.aws_iam_role.nodes",
            "module.cluster.aws_iam_role_policy_attachment.cluster_eks_cluster",
            "module.cluster.aws_iam_role_policy_attachment.cluster_eks_service",
            "module.cluster.aws_iam_role_policy_attachment.nodes_ecr",
            "module.cluster.aws_iam_role_policy_attachment.nodes_eks_cni",
            "module.cluster.aws_iam_role_policy_attachment.nodes_eks_worker",
            "module.cluster.aws_vpc.nodes",
            "module.cluster.data.aws_iam_policy_document.assume_ec2",
            "module.cluster.data.aws_iam_policy_document.assume_eks",
            "module.cluster.data.aws_partition.current"
          ],
          "create_before_destroy": true
        },
        {
          "index_key": 2,
          "schema_version": 0,
          "attributes": {
            "id": "rtb-09ff106eb05ab6036",
            "owner_id": "316441501734",
            "propagating_vgws": [],
            "route": [
              {
                "cidr_block": "0.0.0.0/0",
                "egress_only_gateway_id": "",
                "gateway_id": "",
                "instance_id": "",
                "ipv6_cidr_block": "",
                "nat_gateway_id": "nat-01f5bbd9293cbc15e",
                "network_interface_id": "",
                "transit_gateway_id": "",
                "vpc_peering_connection_id": ""
              }
            ],
            "tags": {
              "Name": "csidriver3 private 2"
            },
            "vpc_id": "vpc-002dc6760e53ae27a"
          },
          "private": "bnVsbA==",
          "dependencies": [
            "module.cluster.aws_iam_role.cluster",
            "module.cluster.aws_iam_role.nodes",
            "module.cluster.aws_iam_role_policy_attachment.cluster_eks_cluster",
            "module.cluster.aws_iam_role_policy_attachment.cluster_eks_service",
            "module.cluster.aws_iam_role_policy_attachment.nodes_ecr",
            "module.cluster.aws_iam_role_policy_attachment.nodes_eks_cni",
            "module.cluster.aws_iam_role_policy_attachment.nodes_eks_worker",
            "module.cluster.aws_vpc.nodes",
            "module.cluster.data.aws_iam_policy_document.assume_ec2",
            "module.cluster.data.aws_iam_policy_document.assume_eks",
            "module.cluster.data.aws_partition.current"
          ],
          "create_before_destroy": true
        }
      ]
    },
    {
      "module": "module.cluster",
      "mode": "managed",
      "type": "aws_route_table",
      "name": "public",
      "provider": "provider[\"registry.terraform.io/hashicorp/aws\"]",
      "instances": [
        {
          "schema_version": 0,
          "attributes": {
            "id": "rtb-0487e18c6199c0254",
            "owner_id": "316441501734",
            "propagating_vgws": [],
            "route": [
              {
                "cidr_block": "0.0.0.0/0",
                "egress_only_gateway_id": "",
                "gateway_id": "igw-0fc50dacd61a1a9e9",
                "instance_id": "",
                "ipv6_cidr_block": "",
                "nat_gateway_id": "",
                "network_interface_id": "",
                "transit_gateway_id": "",
                "vpc_peering_connection_id": ""
              }
            ],
            "tags": {
              "Name": "csidriver3 public"
            },
            "vpc_id": "vpc-002dc6760e53ae27a"
          },
          "private": "bnVsbA==",
          "dependencies": [
            "module.cluster.aws_iam_role.cluster",
            "module.cluster.aws_iam_role.nodes",
            "module.cluster.aws_iam_role_policy_attachment.cluster_eks_cluster",
            "module.cluster.aws_iam_role_policy_attachment.cluster_eks_service",
            "module.cluster.aws_iam_role_policy_attachment.nodes_ecr",
            "module.cluster.aws_iam_role_policy_attachment.nodes_eks_cni",
            "module.cluster.aws_iam_role_policy_attachment.nodes_eks_worker",
            "module.cluster.aws_vpc.nodes",
            "module.cluster.data.aws_iam_policy_document.assume_ec2",
            "module.cluster.data.aws_iam_policy_document.assume_eks",
            "module.cluster.data.aws_partition.current"
          ],
          "create_before_destroy": true
        }
      ]
    },
    {
      "module": "module.cluster",
      "mode": "managed",
      "type": "aws_route_table_association",
      "name": "private",
      "provider": "provider[\"registry.terraform.io/hashicorp/aws\"]",
      "instances": [
        {
          "index_key": 0,
          "schema_version": 0,
          "attributes": {
            "gateway_id": null,
            "id": "rtbassoc-0cd6ac789dbe9a01e",
            "route_table_id": "rtb-09ab3f270cf84374a",
            "subnet_id": "subnet-0f8234ca7c200aaef"
          },
          "private": "bnVsbA==",
          "dependencies": [
            "module.cluster.aws_iam_role.cluster",
            "module.cluster.aws_iam_role.nodes",
            "module.cluster.aws_iam_role_policy_attachment.cluster_eks_cluster",
            "module.cluster.aws_iam_role_policy_attachment.cluster_eks_service",
            "module.cluster.aws_iam_role_policy_attachment.nodes_ecr",
            "module.cluster.aws_iam_role_policy_attachment.nodes_eks_cni",
            "module.cluster.aws_iam_role_policy_attachment.nodes_eks_worker",
            "module.cluster.aws_route_table.private",
            "module.cluster.aws_subnet.private",
            "module.cluster.aws_vpc.nodes",
            "module.cluster.data.aws_availability_zones.available",
            "module.cluster.data.aws_iam_policy_document.assume_ec2",
            "module.cluster.data.aws_iam_policy_document.assume_eks",
            "module.cluster.data.aws_partition.current"
          ],
          "create_before_destroy": true
        },
        {
          "index_key": 1,
          "schema_version": 0,
          "attributes": {
            "gateway_id": null,
            "id": "rtbassoc-0526ab4760a7a4ae6",
            "route_table_id": "rtb-0fe197ff98e11057f",
            "subnet_id": "subnet-0dbcfe11f9996dfe1"
          },
          "private": "bnVsbA==",
          "dependencies": [
            "module.cluster.aws_iam_role.cluster",
            "module.cluster.aws_iam_role.nodes",
            "module.cluster.aws_iam_role_policy_attachment.cluster_eks_cluster",
            "module.cluster.aws_iam_role_policy_attachment.cluster_eks_service",
            "module.cluster.aws_iam_role_policy_attachment.nodes_ecr",
            "module.cluster.aws_iam_role_policy_attachment.nodes_eks_cni",
            "module.cluster.aws_iam_role_policy_attachment.nodes_eks_worker",
            "module.cluster.aws_route_table.private",
            "module.cluster.aws_subnet.private",
            "module.cluster.aws_vpc.nodes",
            "module.cluster.data.aws_availability_zones.available",
            "module.cluster.data.aws_iam_policy_document.assume_ec2",
            "module.cluster.data.aws_iam_policy_document.assume_eks",
            "module.cluster.data.aws_partition.current"
          ],
          "create_before_destroy": true
        },
        {
          "index_key": 2,
          "schema_version": 0,
          "attributes": {
            "gateway_id": null,
            "id": "rtbassoc-0e543cf618970073e",
            "route_table_id": "rtb-09ff106eb05ab6036",
            "subnet_id": "subnet-0145f99f7dcf27d95"
          },
          "private": "bnVsbA==",
          "dependencies": [
            "module.cluster.aws_iam_role.cluster",
            "module.cluster.aws_iam_role.nodes",
            "module.cluster.aws_iam_role_policy_attachment.cluster_eks_cluster",
            "module.cluster.aws_iam_role_policy_attachment.cluster_eks_service",
            "module.cluster.aws_iam_role_policy_attachment.nodes_ecr",
            "module.cluster.aws_iam_role_policy_attachment.nodes_eks_cni",
            "module.cluster.aws_iam_role_policy_attachment.nodes_eks_worker",
            "module.cluster.aws_route_table.private",
            "module.cluster.aws_subnet.private",
            "module.cluster.aws_vpc.nodes",
            "module.cluster.data.aws_availability_zones.available",
            "module.cluster.data.aws_iam_policy_document.assume_ec2",
            "module.cluster.data.aws_iam_policy_document.assume_eks",
            "module.cluster.data.aws_partition.current"
          ],
          "create_before_destroy": true
        }
      ]
    },
    {
      "module": "module.cluster",
      "mode": "managed",
      "type": "aws_route_table_association",
      "name": "public",
      "provider": "provider[\"registry.terraform.io/hashicorp/aws\"]",
      "instances": [
        {
          "index_key": 0,
          "schema_version": 0,
          "attributes": {
            "gateway_id": null,
            "id": "rtbassoc-0d91e2385c9fad6c0",
            "route_table_id": "rtb-0487e18c6199c0254",
            "subnet_id": "subnet-0cf787fdf903233fa"
          },
          "private": "bnVsbA==",
          "dependencies": [
            "module.cluster.aws_iam_role.cluster",
            "module.cluster.aws_iam_role.nodes",
            "module.cluster.aws_iam_role_policy_attachment.cluster_eks_cluster",
            "module.cluster.aws_iam_role_policy_attachment.cluster_eks_service",
            "module.cluster.aws_iam_role_policy_attachment.nodes_ecr",
            "module.cluster.aws_iam_role_policy_attachment.nodes_eks_cni",
            "module.cluster.aws_iam_role_policy_attachment.nodes_eks_worker",
            "module.cluster.aws_route_table.public",
            "module.cluster.aws_subnet.public",
            "module.cluster.aws_vpc.nodes",
            "module.cluster.data.aws_availability_zones.available",
            "module.cluster.data.aws_iam_policy_document.assume_ec2",
            "module.cluster.data.aws_iam_policy_document.assume_eks",
            "module.cluster.data.aws_partition.current"
          ],
          "create_before_destroy": true
        },
        {
          "index_key": 1,
          "schema_version": 0,
          "attributes": {
            "gateway_id": null,
            "id": "rtbassoc-0b0b82b5453b4e881",
            "route_table_id": "rtb-0487e18c6199c0254",
            "subnet_id": "subnet-00825b0c22de929c7"
          },
          "private": "bnVsbA==",
          "dependencies": [
            "module.cluster.aws_iam_role.cluster",
            "module.cluster.aws_iam_role.nodes",
            "module.cluster.aws_iam_role_policy_attachment.cluster_eks_cluster",
            "module.cluster.aws_iam_role_policy_attachment.cluster_eks_service",
            "module.cluster.aws_iam_role_policy_attachment.nodes_ecr",
            "module.cluster.aws_iam_role_policy_attachment.nodes_eks_cni",
            "module.cluster.aws_iam_role_policy_attachment.nodes_eks_worker",
            "module.cluster.aws_route_table.public",
            "module.cluster.aws_subnet.public",
            "module.cluster.aws_vpc.nodes",
            "module.cluster.data.aws_availability_zones.available",
            "module.cluster.data.aws_iam_policy_document.assume_ec2",
            "module.cluster.data.aws_iam_policy_document.assume_eks",
            "module.cluster.data.aws_partition.current"
          ],
          "create_before_destroy": true
        },
        {
          "index_key": 2,
          "schema_version": 0,
          "attributes": {
            "gateway_id": null,
            "id": "rtbassoc-0ce8568e42f93fcb8",
            "route_table_id": "rtb-0487e18c6199c0254",
            "subnet_id": "subnet-07bc9c1de2671cbca"
          },
          "private": "bnVsbA==",
          "dependencies": [
            "module.cluster.aws_iam_role.cluster",
            "module.cluster.aws_iam_role.nodes",
            "module.cluster.aws_iam_role_policy_attachment.cluster_eks_cluster",
            "module.cluster.aws_iam_role_policy_attachment.cluster_eks_service",
            "module.cluster.aws_iam_role_policy_attachment.nodes_ecr",
            "module.cluster.aws_iam_role_policy_attachment.nodes_eks_cni",
            "module.cluster.aws_iam_role_policy_attachment.nodes_eks_worker",
            "module.cluster.aws_route_table.public",
            "module.cluster.aws_subnet.public",
            "module.cluster.aws_vpc.nodes",
            "module.cluster.data.aws_availability_zones.available",
            "module.cluster.data.aws_iam_policy_document.assume_ec2",
            "module.cluster.data.aws_iam_policy_document.assume_eks",
            "module.cluster.data.aws_partition.current"
          ],
          "create_before_destroy": true
        }
      ]
    },
    {
      "module": "module.cluster",
      "mode": "managed",
      "type": "aws_security_group",
      "name": "allow_eks_cluster",
      "provider": "provider[\"registry.terraform.io/hashicorp/aws\"]",
      "instances": [
        {
          "schema_version": 1,
          "attributes": {
            "arn": "arn:aws:ec2:us-east-1:316441501734:security-group/sg-0a3deb94b394ce114",
            "description": "This will allow the cluster to access this volume and use it.",
            "egress": [
              {
                "cidr_blocks": [
                  "0.0.0.0/0"
                ],
                "description": "",
                "from_port": 0,
                "ipv6_cidr_blocks": [],
                "prefix_list_ids": [],
                "protocol": "-1",
                "security_groups": [],
                "self": false,
                "to_port": 0
              }
            ],
            "id": "sg-0a3deb94b394ce114",
            "ingress": [
              {
                "cidr_blocks": [],
                "description": "NFS For EKS Cluster",
                "from_port": 2049,
                "ipv6_cidr_blocks": [],
                "prefix_list_ids": [],
                "protocol": "tcp",
                "security_groups": [
                  "sg-056b69476988f6a24"
                ],
                "self": false,
                "to_port": 2049
              }
            ],
            "name": "csidriver3",
            "name_prefix": null,
            "owner_id": "316441501734",
            "revoke_rules_on_delete": false,
            "tags": {
              "Name": "allow_tls"
            },
            "timeouts": null,
            "vpc_id": "vpc-002dc6760e53ae27a"
          },
          "private": "eyJlMmJmYjczMC1lY2FhLTExZTYtOGY4OC0zNDM2M2JjN2M0YzAiOnsiY3JlYXRlIjo2MDAwMDAwMDAwMDAsImRlbGV0ZSI6NjAwMDAwMDAwMDAwfSwic2NoZW1hX3ZlcnNpb24iOiIxIn0=",
          "dependencies": [
            "module.cluster.aws_eks_cluster.cluster",
            "module.cluster.aws_security_group.cluster",
            "module.cluster.aws_vpc.nodes"
          ]
        }
      ]
    },
    {
      "module": "module.cluster",
      "mode": "managed",
      "type": "aws_security_group",
      "name": "cluster",
      "provider": "provider[\"registry.terraform.io/hashicorp/aws\"]",
      "instances": [
        {
          "schema_version": 1,
          "attributes": {
            "arn": "arn:aws:ec2:us-east-1:316441501734:security-group/sg-056b69476988f6a24",
            "description": "csidriver3 cluster",
            "egress": [],
            "id": "sg-056b69476988f6a24",
            "ingress": [],
            "name": "csidriver3-cluster",
            "name_prefix": null,
            "owner_id": "316441501734",
            "revoke_rules_on_delete": false,
            "tags": {
              "Name": "csidriver3-cluster"
            },
            "timeouts": null,
            "vpc_id": "vpc-002dc6760e53ae27a"
          },
          "private": "eyJlMmJmYjczMC1lY2FhLTExZTYtOGY4OC0zNDM2M2JjN2M0YzAiOnsiY3JlYXRlIjo2MDAwMDAwMDAwMDAsImRlbGV0ZSI6NjAwMDAwMDAwMDAwfSwic2NoZW1hX3ZlcnNpb24iOiIxIn0=",
          "dependencies": [
            "module.cluster.aws_iam_role.cluster",
            "module.cluster.aws_iam_role.nodes",
            "module.cluster.aws_iam_role_policy_attachment.cluster_eks_cluster",
            "module.cluster.aws_iam_role_policy_attachment.cluster_eks_service",
            "module.cluster.aws_iam_role_policy_attachment.nodes_ecr",
            "module.cluster.aws_iam_role_policy_attachment.nodes_eks_cni",
            "module.cluster.aws_iam_role_policy_attachment.nodes_eks_worker",
            "module.cluster.aws_vpc.nodes",
            "module.cluster.data.aws_iam_policy_document.assume_ec2",
            "module.cluster.data.aws_iam_policy_document.assume_eks",
            "module.cluster.data.aws_partition.current"
          ],
          "create_before_destroy": true
        }
      ]
    },
    {
      "module": "module.cluster",
      "mode": "managed",
      "type": "aws_subnet",
      "name": "private",
      "provider": "provider[\"registry.terraform.io/hashicorp/aws\"]",
      "instances": [
        {
          "index_key": 0,
          "schema_version": 1,
          "attributes": {
            "arn": "arn:aws:ec2:us-east-1:316441501734:subnet/subnet-0f8234ca7c200aaef",
            "assign_ipv6_address_on_creation": false,
            "availability_zone": "us-east-1a",
            "availability_zone_id": "use1-az4",
            "cidr_block": "10.1.64.0/18",
            "id": "subnet-0f8234ca7c200aaef",
            "ipv6_cidr_block": "",
            "ipv6_cidr_block_association_id": "",
            "map_public_ip_on_launch": false,
            "outpost_arn": "",
            "owner_id": "316441501734",
            "tags": {
              "Name": "csidriver3 private 0",
              "kubernetes.io/cluster/csidriver3": "shared",
              "kubernetes.io/role/internal-elb": ""
            },
            "timeouts": null,
            "vpc_id": "vpc-002dc6760e53ae27a"
          },
          "private": "eyJlMmJmYjczMC1lY2FhLTExZTYtOGY4OC0zNDM2M2JjN2M0YzAiOnsiY3JlYXRlIjo2MDAwMDAwMDAwMDAsImRlbGV0ZSI6MTIwMDAwMDAwMDAwMH0sInNjaGVtYV92ZXJzaW9uIjoiMSJ9",
          "dependencies": [
            "module.cluster.aws_iam_role.cluster",
            "module.cluster.aws_iam_role.nodes",
            "module.cluster.aws_iam_role_policy_attachment.cluster_eks_cluster",
            "module.cluster.aws_iam_role_policy_attachment.cluster_eks_service",
            "module.cluster.aws_iam_role_policy_attachment.nodes_ecr",
            "module.cluster.aws_iam_role_policy_attachment.nodes_eks_cni",
            "module.cluster.aws_iam_role_policy_attachment.nodes_eks_worker",
            "module.cluster.aws_vpc.nodes",
            "module.cluster.data.aws_availability_zones.available",
            "module.cluster.data.aws_iam_policy_document.assume_ec2",
            "module.cluster.data.aws_iam_policy_document.assume_eks",
            "module.cluster.data.aws_partition.current"
          ],
          "create_before_destroy": true
        },
        {
          "index_key": 1,
          "schema_version": 1,
          "attributes": {
            "arn": "arn:aws:ec2:us-east-1:316441501734:subnet/subnet-0dbcfe11f9996dfe1",
            "assign_ipv6_address_on_creation": false,
            "availability_zone": "us-east-1b",
            "availability_zone_id": "use1-az6",
            "cidr_block": "10.1.128.0/18",
            "id": "subnet-0dbcfe11f9996dfe1",
            "ipv6_cidr_block": "",
            "ipv6_cidr_block_association_id": "",
            "map_public_ip_on_launch": false,
            "outpost_arn": "",
            "owner_id": "316441501734",
            "tags": {
              "Name": "csidriver3 private 1",
              "kubernetes.io/cluster/csidriver3": "shared",
              "kubernetes.io/role/internal-elb": ""
            },
            "timeouts": null,
            "vpc_id": "vpc-002dc6760e53ae27a"
          },
          "private": "eyJlMmJmYjczMC1lY2FhLTExZTYtOGY4OC0zNDM2M2JjN2M0YzAiOnsiY3JlYXRlIjo2MDAwMDAwMDAwMDAsImRlbGV0ZSI6MTIwMDAwMDAwMDAwMH0sInNjaGVtYV92ZXJzaW9uIjoiMSJ9",
          "dependencies": [
            "module.cluster.aws_iam_role.cluster",
            "module.cluster.aws_iam_role.nodes",
            "module.cluster.aws_iam_role_policy_attachment.cluster_eks_cluster",
            "module.cluster.aws_iam_role_policy_attachment.cluster_eks_service",
            "module.cluster.aws_iam_role_policy_attachment.nodes_ecr",
            "module.cluster.aws_iam_role_policy_attachment.nodes_eks_cni",
            "module.cluster.aws_iam_role_policy_attachment.nodes_eks_worker",
            "module.cluster.aws_vpc.nodes",
            "module.cluster.data.aws_availability_zones.available",
            "module.cluster.data.aws_iam_policy_document.assume_ec2",
            "module.cluster.data.aws_iam_policy_document.assume_eks",
            "module.cluster.data.aws_partition.current"
          ],
          "create_before_destroy": true
        },
        {
          "index_key": 2,
          "schema_version": 1,
          "attributes": {
            "arn": "arn:aws:ec2:us-east-1:316441501734:subnet/subnet-0145f99f7dcf27d95",
            "assign_ipv6_address_on_creation": false,
            "availability_zone": "us-east-1c",
            "availability_zone_id": "use1-az1",
            "cidr_block": "10.1.192.0/18",
            "id": "subnet-0145f99f7dcf27d95",
            "ipv6_cidr_block": "",
            "ipv6_cidr_block_association_id": "",
            "map_public_ip_on_launch": false,
            "outpost_arn": "",
            "owner_id": "316441501734",
            "tags": {
              "Name": "csidriver3 private 2",
              "kubernetes.io/cluster/csidriver3": "shared",
              "kubernetes.io/role/internal-elb": ""
            },
            "timeouts": null,
            "vpc_id": "vpc-002dc6760e53ae27a"
          },
          "private": "eyJlMmJmYjczMC1lY2FhLTExZTYtOGY4OC0zNDM2M2JjN2M0YzAiOnsiY3JlYXRlIjo2MDAwMDAwMDAwMDAsImRlbGV0ZSI6MTIwMDAwMDAwMDAwMH0sInNjaGVtYV92ZXJzaW9uIjoiMSJ9",
          "dependencies": [
            "module.cluster.aws_iam_role.cluster",
            "module.cluster.aws_iam_role.nodes",
            "module.cluster.aws_iam_role_policy_attachment.cluster_eks_cluster",
            "module.cluster.aws_iam_role_policy_attachment.cluster_eks_service",
            "module.cluster.aws_iam_role_policy_attachment.nodes_ecr",
            "module.cluster.aws_iam_role_policy_attachment.nodes_eks_cni",
            "module.cluster.aws_iam_role_policy_attachment.nodes_eks_worker",
            "module.cluster.aws_vpc.nodes",
            "module.cluster.data.aws_availability_zones.available",
            "module.cluster.data.aws_iam_policy_document.assume_ec2",
            "module.cluster.data.aws_iam_policy_document.assume_eks",
            "module.cluster.data.aws_partition.current"
          ],
          "create_before_destroy": true
        }
      ]
    },
    {
      "module": "module.cluster",
      "mode": "managed",
      "type": "aws_subnet",
      "name": "public",
      "provider": "provider[\"registry.terraform.io/hashicorp/aws\"]",
      "instances": [
        {
          "index_key": 0,
          "schema_version": 1,
          "attributes": {
            "arn": "arn:aws:ec2:us-east-1:316441501734:subnet/subnet-0cf787fdf903233fa",
            "assign_ipv6_address_on_creation": false,
            "availability_zone": "us-east-1a",
            "availability_zone_id": "use1-az4",
            "cidr_block": "10.1.0.0/20",
            "id": "subnet-0cf787fdf903233fa",
            "ipv6_cidr_block": "",
            "ipv6_cidr_block_association_id": "",
            "map_public_ip_on_launch": false,
            "outpost_arn": "",
            "owner_id": "316441501734",
            "tags": {
              "Name": "csidriver3 public 0",
              "kubernetes.io/cluster/csidriver3": "shared",
              "kubernetes.io/role/elb": ""
            },
            "timeouts": null,
            "vpc_id": "vpc-002dc6760e53ae27a"
          },
          "private": "eyJlMmJmYjczMC1lY2FhLTExZTYtOGY4OC0zNDM2M2JjN2M0YzAiOnsiY3JlYXRlIjo2MDAwMDAwMDAwMDAsImRlbGV0ZSI6MTIwMDAwMDAwMDAwMH0sInNjaGVtYV92ZXJzaW9uIjoiMSJ9",
          "dependencies": [
            "module.cluster.aws_iam_role.cluster",
            "module.cluster.aws_iam_role.nodes",
            "module.cluster.aws_iam_role_policy_attachment.cluster_eks_cluster",
            "module.cluster.aws_iam_role_policy_attachment.cluster_eks_service",
            "module.cluster.aws_iam_role_policy_attachment.nodes_ecr",
            "module.cluster.aws_iam_role_policy_attachment.nodes_eks_cni",
            "module.cluster.aws_iam_role_policy_attachment.nodes_eks_worker",
            "module.cluster.aws_vpc.nodes",
            "module.cluster.data.aws_availability_zones.available",
            "module.cluster.data.aws_iam_policy_document.assume_ec2",
            "module.cluster.data.aws_iam_policy_document.assume_eks",
            "module.cluster.data.aws_partition.current"
          ],
          "create_before_destroy": true
        },
        {
          "index_key": 1,
          "schema_version": 1,
          "attributes": {
            "arn": "arn:aws:ec2:us-east-1:316441501734:subnet/subnet-00825b0c22de929c7",
            "assign_ipv6_address_on_creation": false,
            "availability_zone": "us-east-1b",
            "availability_zone_id": "use1-az6",
            "cidr_block": "10.1.16.0/20",
            "id": "subnet-00825b0c22de929c7",
            "ipv6_cidr_block": "",
            "ipv6_cidr_block_association_id": "",
            "map_public_ip_on_launch": false,
            "outpost_arn": "",
            "owner_id": "316441501734",
            "tags": {
              "Name": "csidriver3 public 1",
              "kubernetes.io/cluster/csidriver3": "shared",
              "kubernetes.io/role/elb": ""
            },
            "timeouts": null,
            "vpc_id": "vpc-002dc6760e53ae27a"
          },
          "private": "eyJlMmJmYjczMC1lY2FhLTExZTYtOGY4OC0zNDM2M2JjN2M0YzAiOnsiY3JlYXRlIjo2MDAwMDAwMDAwMDAsImRlbGV0ZSI6MTIwMDAwMDAwMDAwMH0sInNjaGVtYV92ZXJzaW9uIjoiMSJ9",
          "dependencies": [
            "module.cluster.aws_iam_role.cluster",
            "module.cluster.aws_iam_role.nodes",
            "module.cluster.aws_iam_role_policy_attachment.cluster_eks_cluster",
            "module.cluster.aws_iam_role_policy_attachment.cluster_eks_service",
            "module.cluster.aws_iam_role_policy_attachment.nodes_ecr",
            "module.cluster.aws_iam_role_policy_attachment.nodes_eks_cni",
            "module.cluster.aws_iam_role_policy_attachment.nodes_eks_worker",
            "module.cluster.aws_vpc.nodes",
            "module.cluster.data.aws_availability_zones.available",
            "module.cluster.data.aws_iam_policy_document.assume_ec2",
            "module.cluster.data.aws_iam_policy_document.assume_eks",
            "module.cluster.data.aws_partition.current"
          ],
          "create_before_destroy": true
        },
        {
          "index_key": 2,
          "schema_version": 1,
          "attributes": {
            "arn": "arn:aws:ec2:us-east-1:316441501734:subnet/subnet-07bc9c1de2671cbca",
            "assign_ipv6_address_on_creation": false,
            "availability_zone": "us-east-1c",
            "availability_zone_id": "use1-az1",
            "cidr_block": "10.1.32.0/20",
            "id": "subnet-07bc9c1de2671cbca",
            "ipv6_cidr_block": "",
            "ipv6_cidr_block_association_id": "",
            "map_public_ip_on_launch": false,
            "outpost_arn": "",
            "owner_id": "316441501734",
            "tags": {
              "Name": "csidriver3 public 2",
              "kubernetes.io/cluster/csidriver3": "shared",
              "kubernetes.io/role/elb": ""
            },
            "timeouts": null,
            "vpc_id": "vpc-002dc6760e53ae27a"
          },
          "private": "eyJlMmJmYjczMC1lY2FhLTExZTYtOGY4OC0zNDM2M2JjN2M0YzAiOnsiY3JlYXRlIjo2MDAwMDAwMDAwMDAsImRlbGV0ZSI6MTIwMDAwMDAwMDAwMH0sInNjaGVtYV92ZXJzaW9uIjoiMSJ9",
          "dependencies": [
            "module.cluster.aws_iam_role.cluster",
            "module.cluster.aws_iam_role.nodes",
            "module.cluster.aws_iam_role_policy_attachment.cluster_eks_cluster",
            "module.cluster.aws_iam_role_policy_attachment.cluster_eks_service",
            "module.cluster.aws_iam_role_policy_attachment.nodes_ecr",
            "module.cluster.aws_iam_role_policy_attachment.nodes_eks_cni",
            "module.cluster.aws_iam_role_policy_attachment.nodes_eks_worker",
            "module.cluster.aws_vpc.nodes",
            "module.cluster.data.aws_availability_zones.available",
            "module.cluster.data.aws_iam_policy_document.assume_ec2",
            "module.cluster.data.aws_iam_policy_document.assume_eks",
            "module.cluster.data.aws_partition.current"
          ],
          "create_before_destroy": true
        }
      ]
    },
    {
      "module": "module.cluster",
      "mode": "managed",
      "type": "aws_vpc",
      "name": "nodes",
      "provider": "provider[\"registry.terraform.io/hashicorp/aws\"]",
      "instances": [
        {
          "schema_version": 1,
          "attributes": {
            "arn": "arn:aws:ec2:us-east-1:316441501734:vpc/vpc-002dc6760e53ae27a",
            "assign_generated_ipv6_cidr_block": false,
            "cidr_block": "10.1.0.0/16",
            "default_network_acl_id": "acl-08fa974e057375d62",
            "default_route_table_id": "rtb-0e4187c829c0d56d9",
            "default_security_group_id": "sg-01c079c6a0f1fe858",
            "dhcp_options_id": "dopt-7caf4b06",
            "enable_classiclink": false,
            "enable_classiclink_dns_support": false,
            "enable_dns_hostnames": true,
            "enable_dns_support": true,
            "id": "vpc-002dc6760e53ae27a",
            "instance_tenancy": "default",
            "ipv6_association_id": "",
            "ipv6_cidr_block": "",
            "main_route_table_id": "rtb-0e4187c829c0d56d9",
            "owner_id": "316441501734",
            "tags": {
              "Name": "csidriver3",
              "kubernetes.io/cluster/csidriver3": "shared"
            }
          },
          "private": "eyJzY2hlbWFfdmVyc2lvbiI6IjEifQ==",
          "dependencies": [
            "module.cluster.aws_iam_role.cluster",
            "module.cluster.aws_iam_role.nodes",
            "module.cluster.aws_iam_role_policy_attachment.cluster_eks_cluster",
            "module.cluster.aws_iam_role_policy_attachment.cluster_eks_service",
            "module.cluster.aws_iam_role_policy_attachment.nodes_ecr",
            "module.cluster.aws_iam_role_policy_attachment.nodes_eks_cni",
            "module.cluster.aws_iam_role_policy_attachment.nodes_eks_worker",
            "module.cluster.data.aws_iam_policy_document.assume_ec2",
            "module.cluster.data.aws_iam_policy_document.assume_eks",
            "module.cluster.data.aws_partition.current"
          ],
          "create_before_destroy": true
        }
      ]
    },
    {
      "module": "module.cluster",
      "mode": "managed",
      "type": "kubernetes_cluster_role",
      "name": "autoscaler",
      "provider": "module.cluster.provider[\"registry.terraform.io/hashicorp/kubernetes\"]",
      "instances": [
        {
          "schema_version": 0,
          "attributes": {
            "aggregation_rule": [],
            "id": "cluster-autoscaler",
            "metadata": [
              {
                "annotations": {},
                "generation": 0,
                "labels": {
                  "k8s-addon": "cluster-autoscaler.addons.k8s.io",
                  "k8s-app": "cluster-autoscaler"
                },
                "name": "cluster-autoscaler",
                "resource_version": "4053",
                "self_link": "/apis/rbac.authorization.k8s.io/v1/clusterroles/cluster-autoscaler",
                "uid": "16b95eee-e955-42f5-b5e1-69d8274d9f45"
              }
            ],
            "rule": [
              {
                "api_groups": [
                  ""
                ],
                "non_resource_urls": [],
                "resource_names": [],
                "resources": [
                  "events",
                  "endpoints"
                ],
                "verbs": [
                  "create",
                  "patch"
                ]
              },
              {
                "api_groups": [
                  ""
                ],
                "non_resource_urls": [],
                "resource_names": [],
                "resources": [
                  "pods/eviction"
                ],
                "verbs": [
                  "create"
                ]
              },
              {
                "api_groups": [
                  ""
                ],
                "non_resource_urls": [],
                "resource_names": [],
                "resources": [
                  "pods/status"
                ],
                "verbs": [
                  "update"
                ]
              },
              {
                "api_groups": [
                  ""
                ],
                "non_resource_urls": [],
                "resource_names": [
                  "cluster-autoscaler"
                ],
                "resources": [
                  "endpoints"
                ],
                "verbs": [
                  "get",
                  "update"
                ]
              },
              {
                "api_groups": [
                  ""
                ],
                "non_resource_urls": [],
                "resource_names": [],
                "resources": [
                  "nodes"
                ],
                "verbs": [
                  "watch",
                  "list",
                  "get",
                  "update"
                ]
              },
              {
                "api_groups": [
                  ""
                ],
                "non_resource_urls": [],
                "resource_names": [],
                "resources": [
                  "pods",
                  "services",
                  "replicationcontrollers",
                  "persistentvolumeclaims",
                  "persistentvolumes"
                ],
                "verbs": [
                  "watch",
                  "list",
                  "get"
                ]
              },
              {
                "api_groups": [
                  "extensions"
                ],
                "non_resource_urls": [],
                "resource_names": [],
                "resources": [
                  "replicasets",
                  "daemonsets"
                ],
                "verbs": [
                  "watch",
                  "list",
                  "get"
                ]
              },
              {
                "api_groups": [
                  "policy"
                ],
                "non_resource_urls": [],
                "resource_names": [],
                "resources": [
                  "poddisruptionbudgets"
                ],
                "verbs": [
                  "watch",
                  "list"
                ]
              },
              {
                "api_groups": [
                  "apps"
                ],
                "non_resource_urls": [],
                "resource_names": [],
                "resources": [
                  "statefulsets",
                  "replicasets",
                  "daemonsets"
                ],
                "verbs": [
                  "watch",
                  "list",
                  "get"
                ]
              },
              {
                "api_groups": [
                  "storage.k8s.io"
                ],
                "non_resource_urls": [],
                "resource_names": [],
                "resources": [
                  "storageclasses",
                  "csinodes"
                ],
                "verbs": [
                  "watch",
                  "list",
                  "get"
                ]
              },
              {
                "api_groups": [
                  "batch",
                  "extensions"
                ],
                "non_resource_urls": [],
                "resource_names": [],
                "resources": [
                  "jobs"
                ],
                "verbs": [
                  "get",
                  "list",
                  "watch",
                  "patch"
                ]
              },
              {
                "api_groups": [
                  "coordination.k8s.io"
                ],
                "non_resource_urls": [],
                "resource_names": [],
                "resources": [
                  "leases"
                ],
                "verbs": [
                  "create"
                ]
              },
              {
                "api_groups": [
                  "coordination.k8s.io"
                ],
                "non_resource_urls": [],
                "resource_names": [
                  "cluster-autoscaler"
                ],
                "resources": [
                  "leases"
                ],
                "verbs": [
                  "get",
                  "update"
                ]
              }
            ]
          },
          "private": "bnVsbA==",
          "dependencies": [
            "module.cluster.aws_eks_cluster.cluster",
            "module.cluster.data.aws_eks_cluster_auth.cluster"
          ]
        }
      ]
    },
    {
      "module": "module.cluster",
      "mode": "managed",
      "type": "kubernetes_cluster_role_binding",
      "name": "autoscaler",
      "provider": "module.cluster.provider[\"registry.terraform.io/hashicorp/kubernetes\"]",
      "instances": [
        {
          "schema_version": 0,
          "attributes": {
            "id": "cluster-autoscaler",
            "metadata": [
              {
                "annotations": {},
                "generation": 0,
                "labels": {
                  "k8s-addon": "cluster-autoscaler.addons.k8s.io",
                  "k8s-app": "cluster-autoscaler"
                },
                "name": "cluster-autoscaler",
                "resource_version": "4057",
                "self_link": "/apis/rbac.authorization.k8s.io/v1/clusterrolebindings/cluster-autoscaler",
                "uid": "e7031b0f-6903-4e3b-982f-19c36fb6228e"
              }
            ],
            "role_ref": [
              {
                "api_group": "rbac.authorization.k8s.io",
                "kind": "ClusterRole",
                "name": "cluster-autoscaler"
              }
            ],
            "subject": [
              {
                "api_group": "",
                "kind": "ServiceAccount",
                "name": "cluster-autoscaler",
                "namespace": "kube-system"
              }
            ]
          },
          "private": "bnVsbA==",
          "dependencies": [
            "module.cluster.aws_eks_cluster.cluster",
            "module.cluster.data.aws_eks_cluster_auth.cluster"
          ]
        }
      ]
    },
    {
      "module": "module.cluster",
      "mode": "managed",
      "type": "kubernetes_cluster_role_binding",
      "name": "efs_role_binding",
      "provider": "module.cluster.provider[\"registry.terraform.io/hashicorp/kubernetes\"]",
      "instances": [
        {
          "schema_version": 0,
          "attributes": {
            "id": "efs_role_binding",
            "metadata": [
              {
                "annotations": {},
                "generation": 0,
                "labels": {},
                "name": "efs_role_binding",
                "resource_version": "528845",
                "self_link": "/apis/rbac.authorization.k8s.io/v1/clusterrolebindings/efs_role_binding",
                "uid": "aa64d0b7-8d55-4587-af88-05e05e2e3f1e"
              }
            ],
            "role_ref": [
              {
                "api_group": "rbac.authorization.k8s.io",
                "kind": "ClusterRole",
                "name": "cluster-admin"
              }
            ],
            "subject": [
              {
                "api_group": "",
                "kind": "ServiceAccount",
                "name": "default",
                "namespace": "default"
              }
            ]
          },
          "private": "bnVsbA==",
          "dependencies": [
            "module.cluster.aws_eks_cluster.cluster",
            "module.cluster.data.aws_eks_cluster_auth.cluster"
          ]
        }
      ]
    },
    {
      "module": "module.cluster",
      "mode": "managed",
      "type": "kubernetes_deployment",
      "name": "autoscaler",
      "provider": "module.cluster.provider[\"registry.terraform.io/hashicorp/kubernetes\"]",
      "instances": [
        {
          "schema_version": 0,
          "attributes": {
            "id": "kube-system/cluster-autoscaler",
            "metadata": [
              {
                "annotations": {},
                "generate_name": "",
                "generation": 1,
                "labels": {
                  "app": "cluster-autoscaler"
                },
                "name": "cluster-autoscaler",
                "namespace": "kube-system",
                "resource_version": "4153",
                "self_link": "/apis/apps/v1/namespaces/kube-system/deployments/cluster-autoscaler",
                "uid": "8cc9c628-3d2b-4531-8021-fc3a10441df5"
              }
            ],
            "spec": [
              {
                "min_ready_seconds": 0,
                "paused": false,
                "progress_deadline_seconds": 600,
                "replicas": 1,
                "revision_history_limit": 10,
                "selector": [
                  {
                    "match_expressions": [],
                    "match_labels": {
                      "app": "cluster-autoscaler"
                    }
                  }
                ],
                "strategy": [
                  {
                    "rolling_update": [
                      {
                        "max_surge": "25%",
                        "max_unavailable": "25%"
                      }
                    ],
                    "type": "RollingUpdate"
                  }
                ],
                "template": [
                  {
                    "metadata": [
                      {
                        "annotations": {
                          "cluster-autoscaler.kubernetes.io/safe-to-evict": "false",
                          "prometheus.io/port": "8085",
                          "prometheus.io/scrape": "true"
                        },
                        "generate_name": "",
                        "generation": 0,
                        "labels": {
                          "app": "cluster-autoscaler"
                        },
                        "name": "",
                        "namespace": "",
                        "resource_version": "",
                        "self_link": "",
                        "uid": ""
                      }
                    ],
                    "spec": [
                      {
                        "active_deadline_seconds": 0,
                        "affinity": [],
                        "automount_service_account_token": true,
                        "container": [
                          {
                            "args": [],
                            "command": [
                              "./cluster-autoscaler",
                              "--v=4",
                              "--stderrthreshold=info",
                              "--cloud-provider=aws",
                              "--skip-nodes-with-local-storage=false",
                              "--expander=least-waste",
                              "--node-group-auto-discovery=asg:tag=k8s.io/cluster-autoscaler/enabled,k8s.io/cluster-autoscaler/csidriver3",
                              "--balance-similar-node-groups",
                              "--skip-nodes-with-system-pods=false"
                            ],
                            "env": [],
                            "env_from": [],
                            "image": "k8s.gcr.io/cluster-autoscaler:v1.14.7",
                            "image_pull_policy": "Always",
                            "lifecycle": [],
                            "liveness_probe": [],
                            "name": "cluster-autoscaler",
                            "port": [],
                            "readiness_probe": [],
                            "resources": [
                              {
                                "limits": [
                                  {
                                    "cpu": "100m",
                                    "memory": "300Mi"
                                  }
                                ],
                                "requests": [
                                  {
                                    "cpu": "100m",
                                    "memory": "300Mi"
                                  }
                                ]
                              }
                            ],
                            "security_context": [],
                            "startup_probe": [],
                            "stdin": false,
                            "stdin_once": false,
                            "termination_message_path": "/dev/termination-log",
                            "termination_message_policy": "File",
                            "tty": false,
                            "volume_mount": [
                              {
                                "mount_path": "/etc/ssl/certs/ca-certificates.crt",
                                "mount_propagation": "None",
                                "name": "ssl-certs",
                                "read_only": true,
                                "sub_path": ""
                              }
                            ],
                            "working_dir": ""
                          }
                        ],
                        "dns_config": [],
                        "dns_policy": "ClusterFirst",
                        "enable_service_links": true,
                        "host_aliases": [],
                        "host_ipc": false,
                        "host_network": false,
                        "host_pid": false,
                        "hostname": "",
                        "image_pull_secrets": [],
                        "init_container": [],
                        "node_name": "",
                        "node_selector": {},
                        "priority_class_name": "system-cluster-critical",
                        "readiness_gate": [],
                        "restart_policy": "Always",
                        "security_context": [],
                        "service_account_name": "cluster-autoscaler",
                        "share_process_namespace": false,
                        "subdomain": "",
                        "termination_grace_period_seconds": 30,
                        "toleration": [],
                        "volume": [
                          {
                            "aws_elastic_block_store": [],
                            "azure_disk": [],
                            "azure_file": [],
                            "ceph_fs": [],
                            "cinder": [],
                            "config_map": [],
                            "csi": [],
                            "downward_api": [],
                            "empty_dir": [],
                            "fc": [],
                            "flex_volume": [],
                            "flocker": [],
                            "gce_persistent_disk": [],
                            "git_repo": [],
                            "glusterfs": [],
                            "host_path": [
                              {
                                "path": "/etc/ssl/certs/ca-bundle.crt",
                                "type": ""
                              }
                            ],
                            "iscsi": [],
                            "local": [],
                            "name": "ssl-certs",
                            "nfs": [],
                            "persistent_volume_claim": [],
                            "photon_persistent_disk": [],
                            "projected": [],
                            "quobyte": [],
                            "rbd": [],
                            "secret": [],
                            "vsphere_volume": []
                          }
                        ]
                      }
                    ]
                  }
                ]
              }
            ],
            "timeouts": null,
            "wait_for_rollout": true
          },
          "private": "eyJlMmJmYjczMC1lY2FhLTExZTYtOGY4OC0zNDM2M2JjN2M0YzAiOnsiY3JlYXRlIjo2MDAwMDAwMDAwMDAsImRlbGV0ZSI6NjAwMDAwMDAwMDAwLCJ1cGRhdGUiOjYwMDAwMDAwMDAwMH19",
          "dependencies": [
            "module.cluster.aws_eks_cluster.cluster",
            "module.cluster.aws_iam_role_policy.autoscaler_autoscale",
            "module.cluster.data.aws_eks_cluster_auth.cluster"
          ]
        }
      ]
    },
    {
      "module": "module.cluster",
      "mode": "managed",
      "type": "kubernetes_role",
      "name": "autoscaler",
      "provider": "module.cluster.provider[\"registry.terraform.io/hashicorp/kubernetes\"]",
      "instances": [
        {
          "schema_version": 0,
          "attributes": {
            "id": "kube-system/cluster-autoscaler",
            "metadata": [
              {
                "annotations": {},
                "generate_name": "",
                "generation": 0,
                "labels": {
                  "k8s-addon": "cluster-autoscaler.addons.k8s.io",
                  "k8s-app": "cluster-autoscaler"
                },
                "name": "cluster-autoscaler",
                "namespace": "kube-system",
                "resource_version": "4056",
                "self_link": "/apis/rbac.authorization.k8s.io/v1/namespaces/kube-system/roles/cluster-autoscaler",
                "uid": "ee238b2e-d241-4d26-b9c7-0d08766e406d"
              }
            ],
            "rule": [
              {
                "api_groups": [
                  ""
                ],
                "resource_names": [],
                "resources": [
                  "configmaps"
                ],
                "verbs": [
                  "create",
                  "list",
                  "watch"
                ]
              },
              {
                "api_groups": [
                  ""
                ],
                "resource_names": [
                  "cluster-autoscaler-priority-expander",
                  "cluster-autoscaler-status"
                ],
                "resources": [
                  "configmaps"
                ],
                "verbs": [
                  "delete",
                  "get",
                  "update",
                  "watch"
                ]
              }
            ]
          },
          "private": "bnVsbA==",
          "dependencies": [
            "module.cluster.aws_eks_cluster.cluster",
            "module.cluster.data.aws_eks_cluster_auth.cluster"
          ]
        }
      ]
    },
    {
      "module": "module.cluster",
      "mode": "managed",
      "type": "kubernetes_role_binding",
      "name": "autoscaler",
      "provider": "module.cluster.provider[\"registry.terraform.io/hashicorp/kubernetes\"]",
      "instances": [
        {
          "schema_version": 0,
          "attributes": {
            "id": "kube-system/cluster-autoscaler",
            "metadata": [
              {
                "annotations": {},
                "generation": 0,
                "labels": {
                  "k8s-addon": "cluster-autoscaler.addons.k8s.io",
                  "k8s-app": "cluster-autoscaler"
                },
                "name": "cluster-autoscaler",
                "namespace": "kube-system",
                "resource_version": "4054",
                "self_link": "/apis/rbac.authorization.k8s.io/v1/namespaces/kube-system/rolebindings/cluster-autoscaler",
                "uid": "7e0a2824-bcb9-44db-96a8-c2ada4d0e33e"
              }
            ],
            "role_ref": [
              {
                "api_group": "rbac.authorization.k8s.io",
                "kind": "Role",
                "name": "cluster-autoscaler"
              }
            ],
            "subject": [
              {
                "api_group": "",
                "kind": "ServiceAccount",
                "name": "cluster-autoscaler",
                "namespace": "kube-system"
              }
            ]
          },
          "private": "bnVsbA==",
          "dependencies": [
            "module.cluster.aws_eks_cluster.cluster",
            "module.cluster.data.aws_eks_cluster_auth.cluster"
          ]
        }
      ]
    },
    {
      "module": "module.cluster",
      "mode": "managed",
      "type": "kubernetes_service_account",
      "name": "autoscaler",
      "provider": "module.cluster.provider[\"registry.terraform.io/hashicorp/kubernetes\"]",
      "instances": [
        {
          "schema_version": 0,
          "attributes": {
            "automount_service_account_token": false,
            "default_secret_name": "cluster-autoscaler-token-nv7dj",
            "id": "kube-system/cluster-autoscaler",
            "image_pull_secret": [],
            "metadata": [
              {
                "annotations": {
                  "eks.amazonaws.com/role-arn": "arn:aws:iam::316441501734:role/convox/csidriver3-autoscaler"
                },
                "generate_name": "",
                "generation": 0,
                "labels": {
                  "k8s-addon": "cluster-autoscaler.addons.k8s.io",
                  "k8s-app": "cluster-autoscaler"
                },
                "name": "cluster-autoscaler",
                "namespace": "kube-system",
                "resource_version": "4059",
                "self_link": "/api/v1/namespaces/kube-system/serviceaccounts/cluster-autoscaler",
                "uid": "c059096b-1eaf-4072-8c8d-565d168cc054"
              }
            ],
            "secret": [],
            "timeouts": null
          },
          "private": "eyJlMmJmYjczMC1lY2FhLTExZTYtOGY4OC0zNDM2M2JjN2M0YzAiOnsiY3JlYXRlIjozMDAwMDAwMDAwMH19",
          "dependencies": [
            "module.cluster.aws_eks_cluster.cluster",
            "module.cluster.aws_iam_role.autoscaler",
            "module.cluster.data.aws_eks_cluster_auth.cluster"
          ]
        }
      ]
    },
    {
      "module": "module.cluster",
      "mode": "managed",
      "type": "kubernetes_service_account",
      "name": "efs_service_account",
      "provider": "module.cluster.provider[\"registry.terraform.io/hashicorp/kubernetes\"]",
      "instances": [
        {
          "schema_version": 0,
          "attributes": {
            "automount_service_account_token": false,
            "default_secret_name": "efs-csi-controller-sa-token-7qlrn",
            "id": "kube-system/efs-csi-controller-sa",
            "image_pull_secret": [],
            "metadata": [
              {
                "annotations": {
                  "eks.amazonaws.com/role-arn": "arn:aws:iam::316441501734:role/csidriver3-efs"
                },
                "generate_name": "",
                "generation": 0,
                "labels": {
                  "app.kubernetes.io/name": "aws-efs-csi-driver"
                },
                "name": "efs-csi-controller-sa",
                "namespace": "kube-system",
                "resource_version": "517494",
                "self_link": "/api/v1/namespaces/kube-system/serviceaccounts/efs-csi-controller-sa",
                "uid": "dc7aed0d-1f04-4222-a475-378ac91eed86"
              }
            ],
            "secret": [],
            "timeouts": null
          },
          "private": "eyJlMmJmYjczMC1lY2FhLTExZTYtOGY4OC0zNDM2M2JjN2M0YzAiOnsiY3JlYXRlIjozMDAwMDAwMDAwMH19",
          "dependencies": [
            "module.cluster.aws_eks_cluster.cluster",
            "module.cluster.aws_iam_role.efs_role",
            "module.cluster.data.aws_eks_cluster_auth.cluster"
          ]
        }
      ]
    },
    {
      "module": "module.cluster",
      "mode": "managed",
      "type": "kubernetes_storage_class",
      "name": "volumes_storage_class",
      "provider": "module.cluster.provider[\"registry.terraform.io/hashicorp/kubernetes\"]",
      "instances": [
        {
          "schema_version": 0,
          "attributes": {
            "allow_volume_expansion": true,
            "id": "convox-volumes-storage-class",
            "metadata": [
              {
                "annotations": {
                  "storageclass.kubernetes.io/is-default-class": "true"
                },
                "generate_name": "",
                "generation": 0,
                "labels": {},
                "name": "convox-volumes-storage-class",
                "resource_version": "450107",
                "self_link": "/apis/storage.k8s.io/v1/storageclasses/convox-volumes-storage-class",
                "uid": "f560fd88-ba30-474d-8712-f6dee8c04ed2"
              }
            ],
            "mount_options": [],
            "parameters": {
              "directoryPerms": "700",
              "fileSystemId": "fs-1c56ada8",
              "provisioningMode": "efs-ap"
            },
            "reclaim_policy": "Retain",
            "storage_provisioner": "efs.csi.aws.com",
            "volume_binding_mode": "Immediate"
          },
          "private": "bnVsbA==",
          "dependencies": [
            "module.cluster.aws_efs_file_system.efs_data",
            "module.cluster.aws_eks_cluster.cluster",
            "module.cluster.aws_eks_node_group.cluster",
            "module.cluster.data.aws_eks_cluster_auth.cluster"
          ]
        }
      ]
    },
    {
      "module": "module.cluster",
      "mode": "managed",
      "type": "local_file",
      "name": "kubeconfig",
      "provider": "provider[\"registry.terraform.io/hashicorp/local\"]",
      "instances": [
        {
          "schema_version": 0,
          "attributes": {
            "content": "apiVersion: v1\nclusters:\n- cluster:\n    server: https://FC6C2BB7063D2F43599C0718409C6A94.sk1.us-east-1.eks.amazonaws.com\n    certificate-authority-data: LS0tLS1CRUdJTiBDRVJUSUZJQ0FURS0tLS0tCk1JSUN5RENDQWJDZ0F3SUJBZ0lCQURBTkJna3Foa2lHOXcwQkFRc0ZBREFWTVJNd0VRWURWUVFERXdwcmRXSmwKY201bGRHVnpNQjRYRFRJeE1EUXhPVEUxTXpjeE9Wb1hEVE14TURReE56RTFNemN4T1Zvd0ZURVRNQkVHQTFVRQpBeE1LYTNWaVpYSnVaWFJsY3pDQ0FTSXdEUVlKS29aSWh2Y05BUUVCQlFBRGdnRVBBRENDQVFvQ2dnRUJBS0tNCjRXTDQxUUE5cHZZRlNOY2FIM3BRbWkxMEQrMytlVG5TdFZrSDAzcVdjeE9OWXowSkRtdXhsWXZ6TzdHU3Brc3IKREpJcVluOEFxRmZZUURrVGFiUUtqYlJITjM5aUFuM2MvZk5nQ1d2b1RiL1YyUUpMT0FXYnlSelI1RVpuMGZvRApWVS9QaXd4dXJPUHdicnh0NEswS1lMa2xuN1llS1lwWThZRytxUnhlWWZIWGNDY2pXTEx3WlRtRGFZUGtKZU1zCmRZdTdkMGNOMUdNcW1tcEJKNDFqYkdTY1ZNeEphUFY5ZVIzUWJTVlNzZWNHVHJDRE83SmdmdUJiS0l4NU10MVgKQ3ZDUUZnVkl5dVRNNjQ5c3kyUjdkR1ZZdXkvcTQ1OWdZcnlkbHhueDJ6eHJSekxGQ2pvN0F0Y2pLalRFTWxjRwpZR00yM2hlWXlRUWVCRGZBaFhjQ0F3RUFBYU1qTUNFd0RnWURWUjBQQVFIL0JBUURBZ0trTUE4R0ExVWRFd0VCCi93UUZNQU1CQWY4d0RRWUpLb1pJaHZjTkFRRUxCUUFEZ2dFQkFKZk0vaG9qWVllSUdZRzdTMXc4RUtIZ0FqMXYKbWJjMzgrbmxBRWt1NUk0RGo2Y3pwSG8wWUdjWVpuc0hYdUc0UG4zMnpTUXg4U2tzb2JiUHU1TkVZVENYak1JTgp6QzJiejhpTXNsS0VJS1lOYUY4WTMySlVzSGJmRm5QOFc1aUljN1pqcHhvZTJmbzMvcEsxd20yS3VRajRpQk1XCkNEYjgySlNkT0dJQmlFUFQvK0FIZ2haVDJjb0J4Y2RXdTJnN2F5WTVHZ2xnWDZhVnFWa0IyU3Q0Q2ZxNGpwNkcKeFVkMjNkSFVaQ2FZcndaNG9ucGl4VXdtSmxFaEFiU1I1L3NqYlRvY2NaZGtYYlJuc2J3Q3hub21SWU05eGJVVApUeEdqWithU1RaRjF3UElzaGRCQVM1aU1oZWo3ZTJraXZKTHc1NFd4NFdKUHVNVzZ4UHNmbWlBbGJsQT0KLS0tLS1FTkQgQ0VSVElGSUNBVEUtLS0tLQo=\n  name: kubernetes\ncontexts:\n- context:\n    cluster: kubernetes\n    user: aws\n  name: aws\ncurrent-context: aws\nkind: Config\npreferences: {}\nusers:\n- name: aws\n  user:\n    exec:\n      apiVersion: client.authentication.k8s.io/v1alpha1\n      command: aws\n      args:\n        - \"eks\"\n        - \"get-token\"\n        - \"--cluster-name\"\n        - \"csidriver3\"",
            "content_base64": null,
            "directory_permission": "0777",
            "file_permission": "0777",
            "filename": "/Users/ed/.kube/config.aws.csidriver3",
            "id": "4b0016650f88db72a0fb715fde07adf72a610471",
            "sensitive_content": null
          },
          "private": "bnVsbA==",
          "dependencies": [
            "module.cluster.aws_eip.nat",
            "module.cluster.aws_eks_cluster.cluster",
            "module.cluster.aws_eks_node_group.cluster",
            "module.cluster.aws_iam_openid_connect_provider.cluster",
            "module.cluster.aws_iam_role.cluster",
            "module.cluster.aws_iam_role.nodes",
            "module.cluster.aws_iam_role_policy_attachment.cluster_ec2_readonly",
            "module.cluster.aws_iam_role_policy_attachment.cluster_eks_cluster",
            "module.cluster.aws_iam_role_policy_attachment.cluster_eks_service",
            "module.cluster.aws_iam_role_policy_attachment.nodes_ecr",
            "module.cluster.aws_iam_role_policy_attachment.nodes_eks_cni",
            "module.cluster.aws_iam_role_policy_attachment.nodes_eks_worker",
            "module.cluster.aws_internet_gateway.nodes",
            "module.cluster.aws_nat_gateway.private",
            "module.cluster.aws_route.private-default",
            "module.cluster.aws_route.public-default",
            "module.cluster.aws_route_table.private",
            "module.cluster.aws_route_table.public",
            "module.cluster.aws_route_table_association.private",
            "module.cluster.aws_route_table_association.public",
            "module.cluster.aws_security_group.cluster",
            "module.cluster.aws_subnet.private",
            "module.cluster.aws_subnet.public",
            "module.cluster.aws_vpc.nodes",
            "module.cluster.data.aws_availability_zones.available",
            "module.cluster.data.aws_iam_policy_document.assume_ec2",
            "module.cluster.data.aws_iam_policy_document.assume_eks",
            "module.cluster.data.aws_partition.current",
            "module.cluster.null_resource.delay_cluster",
            "module.cluster.null_resource.iam",
            "module.cluster.null_resource.network",
            "module.cluster.random_id.node_group"
          ]
        }
      ]
    },
    {
      "module": "module.cluster",
      "mode": "managed",
      "type": "null_resource",
      "name": "delay_cluster",
      "provider": "provider[\"registry.terraform.io/hashicorp/null\"]",
      "instances": [
        {
          "schema_version": 0,
          "attributes": {
            "id": "9032303220035785975",
            "triggers": {
              "eks_cluster": "csidriver3-cluster-20210419152826457200000006",
              "eks_service": "csidriver3-cluster-20210419152826454500000005"
            }
          },
          "dependencies": [
            "module.cluster.aws_iam_role.cluster",
            "module.cluster.aws_iam_role_policy_attachment.cluster_eks_cluster",
            "module.cluster.aws_iam_role_policy_attachment.cluster_eks_service",
            "module.cluster.data.aws_iam_policy_document.assume_eks",
            "module.cluster.data.aws_partition.current"
          ],
          "create_before_destroy": true
        }
      ]
    },
    {
      "module": "module.cluster",
      "mode": "managed",
      "type": "null_resource",
      "name": "iam",
      "provider": "provider[\"registry.terraform.io/hashicorp/null\"]",
      "instances": [
        {
          "schema_version": 0,
          "attributes": {
            "id": "4405597737324761827",
            "triggers": null
          },
          "dependencies": [
            "module.cluster.aws_iam_role.cluster",
            "module.cluster.aws_iam_role.nodes",
            "module.cluster.aws_iam_role_policy_attachment.cluster_ec2_readonly",
            "module.cluster.aws_iam_role_policy_attachment.cluster_eks_cluster",
            "module.cluster.aws_iam_role_policy_attachment.cluster_eks_service",
            "module.cluster.aws_iam_role_policy_attachment.nodes_ecr",
            "module.cluster.aws_iam_role_policy_attachment.nodes_eks_cni",
            "module.cluster.aws_iam_role_policy_attachment.nodes_eks_worker",
            "module.cluster.data.aws_iam_policy_document.assume_ec2",
            "module.cluster.data.aws_iam_policy_document.assume_eks",
            "module.cluster.data.aws_partition.current"
          ],
          "create_before_destroy": true
        }
      ]
    },
    {
      "module": "module.cluster",
      "mode": "managed",
      "type": "null_resource",
      "name": "network",
      "provider": "provider[\"registry.terraform.io/hashicorp/null\"]",
      "instances": [
        {
          "schema_version": 0,
          "attributes": {
            "id": "6100268579330502874",
            "triggers": null
          },
          "dependencies": [
            "module.cluster.aws_eip.nat",
            "module.cluster.aws_iam_role.cluster",
            "module.cluster.aws_iam_role.nodes",
            "module.cluster.aws_iam_role_policy_attachment.cluster_eks_cluster",
            "module.cluster.aws_iam_role_policy_attachment.cluster_eks_service",
            "module.cluster.aws_iam_role_policy_attachment.nodes_ecr",
            "module.cluster.aws_iam_role_policy_attachment.nodes_eks_cni",
            "module.cluster.aws_iam_role_policy_attachment.nodes_eks_worker",
            "module.cluster.aws_internet_gateway.nodes",
            "module.cluster.aws_nat_gateway.private",
            "module.cluster.aws_route.private-default",
            "module.cluster.aws_route.public-default",
            "module.cluster.aws_route_table.private",
            "module.cluster.aws_route_table.public",
            "module.cluster.aws_route_table_association.private",
            "module.cluster.aws_route_table_association.public",
            "module.cluster.aws_security_group.cluster",
            "module.cluster.aws_subnet.private",
            "module.cluster.aws_subnet.public",
            "module.cluster.aws_vpc.nodes",
            "module.cluster.data.aws_availability_zones.available",
            "module.cluster.data.aws_iam_policy_document.assume_ec2",
            "module.cluster.data.aws_iam_policy_document.assume_eks",
            "module.cluster.data.aws_partition.current"
          ],
          "create_before_destroy": true
        }
      ]
    },
    {
      "module": "module.cluster",
      "mode": "managed",
      "type": "random_id",
      "name": "node_group",
      "provider": "provider[\"registry.terraform.io/hashicorp/random\"]",
      "instances": [
        {
          "schema_version": 0,
          "attributes": {
            "b64": "dfKqNSsLmvs",
            "b64_std": "dfKqNSsLmvs=",
            "b64_url": "dfKqNSsLmvs",
            "byte_length": 8,
            "dec": "8499042592133716731",
            "hex": "75f2aa352b0b9afb",
            "id": "dfKqNSsLmvs",
            "keepers": {
              "node_disk": "20",
              "node_type": "t3.small",
              "private": "true",
              "role_arn": "arn:aws:iam::316441501734:role/csidriver3-nodes"
            },
            "prefix": null
          },
          "private": "bnVsbA==",
          "dependencies": [
            "module.cluster.aws_iam_role.nodes",
            "module.cluster.data.aws_iam_policy_document.assume_ec2"
          ],
          "create_before_destroy": true
        }
      ]
    },
    {
      "module": "module.fluentd",
      "mode": "data",
      "type": "aws_caller_identity",
      "name": "current",
      "provider": "provider[\"registry.terraform.io/hashicorp/aws\"]",
      "instances": [
        {
          "schema_version": 0,
          "attributes": {
            "account_id": "316441501734",
            "arn": "arn:aws:iam::316441501734:user/convox",
            "id": "2021-04-20 13:41:46.539854 +0000 UTC",
            "user_id": "AIDAUTLLCEATCH4GQKOPC"
          }
        }
      ]
    },
    {
      "module": "module.fluentd",
      "mode": "data",
      "type": "aws_iam_policy_document",
      "name": "assume_fluentd",
      "provider": "provider[\"registry.terraform.io/hashicorp/aws\"]",
      "instances": [
        {
          "schema_version": 0,
          "attributes": {
            "id": "1863185068",
            "json": "{\n  \"Version\": \"2012-10-17\",\n  \"Statement\": [\n    {\n      \"Sid\": \"\",\n      \"Effect\": \"Allow\",\n      \"Action\": \"sts:AssumeRoleWithWebIdentity\",\n      \"Principal\": {\n        \"Federated\": \"arn:aws:iam::316441501734:oidc-provider/oidc.eks.us-east-1.amazonaws.com/id/FC6C2BB7063D2F43599C0718409C6A94\"\n      },\n      \"Condition\": {\n        \"StringEquals\": {\n          \"oidc.eks.us-east-1.amazonaws.com/id/FC6C2BB7063D2F43599C0718409C6A94:sub\": \"system:serviceaccount:kube-system:fluentd\"\n        }\n      }\n    }\n  ]\n}",
            "override_json": null,
            "policy_id": null,
            "source_json": null,
            "statement": [
              {
                "actions": [
                  "sts:AssumeRoleWithWebIdentity"
                ],
                "condition": [
                  {
                    "test": "StringEquals",
                    "values": [
                      "system:serviceaccount:kube-system:fluentd"
                    ],
                    "variable": "oidc.eks.us-east-1.amazonaws.com/id/FC6C2BB7063D2F43599C0718409C6A94:sub"
                  }
                ],
                "effect": "Allow",
                "not_actions": [],
                "not_principals": [],
                "not_resources": [],
                "principals": [
                  {
                    "identifiers": [
                      "arn:aws:iam::316441501734:oidc-provider/oidc.eks.us-east-1.amazonaws.com/id/FC6C2BB7063D2F43599C0718409C6A94"
                    ],
                    "type": "Federated"
                  }
                ],
                "resources": [],
                "sid": ""
              }
            ],
            "version": "2012-10-17"
          }
        }
      ]
    },
    {
      "module": "module.fluentd",
      "mode": "data",
      "type": "aws_iam_policy_document",
      "name": "fluentd",
      "provider": "provider[\"registry.terraform.io/hashicorp/aws\"]",
      "instances": [
        {
          "schema_version": 0,
          "attributes": {
            "id": "2141252245",
            "json": "{\n  \"Version\": \"2012-10-17\",\n  \"Statement\": [\n    {\n      \"Sid\": \"\",\n      \"Effect\": \"Allow\",\n      \"Action\": [\n        \"logs:DescribeLogGroups\",\n        \"logs:CreateLogGroup\"\n      ],\n      \"Resource\": \"arn:aws:logs:us-east-1:316441501734:log-group:*\"\n    },\n    {\n      \"Sid\": \"\",\n      \"Effect\": \"Allow\",\n      \"Action\": [\n        \"logs:PutLogEvents\",\n        \"logs:DescribeLogStreams\",\n        \"logs:CreateLogStream\"\n      ],\n      \"Resource\": \"arn:aws:logs:us-east-1:316441501734:log-group:/convox/*\"\n    }\n  ]\n}",
            "override_json": null,
            "policy_id": null,
            "source_json": null,
            "statement": [
              {
                "actions": [
                  "logs:CreateLogGroup",
                  "logs:DescribeLogGroups"
                ],
                "condition": [],
                "effect": "Allow",
                "not_actions": [],
                "not_principals": [],
                "not_resources": [],
                "principals": [],
                "resources": [
                  "arn:aws:logs:us-east-1:316441501734:log-group:*"
                ],
                "sid": ""
              },
              {
                "actions": [
                  "logs:CreateLogStream",
                  "logs:DescribeLogStreams",
                  "logs:PutLogEvents"
                ],
                "condition": [],
                "effect": "Allow",
                "not_actions": [],
                "not_principals": [],
                "not_resources": [],
                "principals": [],
                "resources": [
                  "arn:aws:logs:us-east-1:316441501734:log-group:/convox/*"
                ],
                "sid": ""
              }
            ],
            "version": "2012-10-17"
          }
        }
      ]
    },
    {
      "module": "module.fluentd",
      "mode": "data",
      "type": "aws_partition",
      "name": "current",
      "provider": "provider[\"registry.terraform.io/hashicorp/aws\"]",
      "instances": [
        {
          "schema_version": 0,
          "attributes": {
            "dns_suffix": "amazonaws.com",
            "id": "2021-04-20 13:41:45.739593 +0000 UTC",
            "partition": "aws"
          }
        }
      ]
    },
    {
      "module": "module.fluentd",
      "mode": "data",
      "type": "aws_region",
      "name": "current",
      "provider": "provider[\"registry.terraform.io/hashicorp/aws\"]",
      "instances": [
        {
          "schema_version": 0,
          "attributes": {
            "current": null,
            "description": "US East (N. Virginia)",
            "endpoint": "ec2.us-east-1.amazonaws.com",
            "id": "us-east-1",
            "name": "us-east-1"
          }
        }
      ]
    },
    {
      "module": "module.fluentd",
      "mode": "managed",
      "type": "aws_iam_role",
      "name": "fluentd",
      "provider": "provider[\"registry.terraform.io/hashicorp/aws\"]",
      "instances": [
        {
          "schema_version": 0,
          "attributes": {
            "arn": "arn:aws:iam::316441501734:role/convox/csidriver3-fluentd",
            "assume_role_policy": "{\"Version\":\"2012-10-17\",\"Statement\":[{\"Sid\":\"\",\"Effect\":\"Allow\",\"Principal\":{\"Federated\":\"arn:aws:iam::316441501734:oidc-provider/oidc.eks.us-east-1.amazonaws.com/id/FC6C2BB7063D2F43599C0718409C6A94\"},\"Action\":\"sts:AssumeRoleWithWebIdentity\",\"Condition\":{\"StringEquals\":{\"oidc.eks.us-east-1.amazonaws.com/id/FC6C2BB7063D2F43599C0718409C6A94:sub\":\"system:serviceaccount:kube-system:fluentd\"}}}]}",
            "create_date": "2021-04-19T15:51:08Z",
            "description": "",
            "force_detach_policies": false,
            "id": "csidriver3-fluentd",
            "max_session_duration": 3600,
            "name": "csidriver3-fluentd",
            "name_prefix": null,
            "path": "/convox/",
            "permissions_boundary": null,
            "tags": {
              "Cluster": "csidriver3",
              "System": "convox"
            },
            "unique_id": "AROAUTLLCEATLUUP4QB5E"
          },
          "private": "bnVsbA==",
          "dependencies": [
            "module.cluster.aws_eip.nat",
            "module.cluster.aws_eks_cluster.cluster",
            "module.cluster.aws_eks_node_group.cluster",
            "module.cluster.aws_iam_openid_connect_provider.cluster",
            "module.cluster.aws_iam_role.cluster",
            "module.cluster.aws_iam_role.nodes",
            "module.cluster.aws_iam_role_policy_attachment.cluster_ec2_readonly",
            "module.cluster.aws_iam_role_policy_attachment.cluster_eks_cluster",
            "module.cluster.aws_iam_role_policy_attachment.cluster_eks_service",
            "module.cluster.aws_iam_role_policy_attachment.nodes_ecr",
            "module.cluster.aws_iam_role_policy_attachment.nodes_eks_cni",
            "module.cluster.aws_iam_role_policy_attachment.nodes_eks_worker",
            "module.cluster.aws_internet_gateway.nodes",
            "module.cluster.aws_nat_gateway.private",
            "module.cluster.aws_route.private-default",
            "module.cluster.aws_route.public-default",
            "module.cluster.aws_route_table.private",
            "module.cluster.aws_route_table.public",
            "module.cluster.aws_route_table_association.private",
            "module.cluster.aws_route_table_association.public",
            "module.cluster.aws_security_group.cluster",
            "module.cluster.aws_subnet.private",
            "module.cluster.aws_subnet.public",
            "module.cluster.aws_vpc.nodes",
            "module.cluster.data.aws_availability_zones.available",
            "module.cluster.data.aws_iam_policy_document.assume_ec2",
            "module.cluster.data.aws_iam_policy_document.assume_eks",
            "module.cluster.data.aws_partition.current",
            "module.cluster.null_resource.delay_cluster",
            "module.cluster.null_resource.iam",
            "module.cluster.null_resource.network",
            "module.cluster.random_id.node_group",
            "module.fluentd.data.aws_iam_policy_document.assume_fluentd"
          ]
        }
      ]
    },
    {
      "module": "module.fluentd",
      "mode": "managed",
      "type": "aws_iam_role_policy",
      "name": "fluentd",
      "provider": "provider[\"registry.terraform.io/hashicorp/aws\"]",
      "instances": [
        {
          "schema_version": 0,
          "attributes": {
            "id": "csidriver3-fluentd:fluentd",
            "name": "fluentd",
            "name_prefix": null,
            "policy": "{\n  \"Version\": \"2012-10-17\",\n  \"Statement\": [\n    {\n      \"Sid\": \"\",\n      \"Effect\": \"Allow\",\n      \"Action\": [\n        \"logs:DescribeLogGroups\",\n        \"logs:CreateLogGroup\"\n      ],\n      \"Resource\": \"arn:aws:logs:us-east-1:316441501734:log-group:*\"\n    },\n    {\n      \"Sid\": \"\",\n      \"Effect\": \"Allow\",\n      \"Action\": [\n        \"logs:PutLogEvents\",\n        \"logs:DescribeLogStreams\",\n        \"logs:CreateLogStream\"\n      ],\n      \"Resource\": \"arn:aws:logs:us-east-1:316441501734:log-group:/convox/*\"\n    }\n  ]\n}",
            "role": "csidriver3-fluentd"
          },
          "private": "bnVsbA==",
          "dependencies": [
            "module.cluster.aws_eip.nat",
            "module.cluster.aws_eks_cluster.cluster",
            "module.cluster.aws_eks_node_group.cluster",
            "module.cluster.aws_iam_openid_connect_provider.cluster",
            "module.cluster.aws_iam_role.cluster",
            "module.cluster.aws_iam_role.nodes",
            "module.cluster.aws_iam_role_policy_attachment.cluster_ec2_readonly",
            "module.cluster.aws_iam_role_policy_attachment.cluster_eks_cluster",
            "module.cluster.aws_iam_role_policy_attachment.cluster_eks_service",
            "module.cluster.aws_iam_role_policy_attachment.nodes_ecr",
            "module.cluster.aws_iam_role_policy_attachment.nodes_eks_cni",
            "module.cluster.aws_iam_role_policy_attachment.nodes_eks_worker",
            "module.cluster.aws_internet_gateway.nodes",
            "module.cluster.aws_nat_gateway.private",
            "module.cluster.aws_route.private-default",
            "module.cluster.aws_route.public-default",
            "module.cluster.aws_route_table.private",
            "module.cluster.aws_route_table.public",
            "module.cluster.aws_route_table_association.private",
            "module.cluster.aws_route_table_association.public",
            "module.cluster.aws_security_group.cluster",
            "module.cluster.aws_subnet.private",
            "module.cluster.aws_subnet.public",
            "module.cluster.aws_vpc.nodes",
            "module.cluster.data.aws_availability_zones.available",
            "module.cluster.data.aws_iam_policy_document.assume_ec2",
            "module.cluster.data.aws_iam_policy_document.assume_eks",
            "module.cluster.data.aws_partition.current",
            "module.cluster.null_resource.delay_cluster",
            "module.cluster.null_resource.iam",
            "module.cluster.null_resource.network",
            "module.cluster.random_id.node_group",
            "module.fluentd.aws_iam_role.fluentd",
            "module.fluentd.data.aws_iam_policy_document.assume_fluentd",
            "module.fluentd.data.aws_iam_policy_document.fluentd"
          ]
        }
      ]
    },
    {
      "module": "module.fluentd.module.k8s",
      "mode": "managed",
      "type": "kubernetes_cluster_role",
      "name": "fluentd",
      "provider": "provider[\"registry.terraform.io/hashicorp/kubernetes\"]",
      "instances": [
        {
          "schema_version": 0,
          "attributes": {
            "aggregation_rule": [],
            "id": "csidriver3-fluentd",
            "metadata": [
              {
                "annotations": {},
                "generation": 0,
                "labels": {},
                "name": "csidriver3-fluentd",
                "resource_version": "2455",
                "self_link": "/apis/rbac.authorization.k8s.io/v1/clusterroles/csidriver3-fluentd",
                "uid": "a385c8ab-de1b-46c5-b263-d16a60f58dc9"
              }
            ],
            "rule": [
              {
                "api_groups": [
                  ""
                ],
                "non_resource_urls": [],
                "resource_names": [],
                "resources": [
                  "namespaces",
                  "pods",
                  "pods/logs"
                ],
                "verbs": [
                  "get",
                  "list",
                  "watch"
                ]
              }
            ]
          },
          "private": "bnVsbA==",
          "dependencies": [
            "data.aws_eks_cluster_auth.cluster",
            "module.cluster.aws_eip.nat",
            "module.cluster.aws_eks_cluster.cluster",
            "module.cluster.aws_eks_node_group.cluster",
            "module.cluster.aws_iam_openid_connect_provider.cluster",
            "module.cluster.aws_iam_role.cluster",
            "module.cluster.aws_iam_role.nodes",
            "module.cluster.aws_iam_role_policy_attachment.cluster_ec2_readonly",
            "module.cluster.aws_iam_role_policy_attachment.cluster_eks_cluster",
            "module.cluster.aws_iam_role_policy_attachment.cluster_eks_service",
            "module.cluster.aws_iam_role_policy_attachment.nodes_ecr",
            "module.cluster.aws_iam_role_policy_attachment.nodes_eks_cni",
            "module.cluster.aws_iam_role_policy_attachment.nodes_eks_worker",
            "module.cluster.aws_internet_gateway.nodes",
            "module.cluster.aws_nat_gateway.private",
            "module.cluster.aws_route.private-default",
            "module.cluster.aws_route.public-default",
            "module.cluster.aws_route_table.private",
            "module.cluster.aws_route_table.public",
            "module.cluster.aws_route_table_association.private",
            "module.cluster.aws_route_table_association.public",
            "module.cluster.aws_security_group.cluster",
            "module.cluster.aws_subnet.private",
            "module.cluster.aws_subnet.public",
            "module.cluster.aws_vpc.nodes",
            "module.cluster.data.aws_availability_zones.available",
            "module.cluster.data.aws_iam_policy_document.assume_ec2",
            "module.cluster.data.aws_iam_policy_document.assume_eks",
            "module.cluster.data.aws_partition.current",
            "module.cluster.null_resource.delay_cluster",
            "module.cluster.null_resource.iam",
            "module.cluster.null_resource.network",
            "module.cluster.random_id.node_group"
          ]
        }
      ]
    },
    {
      "module": "module.fluentd.module.k8s",
      "mode": "managed",
      "type": "kubernetes_cluster_role_binding",
      "name": "fluentd",
      "provider": "provider[\"registry.terraform.io/hashicorp/kubernetes\"]",
      "instances": [
        {
          "schema_version": 0,
          "attributes": {
            "id": "csidriver3-fluentd",
            "metadata": [
              {
                "annotations": {},
                "generation": 0,
                "labels": {},
                "name": "csidriver3-fluentd",
                "resource_version": "2501",
                "self_link": "/apis/rbac.authorization.k8s.io/v1/clusterrolebindings/csidriver3-fluentd",
                "uid": "cd1d5af6-b6ad-42d1-b0eb-5ab1ea823d94"
              }
            ],
            "role_ref": [
              {
                "api_group": "rbac.authorization.k8s.io",
                "kind": "ClusterRole",
                "name": "csidriver3-fluentd"
              }
            ],
            "subject": [
              {
                "api_group": "",
                "kind": "ServiceAccount",
                "name": "fluentd",
                "namespace": "kube-system"
              }
            ]
          },
          "private": "bnVsbA==",
          "dependencies": [
            "data.aws_eks_cluster_auth.cluster",
            "module.cluster.aws_eip.nat",
            "module.cluster.aws_eks_cluster.cluster",
            "module.cluster.aws_eks_node_group.cluster",
            "module.cluster.aws_iam_openid_connect_provider.cluster",
            "module.cluster.aws_iam_role.cluster",
            "module.cluster.aws_iam_role.nodes",
            "module.cluster.aws_iam_role_policy_attachment.cluster_ec2_readonly",
            "module.cluster.aws_iam_role_policy_attachment.cluster_eks_cluster",
            "module.cluster.aws_iam_role_policy_attachment.cluster_eks_service",
            "module.cluster.aws_iam_role_policy_attachment.nodes_ecr",
            "module.cluster.aws_iam_role_policy_attachment.nodes_eks_cni",
            "module.cluster.aws_iam_role_policy_attachment.nodes_eks_worker",
            "module.cluster.aws_internet_gateway.nodes",
            "module.cluster.aws_nat_gateway.private",
            "module.cluster.aws_route.private-default",
            "module.cluster.aws_route.public-default",
            "module.cluster.aws_route_table.private",
            "module.cluster.aws_route_table.public",
            "module.cluster.aws_route_table_association.private",
            "module.cluster.aws_route_table_association.public",
            "module.cluster.aws_security_group.cluster",
            "module.cluster.aws_subnet.private",
            "module.cluster.aws_subnet.public",
            "module.cluster.aws_vpc.nodes",
            "module.cluster.data.aws_availability_zones.available",
            "module.cluster.data.aws_iam_policy_document.assume_ec2",
            "module.cluster.data.aws_iam_policy_document.assume_eks",
            "module.cluster.data.aws_partition.current",
            "module.cluster.null_resource.delay_cluster",
            "module.cluster.null_resource.iam",
            "module.cluster.null_resource.network",
            "module.cluster.random_id.node_group",
            "module.fluentd.aws_iam_role.fluentd",
            "module.fluentd.data.aws_iam_policy_document.assume_fluentd",
            "module.fluentd.module.k8s.kubernetes_cluster_role.fluentd",
            "module.fluentd.module.k8s.kubernetes_service_account.fluentd"
          ]
        }
      ]
    },
    {
      "module": "module.fluentd.module.k8s",
      "mode": "managed",
      "type": "kubernetes_config_map",
      "name": "fluentd",
      "provider": "provider[\"registry.terraform.io/hashicorp/kubernetes\"]",
      "instances": [
        {
          "schema_version": 0,
          "attributes": {
            "binary_data": {},
            "data": {
              "containers.conf": "\u003csource\u003e\n\t@type tail\n\t@label @container\n\tpath /var/log/containers/*.log\n\texclude_path [\"/var/log/containers/cloudwatch-agent*\", \"/var/log/containers/fluentd*\"]\n\tpos_file /var/log/fluentd-containers.log.pos\n\ttag container.*\n\tread_from_head false\n\t\u003cparse\u003e\n\t\t@type json\n\t\ttime_format %Y-%m-%dT%H:%M:%S.%NZ\n\t\u003c/parse\u003e\n\u003c/source\u003e\n\n\u003clabel @container\u003e\n\t\u003cfilter container.**\u003e\n\t\t@type kubernetes_metadata\n\t\tlog_level warn\n\t\u003c/filter\u003e\n\n\t\u003cmatch container.**\u003e\n\t\t@type rewrite_tag_filter\n\t\t\u003crule\u003e\n\t\t\tkey $.kubernetes.labels.system\n\t\t\tpattern ^convox$\n\t\t\ttag convox\n\t\t\u003c/rule\u003e\n\t\u003c/match\u003e\n\n\t\u003cmatch convox\u003e\n\t\t@type relabel\n\t\t@label @convox\n\t\u003c/match\u003e\n\u003c/label\u003e\n\n\u003clabel @convox\u003e\n\t\u003cmatch convox\u003e\n\t\t@type rewrite_tag_filter\n\t\t\u003crule\u003e\n\t\t\tkey $.kubernetes.labels.service\n\t\t\tpattern ^(.+)$\n\t\t\ttag service.$1\n\t\t\u003c/rule\u003e\n\t\u003c/match\u003e\n\n\t\u003cmatch service.**\u003e\n\t\t@type rewrite_tag_filter\n\t\t\u003crule\u003e\n\t\t\tkey $.kubernetes.namespace_labels.app\n\t\t\tpattern ^(.+)$\n\t\t\ttag app.$1.${tag}\n\t\t\u003c/rule\u003e\n\t\u003c/match\u003e\n\n\t\u003cmatch app.**\u003e\n\t\t@type rewrite_tag_filter\n\t\t\u003crule\u003e\n\t\t\tkey $.kubernetes.namespace_labels.rack\n\t\t\tpattern ^(.+)$\n\t\t\ttag rack.$1.${tag}\n\t\t\u003c/rule\u003e\n\t\u003c/match\u003e\n\n\t\u003cmatch rack.**\u003e\n\t\t@type relabel\n\t\t@label @rack\n\t\u003c/match\u003e\n\u003c/label\u003e\n\n\u003clabel @rack\u003e\n\t# \u003cfilter **\u003e\n\t# \t@type concat\n\t# \tkey log\n\t# \tmultiline_start_regexp /^\\S/\n\t# \tseparator \"\"\n\t# \tflush_interval 5\n\t# \ttimeout_label @target\n\t# \u003c/filter\u003e\n\n\t\u003cmatch **\u003e\n\t\t@type relabel\n\t\t@label @target\n\t\u003c/match\u003e\n\u003c/label\u003e",
              "fluent.conf": "@include containers.conf\n@include target.conf\n\n\u003cmatch fluent.**\u003e\n\t@type null\n\u003c/match\u003e",
              "target.conf": "\u003clabel @target\u003e\n\t\u003cfilter **\u003e\n\t\t@type record_transformer\n\t\tenable_ruby true\n\t\t\u003crecord\u003e\n\t\t\tgroup_name /convox/${record[\"kubernetes\"][\"namespace_labels\"][\"rack\"]}/${record[\"kubernetes\"][\"namespace_labels\"][\"app\"]}\n\t\t\tstream_name service/${record[\"kubernetes\"][\"labels\"][\"service\"]}/${record[\"kubernetes\"][\"pod_name\"]}\n\t\t\thostname csidriver3.${record[\"kubernetes\"][\"labels\"][\"app\"]}\n\t\t\tprogram ${record[\"kubernetes\"][\"labels\"][\"type\"]}/${record[\"kubernetes\"][\"labels\"][\"name\"]}/${record[\"kubernetes\"][\"pod_name\"]}\n\t\t\u003c/record\u003e\n\t\u003c/filter\u003e\n\n\t\u003cmatch **\u003e\n\t\t@type copy\n\n\t\t\u003cstore\u003e\n\t\t\t@type cloudwatch_logs\n\t\t\tregion us-east-1\n\t\t\tauto_create_stream true\n\t\t\tretention_in_days 7\n\t\t\tlog_group_name_key group_name\n\t\t\tlog_stream_name_key stream_name\n\t\t\tmessage_keys log\n\t\t\tremove_log_group_name_key true\n\t\t\tremove_log_stream_name_key true\n\n\t\t\t\u003cbuffer\u003e\n\t\t\t\tflush_interval 1\n\t\t\t\tchunk_limit_size 2m\n\t\t\t\tqueued_chunks_limit_size 32\n\t\t\t\tretry_forever true\n\t\t\t\u003c/buffer\u003e\n\t\t\u003c/store\u003e\n\n\t\t\t\u003c/match\u003e\n\u003c/label\u003e"
            },
            "id": "kube-system/fluentd",
            "metadata": [
              {
                "annotations": {},
                "generate_name": "",
                "generation": 0,
                "labels": {},
                "name": "fluentd",
                "namespace": "kube-system",
                "resource_version": "2439",
                "self_link": "/api/v1/namespaces/kube-system/configmaps/fluentd",
                "uid": "65a7cc90-c6f0-4209-a322-36cf3f40bed1"
              }
            ]
          },
          "private": "bnVsbA==",
          "dependencies": [
            "data.aws_eks_cluster_auth.cluster",
            "module.cluster.aws_eip.nat",
            "module.cluster.aws_eks_cluster.cluster",
            "module.cluster.aws_eks_node_group.cluster",
            "module.cluster.aws_iam_openid_connect_provider.cluster",
            "module.cluster.aws_iam_role.cluster",
            "module.cluster.aws_iam_role.nodes",
            "module.cluster.aws_iam_role_policy_attachment.cluster_ec2_readonly",
            "module.cluster.aws_iam_role_policy_attachment.cluster_eks_cluster",
            "module.cluster.aws_iam_role_policy_attachment.cluster_eks_service",
            "module.cluster.aws_iam_role_policy_attachment.nodes_ecr",
            "module.cluster.aws_iam_role_policy_attachment.nodes_eks_cni",
            "module.cluster.aws_iam_role_policy_attachment.nodes_eks_worker",
            "module.cluster.aws_internet_gateway.nodes",
            "module.cluster.aws_nat_gateway.private",
            "module.cluster.aws_route.private-default",
            "module.cluster.aws_route.public-default",
            "module.cluster.aws_route_table.private",
            "module.cluster.aws_route_table.public",
            "module.cluster.aws_route_table_association.private",
            "module.cluster.aws_route_table_association.public",
            "module.cluster.aws_security_group.cluster",
            "module.cluster.aws_subnet.private",
            "module.cluster.aws_subnet.public",
            "module.cluster.aws_vpc.nodes",
            "module.cluster.data.aws_availability_zones.available",
            "module.cluster.data.aws_iam_policy_document.assume_ec2",
            "module.cluster.data.aws_iam_policy_document.assume_eks",
            "module.cluster.data.aws_partition.current",
            "module.cluster.null_resource.delay_cluster",
            "module.cluster.null_resource.iam",
            "module.cluster.null_resource.network",
            "module.cluster.random_id.node_group",
            "module.fluentd.data.aws_region.current"
          ]
        }
      ]
    },
    {
      "module": "module.fluentd.module.k8s",
      "mode": "managed",
      "type": "kubernetes_daemonset",
      "name": "fluentd",
      "provider": "provider[\"registry.terraform.io/hashicorp/kubernetes\"]",
      "instances": [
        {
          "schema_version": 0,
          "attributes": {
            "id": "kube-system/fluentd",
            "metadata": [
              {
                "annotations": {},
                "generate_name": "",
                "generation": 1,
                "labels": {
                  "app": "system",
                  "name": "fluentd",
                  "rack": "csidriver3",
                  "service": "fluentd",
                  "system": "convox",
                  "type": "service"
                },
                "name": "fluentd",
                "namespace": "kube-system",
                "resource_version": "6106",
                "self_link": "/apis/apps/v1/namespaces/kube-system/daemonsets/fluentd",
                "uid": "ad48094b-a6ee-45f7-84f7-b7ac5d01789a"
              }
            ],
            "spec": [
              {
                "min_ready_seconds": 0,
                "revision_history_limit": 10,
                "selector": [
                  {
                    "match_expressions": [],
                    "match_labels": {
                      "service": "fluentd"
                    }
                  }
                ],
                "strategy": [
                  {
                    "rolling_update": [
                      {
                        "max_unavailable": "1"
                      }
                    ],
                    "type": "RollingUpdate"
                  }
                ],
                "template": [
                  {
                    "metadata": [
                      {
                        "annotations": {
                          "eks.amazonaws.com/role-arn": "arn:aws:iam::316441501734:role/convox/csidriver3-fluentd",
                          "iam.amazonaws.com/role": "arn:aws:iam::316441501734:role/convox/csidriver3-fluentd"
                        },
                        "generate_name": "",
                        "generation": 0,
                        "labels": {
                          "app": "system",
                          "name": "fluentd",
                          "rack": "csidriver3",
                          "service": "fluentd",
                          "system": "convox",
                          "type": "service"
                        },
                        "name": "",
                        "resource_version": "",
                        "self_link": "",
                        "uid": ""
                      }
                    ],
                    "spec": [
                      {
                        "active_deadline_seconds": 0,
                        "affinity": [],
                        "automount_service_account_token": true,
                        "container": [
                          {
                            "args": [],
                            "command": [],
                            "env": [
                              {
                                "name": "CLUSTER_NAME",
                                "value": "csidriver3",
                                "value_from": []
                              },
                              {
                                "name": "TARGET_HASH",
                                "value": "3d07d61ee797b368612916180f61922afedcc5bb4f0ba31037d027532ae51619",
                                "value_from": []
                              },
                              {
                                "name": "AWS_REGION",
                                "value": "us-east-1",
                                "value_from": []
                              }
                            ],
                            "env_from": [],
                            "image": "convox/fluentd:1.7",
                            "image_pull_policy": "Always",
                            "lifecycle": [],
                            "liveness_probe": [],
                            "name": "system",
                            "port": [],
                            "readiness_probe": [],
                            "resources": [
                              {
                                "limits": [
                                  {
                                    "cpu": "",
                                    "memory": "200Mi"
                                  }
                                ],
                                "requests": [
                                  {
                                    "cpu": "100m",
                                    "memory": "200Mi"
                                  }
                                ]
                              }
                            ],
                            "security_context": [],
                            "startup_probe": [],
                            "stdin": false,
                            "stdin_once": false,
                            "termination_message_path": "/dev/termination-log",
                            "termination_message_policy": "File",
                            "tty": false,
                            "volume_mount": [
                              {
                                "mount_path": "/fluentd/etc",
                                "mount_propagation": "None",
                                "name": "fluentd-etc",
                                "read_only": false,
                                "sub_path": ""
                              },
                              {
                                "mount_path": "/var/log",
                                "mount_propagation": "None",
                                "name": "var-log",
                                "read_only": false,
                                "sub_path": ""
                              },
                              {
                                "mount_path": "/var/lib/docker/containers",
                                "mount_propagation": "None",
                                "name": "var-lib-docker-containers",
                                "read_only": true,
                                "sub_path": ""
                              },
                              {
                                "mount_path": "/run/log/journal",
                                "mount_propagation": "None",
                                "name": "run-log-journal",
                                "read_only": true,
                                "sub_path": ""
                              },
                              {
                                "mount_path": "/var/log/dmesg",
                                "mount_propagation": "None",
                                "name": "var-log-dmesg",
                                "read_only": true,
                                "sub_path": ""
                              }
                            ],
                            "working_dir": ""
                          }
                        ],
                        "dns_config": [],
                        "dns_policy": "ClusterFirst",
                        "enable_service_links": true,
                        "host_aliases": [],
                        "host_ipc": false,
                        "host_network": false,
                        "host_pid": false,
                        "hostname": "",
                        "image_pull_secrets": [],
                        "init_container": [
                          {
                            "args": [],
                            "command": [
                              "sh",
                              "-c",
                              "cp /config/..data/* /fluentd/etc"
                            ],
                            "env": [],
                            "env_from": [],
                            "image": "busybox",
                            "image_pull_policy": "Always",
                            "lifecycle": [],
                            "liveness_probe": [],
                            "name": "config",
                            "port": [],
                            "readiness_probe": [],
                            "resources": [
                              {
                                "limits": [],
                                "requests": []
                              }
                            ],
                            "security_context": [],
                            "startup_probe": [],
                            "stdin": false,
                            "stdin_once": false,
                            "termination_message_path": "/dev/termination-log",
                            "termination_message_policy": "File",
                            "tty": false,
                            "volume_mount": [
                              {
                                "mount_path": "/config",
                                "mount_propagation": "None",
                                "name": "config",
                                "read_only": false,
                                "sub_path": ""
                              },
                              {
                                "mount_path": "/fluentd/etc",
                                "mount_propagation": "None",
                                "name": "fluentd-etc",
                                "read_only": false,
                                "sub_path": ""
                              }
                            ],
                            "working_dir": ""
                          }
                        ],
                        "node_name": "",
                        "node_selector": {},
                        "priority_class_name": "",
                        "readiness_gate": [],
                        "restart_policy": "Always",
                        "security_context": [],
                        "service_account_name": "fluentd",
                        "share_process_namespace": false,
                        "subdomain": "",
                        "termination_grace_period_seconds": 30,
                        "toleration": [],
                        "volume": [
                          {
                            "aws_elastic_block_store": [],
                            "azure_disk": [],
                            "azure_file": [],
                            "ceph_fs": [],
                            "cinder": [],
                            "config_map": [
                              {
                                "default_mode": "0644",
                                "items": [],
                                "name": "fluentd",
                                "optional": false
                              }
                            ],
                            "csi": [],
                            "downward_api": [],
                            "empty_dir": [],
                            "fc": [],
                            "flex_volume": [],
                            "flocker": [],
                            "gce_persistent_disk": [],
                            "git_repo": [],
                            "glusterfs": [],
                            "host_path": [],
                            "iscsi": [],
                            "local": [],
                            "name": "config",
                            "nfs": [],
                            "persistent_volume_claim": [],
                            "photon_persistent_disk": [],
                            "projected": [],
                            "quobyte": [],
                            "rbd": [],
                            "secret": [],
                            "vsphere_volume": []
                          },
                          {
                            "aws_elastic_block_store": [],
                            "azure_disk": [],
                            "azure_file": [],
                            "ceph_fs": [],
                            "cinder": [],
                            "config_map": [],
                            "csi": [],
                            "downward_api": [],
                            "empty_dir": [
                              {
                                "medium": "",
                                "size_limit": ""
                              }
                            ],
                            "fc": [],
                            "flex_volume": [],
                            "flocker": [],
                            "gce_persistent_disk": [],
                            "git_repo": [],
                            "glusterfs": [],
                            "host_path": [],
                            "iscsi": [],
                            "local": [],
                            "name": "fluentd-etc",
                            "nfs": [],
                            "persistent_volume_claim": [],
                            "photon_persistent_disk": [],
                            "projected": [],
                            "quobyte": [],
                            "rbd": [],
                            "secret": [],
                            "vsphere_volume": []
                          },
                          {
                            "aws_elastic_block_store": [],
                            "azure_disk": [],
                            "azure_file": [],
                            "ceph_fs": [],
                            "cinder": [],
                            "config_map": [],
                            "csi": [],
                            "downward_api": [],
                            "empty_dir": [],
                            "fc": [],
                            "flex_volume": [],
                            "flocker": [],
                            "gce_persistent_disk": [],
                            "git_repo": [],
                            "glusterfs": [],
                            "host_path": [
                              {
                                "path": "/var/log",
                                "type": ""
                              }
                            ],
                            "iscsi": [],
                            "local": [],
                            "name": "var-log",
                            "nfs": [],
                            "persistent_volume_claim": [],
                            "photon_persistent_disk": [],
                            "projected": [],
                            "quobyte": [],
                            "rbd": [],
                            "secret": [],
                            "vsphere_volume": []
                          },
                          {
                            "aws_elastic_block_store": [],
                            "azure_disk": [],
                            "azure_file": [],
                            "ceph_fs": [],
                            "cinder": [],
                            "config_map": [],
                            "csi": [],
                            "downward_api": [],
                            "empty_dir": [],
                            "fc": [],
                            "flex_volume": [],
                            "flocker": [],
                            "gce_persistent_disk": [],
                            "git_repo": [],
                            "glusterfs": [],
                            "host_path": [
                              {
                                "path": "/var/lib/docker/containers",
                                "type": ""
                              }
                            ],
                            "iscsi": [],
                            "local": [],
                            "name": "var-lib-docker-containers",
                            "nfs": [],
                            "persistent_volume_claim": [],
                            "photon_persistent_disk": [],
                            "projected": [],
                            "quobyte": [],
                            "rbd": [],
                            "secret": [],
                            "vsphere_volume": []
                          },
                          {
                            "aws_elastic_block_store": [],
                            "azure_disk": [],
                            "azure_file": [],
                            "ceph_fs": [],
                            "cinder": [],
                            "config_map": [],
                            "csi": [],
                            "downward_api": [],
                            "empty_dir": [],
                            "fc": [],
                            "flex_volume": [],
                            "flocker": [],
                            "gce_persistent_disk": [],
                            "git_repo": [],
                            "glusterfs": [],
                            "host_path": [
                              {
                                "path": "/run/log/journal",
                                "type": ""
                              }
                            ],
                            "iscsi": [],
                            "local": [],
                            "name": "run-log-journal",
                            "nfs": [],
                            "persistent_volume_claim": [],
                            "photon_persistent_disk": [],
                            "projected": [],
                            "quobyte": [],
                            "rbd": [],
                            "secret": [],
                            "vsphere_volume": []
                          },
                          {
                            "aws_elastic_block_store": [],
                            "azure_disk": [],
                            "azure_file": [],
                            "ceph_fs": [],
                            "cinder": [],
                            "config_map": [],
                            "csi": [],
                            "downward_api": [],
                            "empty_dir": [],
                            "fc": [],
                            "flex_volume": [],
                            "flocker": [],
                            "gce_persistent_disk": [],
                            "git_repo": [],
                            "glusterfs": [],
                            "host_path": [
                              {
                                "path": "/var/log/dmesg",
                                "type": ""
                              }
                            ],
                            "iscsi": [],
                            "local": [],
                            "name": "var-log-dmesg",
                            "nfs": [],
                            "persistent_volume_claim": [],
                            "photon_persistent_disk": [],
                            "projected": [],
                            "quobyte": [],
                            "rbd": [],
                            "secret": [],
                            "vsphere_volume": []
                          }
                        ]
                      }
                    ]
                  }
                ]
              }
            ],
            "timeouts": null
          },
          "private": "eyJlMmJmYjczMC1lY2FhLTExZTYtOGY4OC0zNDM2M2JjN2M0YzAiOnsiY3JlYXRlIjo2MDAwMDAwMDAwMDAsImRlbGV0ZSI6NjAwMDAwMDAwMDAwLCJ1cGRhdGUiOjYwMDAwMDAwMDAwMH19",
          "dependencies": [
            "data.aws_eks_cluster_auth.cluster",
            "module.cluster.aws_eip.nat",
            "module.cluster.aws_eks_cluster.cluster",
            "module.cluster.aws_eks_node_group.cluster",
            "module.cluster.aws_iam_openid_connect_provider.cluster",
            "module.cluster.aws_iam_role.cluster",
            "module.cluster.aws_iam_role.nodes",
            "module.cluster.aws_iam_role_policy_attachment.cluster_ec2_readonly",
            "module.cluster.aws_iam_role_policy_attachment.cluster_eks_cluster",
            "module.cluster.aws_iam_role_policy_attachment.cluster_eks_service",
            "module.cluster.aws_iam_role_policy_attachment.nodes_ecr",
            "module.cluster.aws_iam_role_policy_attachment.nodes_eks_cni",
            "module.cluster.aws_iam_role_policy_attachment.nodes_eks_worker",
            "module.cluster.aws_internet_gateway.nodes",
            "module.cluster.aws_nat_gateway.private",
            "module.cluster.aws_route.private-default",
            "module.cluster.aws_route.public-default",
            "module.cluster.aws_route_table.private",
            "module.cluster.aws_route_table.public",
            "module.cluster.aws_route_table_association.private",
            "module.cluster.aws_route_table_association.public",
            "module.cluster.aws_security_group.cluster",
            "module.cluster.aws_subnet.private",
            "module.cluster.aws_subnet.public",
            "module.cluster.aws_vpc.nodes",
            "module.cluster.data.aws_availability_zones.available",
            "module.cluster.data.aws_iam_policy_document.assume_ec2",
            "module.cluster.data.aws_iam_policy_document.assume_eks",
            "module.cluster.data.aws_partition.current",
            "module.cluster.null_resource.delay_cluster",
            "module.cluster.null_resource.iam",
            "module.cluster.null_resource.network",
            "module.cluster.random_id.node_group",
            "module.fluentd.aws_iam_role.fluentd",
            "module.fluentd.data.aws_iam_policy_document.assume_fluentd",
            "module.fluentd.data.aws_region.current"
          ]
        }
      ]
    },
    {
      "module": "module.fluentd.module.k8s",
      "mode": "managed",
      "type": "kubernetes_service_account",
      "name": "fluentd",
      "provider": "provider[\"registry.terraform.io/hashicorp/kubernetes\"]",
      "instances": [
        {
          "schema_version": 0,
          "attributes": {
            "automount_service_account_token": false,
            "default_secret_name": "fluentd-token-nd22k",
            "id": "kube-system/fluentd",
            "image_pull_secret": [],
            "metadata": [
              {
                "annotations": {
                  "eks.amazonaws.com/role-arn": "arn:aws:iam::316441501734:role/convox/csidriver3-fluentd",
                  "iam.amazonaws.com/role": "arn:aws:iam::316441501734:role/convox/csidriver3-fluentd"
                },
                "generate_name": "",
                "generation": 0,
                "labels": {},
                "name": "fluentd",
                "namespace": "kube-system",
                "resource_version": "2499",
                "self_link": "/api/v1/namespaces/kube-system/serviceaccounts/fluentd",
                "uid": "158a54d7-83e7-4065-b53f-6da67776636e"
              }
            ],
            "secret": [],
            "timeouts": null
          },
          "private": "eyJlMmJmYjczMC1lY2FhLTExZTYtOGY4OC0zNDM2M2JjN2M0YzAiOnsiY3JlYXRlIjozMDAwMDAwMDAwMH19",
          "dependencies": [
            "data.aws_eks_cluster_auth.cluster",
            "module.cluster.aws_eip.nat",
            "module.cluster.aws_eks_cluster.cluster",
            "module.cluster.aws_eks_node_group.cluster",
            "module.cluster.aws_iam_openid_connect_provider.cluster",
            "module.cluster.aws_iam_role.cluster",
            "module.cluster.aws_iam_role.nodes",
            "module.cluster.aws_iam_role_policy_attachment.cluster_ec2_readonly",
            "module.cluster.aws_iam_role_policy_attachment.cluster_eks_cluster",
            "module.cluster.aws_iam_role_policy_attachment.cluster_eks_service",
            "module.cluster.aws_iam_role_policy_attachment.nodes_ecr",
            "module.cluster.aws_iam_role_policy_attachment.nodes_eks_cni",
            "module.cluster.aws_iam_role_policy_attachment.nodes_eks_worker",
            "module.cluster.aws_internet_gateway.nodes",
            "module.cluster.aws_nat_gateway.private",
            "module.cluster.aws_route.private-default",
            "module.cluster.aws_route.public-default",
            "module.cluster.aws_route_table.private",
            "module.cluster.aws_route_table.public",
            "module.cluster.aws_route_table_association.private",
            "module.cluster.aws_route_table_association.public",
            "module.cluster.aws_security_group.cluster",
            "module.cluster.aws_subnet.private",
            "module.cluster.aws_subnet.public",
            "module.cluster.aws_vpc.nodes",
            "module.cluster.data.aws_availability_zones.available",
            "module.cluster.data.aws_iam_policy_document.assume_ec2",
            "module.cluster.data.aws_iam_policy_document.assume_eks",
            "module.cluster.data.aws_partition.current",
            "module.cluster.null_resource.delay_cluster",
            "module.cluster.null_resource.iam",
            "module.cluster.null_resource.network",
            "module.cluster.random_id.node_group",
            "module.fluentd.aws_iam_role.fluentd",
            "module.fluentd.data.aws_iam_policy_document.assume_fluentd"
          ]
        }
      ]
    },
    {
      "module": "module.rack.module.api",
      "mode": "data",
      "type": "aws_caller_identity",
      "name": "current",
      "provider": "provider[\"registry.terraform.io/hashicorp/aws\"]",
      "instances": [
        {
          "schema_version": 0,
          "attributes": {
            "account_id": "316441501734",
            "arn": "arn:aws:iam::316441501734:user/convox",
            "id": "2021-04-20 13:41:46.504771 +0000 UTC",
            "user_id": "AIDAUTLLCEATCH4GQKOPC"
          }
        }
      ]
    },
    {
      "module": "module.rack.module.api",
      "mode": "data",
      "type": "aws_iam_policy_document",
      "name": "assume_api",
      "provider": "provider[\"registry.terraform.io/hashicorp/aws\"]",
      "instances": [
        {
          "schema_version": 0,
          "attributes": {
            "id": "1943864301",
            "json": "{\n  \"Version\": \"2012-10-17\",\n  \"Statement\": [\n    {\n      \"Sid\": \"\",\n      \"Effect\": \"Allow\",\n      \"Action\": \"sts:AssumeRoleWithWebIdentity\",\n      \"Principal\": {\n        \"Federated\": \"arn:aws:iam::316441501734:oidc-provider/oidc.eks.us-east-1.amazonaws.com/id/FC6C2BB7063D2F43599C0718409C6A94\"\n      },\n      \"Condition\": {\n        \"StringEquals\": {\n          \"oidc.eks.us-east-1.amazonaws.com/id/FC6C2BB7063D2F43599C0718409C6A94:sub\": \"system:serviceaccount:csidriver3-system:api\"\n        }\n      }\n    }\n  ]\n}",
            "override_json": null,
            "policy_id": null,
            "source_json": null,
            "statement": [
              {
                "actions": [
                  "sts:AssumeRoleWithWebIdentity"
                ],
                "condition": [
                  {
                    "test": "StringEquals",
                    "values": [
                      "system:serviceaccount:csidriver3-system:api"
                    ],
                    "variable": "oidc.eks.us-east-1.amazonaws.com/id/FC6C2BB7063D2F43599C0718409C6A94:sub"
                  }
                ],
                "effect": "Allow",
                "not_actions": [],
                "not_principals": [],
                "not_resources": [],
                "principals": [
                  {
                    "identifiers": [
                      "arn:aws:iam::316441501734:oidc-provider/oidc.eks.us-east-1.amazonaws.com/id/FC6C2BB7063D2F43599C0718409C6A94"
                    ],
                    "type": "Federated"
                  }
                ],
                "resources": [],
                "sid": ""
              }
            ],
            "version": "2012-10-17"
          }
        }
      ]
    },
    {
      "module": "module.rack.module.api",
      "mode": "data",
      "type": "aws_iam_policy_document",
      "name": "logs",
      "provider": "provider[\"registry.terraform.io/hashicorp/aws\"]",
      "instances": [
        {
          "schema_version": 0,
          "attributes": {
            "id": "1916277839",
            "json": "{\n  \"Version\": \"2012-10-17\",\n  \"Statement\": [\n    {\n      \"Sid\": \"\",\n      \"Effect\": \"Allow\",\n      \"Action\": [\n        \"logs:PutRetentionPolicy\",\n        \"logs:PutLogEvents\",\n        \"logs:FilterLogEvents\",\n        \"logs:DescribeLogStreams\",\n        \"logs:CreateLogStream\",\n        \"logs:CreateLogGroup\"\n      ],\n      \"Resource\": [\n        \"arn:aws:logs:us-east-1:316441501734:log-group:csidriver3-*\",\n        \"arn:aws:logs:us-east-1:316441501734:log-group:/convox/csidriver3/*\"\n      ]\n    }\n  ]\n}",
            "override_json": null,
            "policy_id": null,
            "source_json": null,
            "statement": [
              {
                "actions": [
                  "logs:CreateLogGroup",
                  "logs:CreateLogStream",
                  "logs:DescribeLogStreams",
                  "logs:FilterLogEvents",
                  "logs:PutLogEvents",
                  "logs:PutRetentionPolicy"
                ],
                "condition": [],
                "effect": "Allow",
                "not_actions": [],
                "not_principals": [],
                "not_resources": [],
                "principals": [],
                "resources": [
                  "arn:aws:logs:us-east-1:316441501734:log-group:/convox/csidriver3/*",
                  "arn:aws:logs:us-east-1:316441501734:log-group:csidriver3-*"
                ],
                "sid": ""
              }
            ],
            "version": "2012-10-17"
          }
        }
      ]
    },
    {
      "module": "module.rack.module.api",
      "mode": "data",
      "type": "aws_iam_policy_document",
      "name": "storage",
      "provider": "provider[\"registry.terraform.io/hashicorp/aws\"]",
      "instances": [
        {
          "schema_version": 0,
          "attributes": {
            "id": "3306530092",
            "json": "{\n  \"Version\": \"2012-10-17\",\n  \"Statement\": [\n    {\n      \"Sid\": \"\",\n      \"Effect\": \"Allow\",\n      \"Action\": \"s3:ListBucket\",\n      \"Resource\": \"arn:aws:s3:::csidriver3-storage-20210419152825014400000001\"\n    },\n    {\n      \"Sid\": \"\",\n      \"Effect\": \"Allow\",\n      \"Action\": [\n        \"s3:PutObject\",\n        \"s3:ListObjects\",\n        \"s3:HeadObject\",\n        \"s3:GetObject\",\n        \"s3:DeleteObject\"\n      ],\n      \"Resource\": \"arn:aws:s3:::csidriver3-storage-20210419152825014400000001/*\"\n    }\n  ]\n}",
            "override_json": null,
            "policy_id": null,
            "source_json": null,
            "statement": [
              {
                "actions": [
                  "s3:ListBucket"
                ],
                "condition": [],
                "effect": "Allow",
                "not_actions": [],
                "not_principals": [],
                "not_resources": [],
                "principals": [],
                "resources": [
                  "arn:aws:s3:::csidriver3-storage-20210419152825014400000001"
                ],
                "sid": ""
              },
              {
                "actions": [
                  "s3:DeleteObject",
                  "s3:GetObject",
                  "s3:HeadObject",
                  "s3:ListObjects",
                  "s3:PutObject"
                ],
                "condition": [],
                "effect": "Allow",
                "not_actions": [],
                "not_principals": [],
                "not_resources": [],
                "principals": [],
                "resources": [
                  "arn:aws:s3:::csidriver3-storage-20210419152825014400000001/*"
                ],
                "sid": ""
              }
            ],
            "version": "2012-10-17"
          }
        }
      ]
    },
    {
      "module": "module.rack.module.api",
      "mode": "data",
      "type": "aws_partition",
      "name": "current",
      "provider": "provider[\"registry.terraform.io/hashicorp/aws\"]",
      "instances": [
        {
          "schema_version": 0,
          "attributes": {
            "dns_suffix": "amazonaws.com",
            "id": "2021-04-20 13:41:45.727404 +0000 UTC",
            "partition": "aws"
          }
        }
      ]
    },
    {
      "module": "module.rack.module.api",
      "mode": "data",
      "type": "aws_region",
      "name": "current",
      "provider": "provider[\"registry.terraform.io/hashicorp/aws\"]",
      "instances": [
        {
          "schema_version": 0,
          "attributes": {
            "current": null,
            "description": "US East (N. Virginia)",
            "endpoint": "ec2.us-east-1.amazonaws.com",
            "id": "us-east-1",
            "name": "us-east-1"
          }
        }
      ]
    },
    {
      "module": "module.rack.module.api",
      "mode": "managed",
      "type": "aws_iam_role",
      "name": "api",
      "provider": "provider[\"registry.terraform.io/hashicorp/aws\"]",
      "instances": [
        {
          "schema_version": 0,
          "attributes": {
            "arn": "arn:aws:iam::316441501734:role/convox/csidriver3-api",
            "assume_role_policy": "{\"Version\":\"2012-10-17\",\"Statement\":[{\"Sid\":\"\",\"Effect\":\"Allow\",\"Principal\":{\"Federated\":\"arn:aws:iam::316441501734:oidc-provider/oidc.eks.us-east-1.amazonaws.com/id/FC6C2BB7063D2F43599C0718409C6A94\"},\"Action\":\"sts:AssumeRoleWithWebIdentity\",\"Condition\":{\"StringEquals\":{\"oidc.eks.us-east-1.amazonaws.com/id/FC6C2BB7063D2F43599C0718409C6A94:sub\":\"system:serviceaccount:csidriver3-system:api\"}}}]}",
            "create_date": "2021-04-19T15:51:10Z",
            "description": "",
            "force_detach_policies": false,
            "id": "csidriver3-api",
            "max_session_duration": 3600,
            "name": "csidriver3-api",
            "name_prefix": null,
            "path": "/convox/",
            "permissions_boundary": null,
            "tags": {
              "Rack": "csidriver3",
              "System": "convox"
            },
            "unique_id": "AROAUTLLCEATFJW4LM7K4"
          },
          "private": "bnVsbA==",
          "dependencies": [
            "data.aws_eks_cluster_auth.cluster",
            "module.cluster.aws_eip.nat",
            "module.cluster.aws_eks_cluster.cluster",
            "module.cluster.aws_eks_node_group.cluster",
            "module.cluster.aws_iam_openid_connect_provider.cluster",
            "module.cluster.aws_iam_role.cluster",
            "module.cluster.aws_iam_role.nodes",
            "module.cluster.aws_iam_role_policy_attachment.cluster_ec2_readonly",
            "module.cluster.aws_iam_role_policy_attachment.cluster_eks_cluster",
            "module.cluster.aws_iam_role_policy_attachment.cluster_eks_service",
            "module.cluster.aws_iam_role_policy_attachment.nodes_ecr",
            "module.cluster.aws_iam_role_policy_attachment.nodes_eks_cni",
            "module.cluster.aws_iam_role_policy_attachment.nodes_eks_worker",
            "module.cluster.aws_internet_gateway.nodes",
            "module.cluster.aws_nat_gateway.private",
            "module.cluster.aws_route.private-default",
            "module.cluster.aws_route.public-default",
            "module.cluster.aws_route_table.private",
            "module.cluster.aws_route_table.public",
            "module.cluster.aws_route_table_association.private",
            "module.cluster.aws_route_table_association.public",
            "module.cluster.aws_security_group.cluster",
            "module.cluster.aws_subnet.private",
            "module.cluster.aws_subnet.public",
            "module.cluster.aws_vpc.nodes",
            "module.cluster.data.aws_availability_zones.available",
            "module.cluster.data.aws_iam_policy_document.assume_ec2",
            "module.cluster.data.aws_iam_policy_document.assume_eks",
            "module.cluster.data.aws_partition.current",
            "module.cluster.null_resource.delay_cluster",
            "module.cluster.null_resource.iam",
            "module.cluster.null_resource.network",
            "module.cluster.random_id.node_group",
            "module.rack.module.api.data.aws_iam_policy_document.assume_api",
            "module.rack.module.k8s.kubernetes_namespace.system"
          ]
        }
      ]
    },
    {
      "module": "module.rack.module.api",
      "mode": "managed",
      "type": "aws_iam_role_policy",
      "name": "api_logs",
      "provider": "provider[\"registry.terraform.io/hashicorp/aws\"]",
      "instances": [
        {
          "schema_version": 0,
          "attributes": {
            "id": "csidriver3-api:logs",
            "name": "logs",
            "name_prefix": null,
            "policy": "{\n  \"Version\": \"2012-10-17\",\n  \"Statement\": [\n    {\n      \"Sid\": \"\",\n      \"Effect\": \"Allow\",\n      \"Action\": [\n        \"logs:PutRetentionPolicy\",\n        \"logs:PutLogEvents\",\n        \"logs:FilterLogEvents\",\n        \"logs:DescribeLogStreams\",\n        \"logs:CreateLogStream\",\n        \"logs:CreateLogGroup\"\n      ],\n      \"Resource\": [\n        \"arn:aws:logs:us-east-1:316441501734:log-group:csidriver3-*\",\n        \"arn:aws:logs:us-east-1:316441501734:log-group:/convox/csidriver3/*\"\n      ]\n    }\n  ]\n}",
            "role": "csidriver3-api"
          },
          "private": "bnVsbA==",
          "dependencies": [
            "data.aws_eks_cluster_auth.cluster",
            "module.cluster.aws_eip.nat",
            "module.cluster.aws_eks_cluster.cluster",
            "module.cluster.aws_eks_node_group.cluster",
            "module.cluster.aws_iam_openid_connect_provider.cluster",
            "module.cluster.aws_iam_role.cluster",
            "module.cluster.aws_iam_role.nodes",
            "module.cluster.aws_iam_role_policy_attachment.cluster_ec2_readonly",
            "module.cluster.aws_iam_role_policy_attachment.cluster_eks_cluster",
            "module.cluster.aws_iam_role_policy_attachment.cluster_eks_service",
            "module.cluster.aws_iam_role_policy_attachment.nodes_ecr",
            "module.cluster.aws_iam_role_policy_attachment.nodes_eks_cni",
            "module.cluster.aws_iam_role_policy_attachment.nodes_eks_worker",
            "module.cluster.aws_internet_gateway.nodes",
            "module.cluster.aws_nat_gateway.private",
            "module.cluster.aws_route.private-default",
            "module.cluster.aws_route.public-default",
            "module.cluster.aws_route_table.private",
            "module.cluster.aws_route_table.public",
            "module.cluster.aws_route_table_association.private",
            "module.cluster.aws_route_table_association.public",
            "module.cluster.aws_security_group.cluster",
            "module.cluster.aws_subnet.private",
            "module.cluster.aws_subnet.public",
            "module.cluster.aws_vpc.nodes",
            "module.cluster.data.aws_availability_zones.available",
            "module.cluster.data.aws_iam_policy_document.assume_ec2",
            "module.cluster.data.aws_iam_policy_document.assume_eks",
            "module.cluster.data.aws_partition.current",
            "module.cluster.null_resource.delay_cluster",
            "module.cluster.null_resource.iam",
            "module.cluster.null_resource.network",
            "module.cluster.random_id.node_group",
            "module.rack.module.api.aws_iam_role.api",
            "module.rack.module.api.data.aws_iam_policy_document.assume_api",
            "module.rack.module.api.data.aws_iam_policy_document.logs",
            "module.rack.module.k8s.kubernetes_namespace.system"
          ]
        }
      ]
    },
    {
      "module": "module.rack.module.api",
      "mode": "managed",
      "type": "aws_iam_role_policy",
      "name": "api_storage",
      "provider": "provider[\"registry.terraform.io/hashicorp/aws\"]",
      "instances": [
        {
          "schema_version": 0,
          "attributes": {
            "id": "csidriver3-api:storage",
            "name": "storage",
            "name_prefix": null,
            "policy": "{\n  \"Version\": \"2012-10-17\",\n  \"Statement\": [\n    {\n      \"Sid\": \"\",\n      \"Effect\": \"Allow\",\n      \"Action\": \"s3:ListBucket\",\n      \"Resource\": \"arn:aws:s3:::csidriver3-storage-20210419152825014400000001\"\n    },\n    {\n      \"Sid\": \"\",\n      \"Effect\": \"Allow\",\n      \"Action\": [\n        \"s3:PutObject\",\n        \"s3:ListObjects\",\n        \"s3:HeadObject\",\n        \"s3:GetObject\",\n        \"s3:DeleteObject\"\n      ],\n      \"Resource\": \"arn:aws:s3:::csidriver3-storage-20210419152825014400000001/*\"\n    }\n  ]\n}",
            "role": "csidriver3-api"
          },
          "private": "bnVsbA==",
          "dependencies": [
            "data.aws_eks_cluster_auth.cluster",
            "module.cluster.aws_eip.nat",
            "module.cluster.aws_eks_cluster.cluster",
            "module.cluster.aws_eks_node_group.cluster",
            "module.cluster.aws_iam_openid_connect_provider.cluster",
            "module.cluster.aws_iam_role.cluster",
            "module.cluster.aws_iam_role.nodes",
            "module.cluster.aws_iam_role_policy_attachment.cluster_ec2_readonly",
            "module.cluster.aws_iam_role_policy_attachment.cluster_eks_cluster",
            "module.cluster.aws_iam_role_policy_attachment.cluster_eks_service",
            "module.cluster.aws_iam_role_policy_attachment.nodes_ecr",
            "module.cluster.aws_iam_role_policy_attachment.nodes_eks_cni",
            "module.cluster.aws_iam_role_policy_attachment.nodes_eks_worker",
            "module.cluster.aws_internet_gateway.nodes",
            "module.cluster.aws_nat_gateway.private",
            "module.cluster.aws_route.private-default",
            "module.cluster.aws_route.public-default",
            "module.cluster.aws_route_table.private",
            "module.cluster.aws_route_table.public",
            "module.cluster.aws_route_table_association.private",
            "module.cluster.aws_route_table_association.public",
            "module.cluster.aws_security_group.cluster",
            "module.cluster.aws_subnet.private",
            "module.cluster.aws_subnet.public",
            "module.cluster.aws_vpc.nodes",
            "module.cluster.data.aws_availability_zones.available",
            "module.cluster.data.aws_iam_policy_document.assume_ec2",
            "module.cluster.data.aws_iam_policy_document.assume_eks",
            "module.cluster.data.aws_partition.current",
            "module.cluster.null_resource.delay_cluster",
            "module.cluster.null_resource.iam",
            "module.cluster.null_resource.network",
            "module.cluster.random_id.node_group",
            "module.rack.module.api.aws_iam_role.api",
            "module.rack.module.api.aws_s3_bucket.storage",
            "module.rack.module.api.data.aws_iam_policy_document.assume_api",
            "module.rack.module.api.data.aws_iam_policy_document.storage",
            "module.rack.module.k8s.kubernetes_namespace.system"
          ]
        }
      ]
    },
    {
      "module": "module.rack.module.api",
      "mode": "managed",
      "type": "aws_iam_role_policy_attachment",
      "name": "api_ecr",
      "provider": "provider[\"registry.terraform.io/hashicorp/aws\"]",
      "instances": [
        {
          "schema_version": 0,
          "attributes": {
            "id": "csidriver3-api-2021041915511270070000000b",
            "policy_arn": "arn:aws:iam::aws:policy/AmazonEC2ContainerRegistryFullAccess",
            "role": "csidriver3-api"
          },
          "private": "bnVsbA==",
          "dependencies": [
            "data.aws_eks_cluster_auth.cluster",
            "module.cluster.aws_eip.nat",
            "module.cluster.aws_eks_cluster.cluster",
            "module.cluster.aws_eks_node_group.cluster",
            "module.cluster.aws_iam_openid_connect_provider.cluster",
            "module.cluster.aws_iam_role.cluster",
            "module.cluster.aws_iam_role.nodes",
            "module.cluster.aws_iam_role_policy_attachment.cluster_ec2_readonly",
            "module.cluster.aws_iam_role_policy_attachment.cluster_eks_cluster",
            "module.cluster.aws_iam_role_policy_attachment.cluster_eks_service",
            "module.cluster.aws_iam_role_policy_attachment.nodes_ecr",
            "module.cluster.aws_iam_role_policy_attachment.nodes_eks_cni",
            "module.cluster.aws_iam_role_policy_attachment.nodes_eks_worker",
            "module.cluster.aws_internet_gateway.nodes",
            "module.cluster.aws_nat_gateway.private",
            "module.cluster.aws_route.private-default",
            "module.cluster.aws_route.public-default",
            "module.cluster.aws_route_table.private",
            "module.cluster.aws_route_table.public",
            "module.cluster.aws_route_table_association.private",
            "module.cluster.aws_route_table_association.public",
            "module.cluster.aws_security_group.cluster",
            "module.cluster.aws_subnet.private",
            "module.cluster.aws_subnet.public",
            "module.cluster.aws_vpc.nodes",
            "module.cluster.data.aws_availability_zones.available",
            "module.cluster.data.aws_iam_policy_document.assume_ec2",
            "module.cluster.data.aws_iam_policy_document.assume_eks",
            "module.cluster.data.aws_partition.current",
            "module.cluster.null_resource.delay_cluster",
            "module.cluster.null_resource.iam",
            "module.cluster.null_resource.network",
            "module.cluster.random_id.node_group",
            "module.rack.module.api.aws_iam_role.api",
            "module.rack.module.api.data.aws_iam_policy_document.assume_api",
            "module.rack.module.api.data.aws_partition.current",
            "module.rack.module.k8s.kubernetes_namespace.system"
          ]
        }
      ]
    },
    {
      "module": "module.rack.module.api",
      "mode": "managed",
      "type": "aws_s3_bucket",
      "name": "storage",
      "provider": "provider[\"registry.terraform.io/hashicorp/aws\"]",
      "instances": [
        {
          "schema_version": 0,
          "attributes": {
            "acceleration_status": "",
            "acl": "private",
            "arn": "arn:aws:s3:::csidriver3-storage-20210419152825014400000001",
            "bucket": "csidriver3-storage-20210419152825014400000001",
            "bucket_domain_name": "csidriver3-storage-20210419152825014400000001.s3.amazonaws.com",
            "bucket_prefix": "csidriver3-storage-",
            "bucket_regional_domain_name": "csidriver3-storage-20210419152825014400000001.s3.amazonaws.com",
            "cors_rule": [],
            "force_destroy": true,
            "grant": [],
            "hosted_zone_id": "Z3AQBSTGFYJSTF",
            "id": "csidriver3-storage-20210419152825014400000001",
            "lifecycle_rule": [],
            "logging": [],
            "object_lock_configuration": [],
            "policy": null,
            "region": "us-east-1",
            "replication_configuration": [],
            "request_payer": "BucketOwner",
            "server_side_encryption_configuration": [
              {
                "rule": [
                  {
                    "apply_server_side_encryption_by_default": [
                      {
                        "kms_master_key_id": "",
                        "sse_algorithm": "aws:kms"
                      }
                    ]
                  }
                ]
              }
            ],
            "tags": {},
            "versioning": [
              {
                "enabled": false,
                "mfa_delete": false
              }
            ],
            "website": [],
            "website_domain": null,
            "website_endpoint": null
          },
          "private": "bnVsbA=="
        }
      ]
    },
    {
      "module": "module.rack.module.api.module.k8s",
      "mode": "managed",
      "type": "kubernetes_cluster_role",
      "name": "api",
      "provider": "provider[\"registry.terraform.io/hashicorp/kubernetes\"]",
      "instances": [
        {
          "schema_version": 0,
          "attributes": {
            "aggregation_rule": [],
            "id": "csidriver3-api",
            "metadata": [
              {
                "annotations": {},
                "generation": 0,
                "labels": {},
                "name": "csidriver3-api",
                "resource_version": "2456",
                "self_link": "/apis/rbac.authorization.k8s.io/v1/clusterroles/csidriver3-api",
                "uid": "dfe36cb3-140d-433e-adb1-d8200097ed27"
              }
            ],
            "rule": [
              {
                "api_groups": [
                  "*"
                ],
                "non_resource_urls": [],
                "resource_names": [],
                "resources": [
                  "*"
                ],
                "verbs": [
                  "*"
                ]
              }
            ]
          },
          "private": "bnVsbA==",
          "dependencies": [
            "data.aws_eks_cluster_auth.cluster",
            "module.cluster.aws_eip.nat",
            "module.cluster.aws_eks_cluster.cluster",
            "module.cluster.aws_eks_node_group.cluster",
            "module.cluster.aws_iam_openid_connect_provider.cluster",
            "module.cluster.aws_iam_role.cluster",
            "module.cluster.aws_iam_role.nodes",
            "module.cluster.aws_iam_role_policy_attachment.cluster_ec2_readonly",
            "module.cluster.aws_iam_role_policy_attachment.cluster_eks_cluster",
            "module.cluster.aws_iam_role_policy_attachment.cluster_eks_service",
            "module.cluster.aws_iam_role_policy_attachment.nodes_ecr",
            "module.cluster.aws_iam_role_policy_attachment.nodes_eks_cni",
            "module.cluster.aws_iam_role_policy_attachment.nodes_eks_worker",
            "module.cluster.aws_internet_gateway.nodes",
            "module.cluster.aws_nat_gateway.private",
            "module.cluster.aws_route.private-default",
            "module.cluster.aws_route.public-default",
            "module.cluster.aws_route_table.private",
            "module.cluster.aws_route_table.public",
            "module.cluster.aws_route_table_association.private",
            "module.cluster.aws_route_table_association.public",
            "module.cluster.aws_security_group.cluster",
            "module.cluster.aws_subnet.private",
            "module.cluster.aws_subnet.public",
            "module.cluster.aws_vpc.nodes",
            "module.cluster.data.aws_availability_zones.available",
            "module.cluster.data.aws_iam_policy_document.assume_ec2",
            "module.cluster.data.aws_iam_policy_document.assume_eks",
            "module.cluster.data.aws_partition.current",
            "module.cluster.null_resource.delay_cluster",
            "module.cluster.null_resource.iam",
            "module.cluster.null_resource.network",
            "module.cluster.random_id.node_group"
          ]
        }
      ]
    },
    {
      "module": "module.rack.module.api.module.k8s",
      "mode": "managed",
      "type": "kubernetes_cluster_role",
      "name": "atom",
      "provider": "provider[\"registry.terraform.io/hashicorp/kubernetes\"]",
      "instances": [
        {
          "schema_version": 0,
          "attributes": {
            "aggregation_rule": [],
            "id": "atom",
            "metadata": [
              {
                "annotations": {},
                "generation": 0,
                "labels": {},
                "name": "atom",
                "resource_version": "2434",
                "self_link": "/apis/rbac.authorization.k8s.io/v1/clusterroles/atom",
                "uid": "1150ff63-89d4-48e7-9da8-0fddbe9c914a"
              }
            ],
            "rule": [
              {
                "api_groups": [
                  "*"
                ],
                "non_resource_urls": [],
                "resource_names": [],
                "resources": [
                  "*"
                ],
                "verbs": [
                  "*"
                ]
              }
            ]
          },
          "private": "bnVsbA==",
          "dependencies": [
            "data.aws_eks_cluster_auth.cluster",
            "module.cluster.aws_eip.nat",
            "module.cluster.aws_eks_cluster.cluster",
            "module.cluster.aws_eks_node_group.cluster",
            "module.cluster.aws_iam_openid_connect_provider.cluster",
            "module.cluster.aws_iam_role.cluster",
            "module.cluster.aws_iam_role.nodes",
            "module.cluster.aws_iam_role_policy_attachment.cluster_ec2_readonly",
            "module.cluster.aws_iam_role_policy_attachment.cluster_eks_cluster",
            "module.cluster.aws_iam_role_policy_attachment.cluster_eks_service",
            "module.cluster.aws_iam_role_policy_attachment.nodes_ecr",
            "module.cluster.aws_iam_role_policy_attachment.nodes_eks_cni",
            "module.cluster.aws_iam_role_policy_attachment.nodes_eks_worker",
            "module.cluster.aws_internet_gateway.nodes",
            "module.cluster.aws_nat_gateway.private",
            "module.cluster.aws_route.private-default",
            "module.cluster.aws_route.public-default",
            "module.cluster.aws_route_table.private",
            "module.cluster.aws_route_table.public",
            "module.cluster.aws_route_table_association.private",
            "module.cluster.aws_route_table_association.public",
            "module.cluster.aws_security_group.cluster",
            "module.cluster.aws_subnet.private",
            "module.cluster.aws_subnet.public",
            "module.cluster.aws_vpc.nodes",
            "module.cluster.data.aws_availability_zones.available",
            "module.cluster.data.aws_iam_policy_document.assume_ec2",
            "module.cluster.data.aws_iam_policy_document.assume_eks",
            "module.cluster.data.aws_partition.current",
            "module.cluster.null_resource.delay_cluster",
            "module.cluster.null_resource.iam",
            "module.cluster.null_resource.network",
            "module.cluster.random_id.node_group"
          ]
        }
      ]
    },
    {
      "module": "module.rack.module.api.module.k8s",
      "mode": "managed",
      "type": "kubernetes_cluster_role_binding",
      "name": "api",
      "provider": "provider[\"registry.terraform.io/hashicorp/kubernetes\"]",
      "instances": [
        {
          "schema_version": 0,
          "attributes": {
            "id": "csidriver3-api",
            "metadata": [
              {
                "annotations": {},
                "generation": 0,
                "labels": {},
                "name": "csidriver3-api",
                "resource_version": "2512",
                "self_link": "/apis/rbac.authorization.k8s.io/v1/clusterrolebindings/csidriver3-api",
                "uid": "489edd97-a31c-4cc2-a50e-074347316119"
              }
            ],
            "role_ref": [
              {
                "api_group": "rbac.authorization.k8s.io",
                "kind": "ClusterRole",
                "name": "csidriver3-api"
              }
            ],
            "subject": [
              {
                "api_group": "",
                "kind": "ServiceAccount",
                "name": "api",
                "namespace": "csidriver3-system"
              }
            ]
          },
          "private": "bnVsbA==",
          "dependencies": [
            "data.aws_eks_cluster_auth.cluster",
            "module.cluster.aws_eip.nat",
            "module.cluster.aws_eks_cluster.cluster",
            "module.cluster.aws_eks_node_group.cluster",
            "module.cluster.aws_iam_openid_connect_provider.cluster",
            "module.cluster.aws_iam_role.cluster",
            "module.cluster.aws_iam_role.nodes",
            "module.cluster.aws_iam_role_policy_attachment.cluster_ec2_readonly",
            "module.cluster.aws_iam_role_policy_attachment.cluster_eks_cluster",
            "module.cluster.aws_iam_role_policy_attachment.cluster_eks_service",
            "module.cluster.aws_iam_role_policy_attachment.nodes_ecr",
            "module.cluster.aws_iam_role_policy_attachment.nodes_eks_cni",
            "module.cluster.aws_iam_role_policy_attachment.nodes_eks_worker",
            "module.cluster.aws_internet_gateway.nodes",
            "module.cluster.aws_nat_gateway.private",
            "module.cluster.aws_route.private-default",
            "module.cluster.aws_route.public-default",
            "module.cluster.aws_route_table.private",
            "module.cluster.aws_route_table.public",
            "module.cluster.aws_route_table_association.private",
            "module.cluster.aws_route_table_association.public",
            "module.cluster.aws_security_group.cluster",
            "module.cluster.aws_subnet.private",
            "module.cluster.aws_subnet.public",
            "module.cluster.aws_vpc.nodes",
            "module.cluster.data.aws_availability_zones.available",
            "module.cluster.data.aws_iam_policy_document.assume_ec2",
            "module.cluster.data.aws_iam_policy_document.assume_eks",
            "module.cluster.data.aws_partition.current",
            "module.cluster.null_resource.delay_cluster",
            "module.cluster.null_resource.iam",
            "module.cluster.null_resource.network",
            "module.cluster.random_id.node_group",
            "module.rack.module.api.aws_iam_role.api",
            "module.rack.module.api.data.aws_iam_policy_document.assume_api",
            "module.rack.module.api.module.k8s.kubernetes_cluster_role.api",
            "module.rack.module.api.module.k8s.kubernetes_service_account.api",
            "module.rack.module.k8s.kubernetes_namespace.system"
          ]
        }
      ]
    },
    {
      "module": "module.rack.module.api.module.k8s",
      "mode": "managed",
      "type": "kubernetes_cluster_role_binding",
      "name": "atom",
      "provider": "provider[\"registry.terraform.io/hashicorp/kubernetes\"]",
      "instances": [
        {
          "schema_version": 0,
          "attributes": {
            "id": "atom",
            "metadata": [
              {
                "annotations": {},
                "generation": 0,
                "labels": {},
                "name": "atom",
                "resource_version": "2468",
                "self_link": "/apis/rbac.authorization.k8s.io/v1/clusterrolebindings/atom",
                "uid": "e0b869fc-4b80-46a7-a86b-357d8ad73624"
              }
            ],
            "role_ref": [
              {
                "api_group": "rbac.authorization.k8s.io",
                "kind": "ClusterRole",
                "name": "atom"
              }
            ],
            "subject": [
              {
                "api_group": "",
                "kind": "ServiceAccount",
                "name": "atom",
                "namespace": "csidriver3-system"
              }
            ]
          },
          "private": "bnVsbA==",
          "dependencies": [
            "data.aws_eks_cluster_auth.cluster",
            "module.cluster.aws_eip.nat",
            "module.cluster.aws_eks_cluster.cluster",
            "module.cluster.aws_eks_node_group.cluster",
            "module.cluster.aws_iam_openid_connect_provider.cluster",
            "module.cluster.aws_iam_role.cluster",
            "module.cluster.aws_iam_role.nodes",
            "module.cluster.aws_iam_role_policy_attachment.cluster_ec2_readonly",
            "module.cluster.aws_iam_role_policy_attachment.cluster_eks_cluster",
            "module.cluster.aws_iam_role_policy_attachment.cluster_eks_service",
            "module.cluster.aws_iam_role_policy_attachment.nodes_ecr",
            "module.cluster.aws_iam_role_policy_attachment.nodes_eks_cni",
            "module.cluster.aws_iam_role_policy_attachment.nodes_eks_worker",
            "module.cluster.aws_internet_gateway.nodes",
            "module.cluster.aws_nat_gateway.private",
            "module.cluster.aws_route.private-default",
            "module.cluster.aws_route.public-default",
            "module.cluster.aws_route_table.private",
            "module.cluster.aws_route_table.public",
            "module.cluster.aws_route_table_association.private",
            "module.cluster.aws_route_table_association.public",
            "module.cluster.aws_security_group.cluster",
            "module.cluster.aws_subnet.private",
            "module.cluster.aws_subnet.public",
            "module.cluster.aws_vpc.nodes",
            "module.cluster.data.aws_availability_zones.available",
            "module.cluster.data.aws_iam_policy_document.assume_ec2",
            "module.cluster.data.aws_iam_policy_document.assume_eks",
            "module.cluster.data.aws_partition.current",
            "module.cluster.null_resource.delay_cluster",
            "module.cluster.null_resource.iam",
            "module.cluster.null_resource.network",
            "module.cluster.random_id.node_group",
            "module.rack.module.k8s.kubernetes_namespace.system"
          ]
        }
      ]
    },
    {
      "module": "module.rack.module.api.module.k8s",
      "mode": "managed",
      "type": "kubernetes_deployment",
      "name": "api",
      "provider": "provider[\"registry.terraform.io/hashicorp/kubernetes\"]",
      "instances": [
        {
          "schema_version": 0,
          "attributes": {
            "id": "csidriver3-system/api",
            "metadata": [
              {
                "annotations": {},
                "generate_name": "",
                "generation": 24,
                "labels": {
                  "app": "system",
                  "name": "api",
                  "rack": "csidriver3",
                  "service": "api",
                  "system": "convox",
                  "type": "service"
                },
                "name": "api",
                "namespace": "csidriver3-system",
                "resource_version": "528907",
                "self_link": "/apis/apps/v1/namespaces/csidriver3-system/deployments/api",
                "uid": "16e64596-4b8d-4c1f-8963-34c924435817"
              }
            ],
            "spec": [
              {
                "min_ready_seconds": 3,
                "paused": false,
                "progress_deadline_seconds": 600,
                "replicas": 2,
                "revision_history_limit": 0,
                "selector": [
                  {
                    "match_expressions": [],
                    "match_labels": {
                      "name": "api",
                      "service": "api",
                      "system": "convox",
                      "type": "service"
                    }
                  }
                ],
                "strategy": [
                  {
                    "rolling_update": [
                      {
                        "max_surge": "1",
                        "max_unavailable": "0"
                      }
                    ],
                    "type": "RollingUpdate"
                  }
                ],
                "template": [
                  {
                    "metadata": [
                      {
                        "annotations": {
                          "cert-manager.io/cluster-issuer": "letsencrypt",
                          "eks.amazonaws.com/role-arn": "arn:aws:iam::316441501734:role/convox/csidriver3-api",
                          "iam.amazonaws.com/role": "arn:aws:iam::316441501734:role/convox/csidriver3-api",
                          "kubernetes.io/ingress.class": "nginx",
                          "scheduler.alpha.kubernetes.io/critical-pod": ""
                        },
                        "generate_name": "",
                        "generation": 0,
                        "labels": {
                          "app": "system",
                          "name": "api",
                          "rack": "csidriver3",
                          "service": "api",
                          "system": "convox",
                          "type": "service"
                        },
                        "name": "",
                        "namespace": "",
                        "resource_version": "",
                        "self_link": "",
                        "uid": ""
                      }
                    ],
                    "spec": [
                      {
                        "active_deadline_seconds": 0,
                        "affinity": [],
                        "automount_service_account_token": true,
                        "container": [
                          {
                            "args": [
                              "api"
                            ],
                            "command": [],
                            "env": [
                              {
                                "name": "DOMAIN",
                                "value": "eb35b5e724e996a0.convox.cloud",
                                "value_from": []
                              },
                              {
                                "name": "IMAGE",
                                "value": "convox/convox:use-csi-driver",
                                "value_from": []
                              },
                              {
                                "name": "NAMESPACE",
                                "value": "",
                                "value_from": [
                                  {
                                    "config_map_key_ref": [],
                                    "field_ref": [
                                      {
                                        "api_version": "v1",
                                        "field_path": "metadata.namespace"
                                      }
                                    ],
                                    "resource_field_ref": [],
                                    "secret_key_ref": []
                                  }
                                ]
                              },
                              {
                                "name": "PASSWORD",
                                "value": "WnNiJdjrz7hJgIdUOrfZlmIjSSzLw81O2SB48Cw5XlHaTrf2B0DTW3aiXAduyEp6",
                                "value_from": []
                              },
                              {
                                "name": "VERSION",
                                "value": "use-csi-driver",
                                "value_from": []
                              },
                              {
                                "name": "AWS_REGION",
                                "value": "us-east-1",
                                "value_from": []
                              },
                              {
                                "name": "BUCKET",
                                "value": "csidriver3-storage-20210419152825014400000001",
                                "value_from": []
                              },
                              {
                                "name": "CERT_MANAGER",
                                "value": "true",
                                "value_from": []
                              },
                              {
                                "name": "PROVIDER",
                                "value": "aws",
                                "value_from": []
                              },
                              {
                                "name": "RESOLVER",
                                "value": "172.20.183.157",
                                "value_from": []
                              },
                              {
                                "name": "ROUTER",
                                "value": "eb35b5e724e996a0.convox.cloud",
                                "value_from": []
                              },
                              {
                                "name": "SOCKET",
                                "value": "/var/run/docker.sock",
                                "value_from": []
                              }
                            ],
                            "env_from": [],
                            "image": "convox/convox:use-csi-driver",
                            "image_pull_policy": "Always",
                            "lifecycle": [],
                            "liveness_probe": [
                              {
                                "exec": [],
                                "failure_threshold": 5,
                                "http_get": [
                                  {
                                    "host": "",
                                    "http_header": [],
                                    "path": "/check",
                                    "port": "5443",
                                    "scheme": "HTTPS"
                                  }
                                ],
                                "initial_delay_seconds": 0,
                                "period_seconds": 3,
                                "success_threshold": 1,
                                "tcp_socket": [],
                                "timeout_seconds": 3
                              }
                            ],
                            "name": "system",
                            "port": [
                              {
                                "container_port": 5443,
                                "host_ip": "",
                                "host_port": 0,
                                "name": "",
                                "protocol": "TCP"
                              }
                            ],
                            "readiness_probe": [
                              {
                                "exec": [],
                                "failure_threshold": 5,
                                "http_get": [
                                  {
                                    "host": "",
                                    "http_header": [],
                                    "path": "/check",
                                    "port": "5443",
                                    "scheme": "HTTPS"
                                  }
                                ],
                                "initial_delay_seconds": 0,
                                "period_seconds": 3,
                                "success_threshold": 1,
                                "tcp_socket": [],
                                "timeout_seconds": 3
                              }
                            ],
                            "resources": [
                              {
                                "limits": [],
                                "requests": []
                              }
                            ],
                            "security_context": [],
                            "startup_probe": [],
                            "stdin": false,
                            "stdin_once": false,
                            "termination_message_path": "/dev/termination-log",
                            "termination_message_policy": "File",
                            "tty": false,
                            "volume_mount": [
                              {
                                "mount_path": "/var/run/docker.sock",
                                "mount_propagation": "None",
                                "name": "docker",
                                "read_only": false,
                                "sub_path": ""
                              }
                            ],
                            "working_dir": ""
                          }
                        ],
                        "dns_config": [],
                        "dns_policy": "ClusterFirst",
                        "enable_service_links": true,
                        "host_aliases": [],
                        "host_ipc": false,
                        "host_network": false,
                        "host_pid": false,
                        "hostname": "",
                        "image_pull_secrets": [],
                        "init_container": [],
                        "node_name": "",
                        "node_selector": {},
                        "priority_class_name": "system-cluster-critical",
                        "readiness_gate": [],
                        "restart_policy": "Always",
                        "security_context": [],
                        "service_account_name": "api",
                        "share_process_namespace": true,
                        "subdomain": "",
                        "termination_grace_period_seconds": 30,
                        "toleration": [],
                        "volume": [
                          {
                            "aws_elastic_block_store": [],
                            "azure_disk": [],
                            "azure_file": [],
                            "ceph_fs": [],
                            "cinder": [],
                            "config_map": [],
                            "csi": [],
                            "downward_api": [],
                            "empty_dir": [],
                            "fc": [],
                            "flex_volume": [],
                            "flocker": [],
                            "gce_persistent_disk": [],
                            "git_repo": [],
                            "glusterfs": [],
                            "host_path": [
                              {
                                "path": "/var/run/docker.sock",
                                "type": ""
                              }
                            ],
                            "iscsi": [],
                            "local": [],
                            "name": "docker",
                            "nfs": [],
                            "persistent_volume_claim": [],
                            "photon_persistent_disk": [],
                            "projected": [],
                            "quobyte": [],
                            "rbd": [],
                            "secret": [],
                            "vsphere_volume": []
                          }
                        ]
                      }
                    ]
                  }
                ]
              }
            ],
            "timeouts": null,
            "wait_for_rollout": true
          },
          "private": "eyJlMmJmYjczMC1lY2FhLTExZTYtOGY4OC0zNDM2M2JjN2M0YzAiOnsiY3JlYXRlIjo2MDAwMDAwMDAwMDAsImRlbGV0ZSI6NjAwMDAwMDAwMDAwLCJ1cGRhdGUiOjYwMDAwMDAwMDAwMH19",
          "dependencies": [
            "data.aws_eks_cluster_auth.cluster",
            "data.http.releases",
            "module.cluster.aws_eks_cluster.cluster",
            "module.cluster.aws_eks_node_group.cluster",
            "module.rack.module.api.aws_iam_role.api",
            "module.rack.module.api.aws_s3_bucket.storage",
            "module.rack.module.api.data.aws_region.current",
            "module.rack.module.api.module.k8s.kubernetes_service_account.api",
            "module.rack.module.api.module.k8s.random_string.password",
            "module.rack.module.k8s.kubernetes_namespace.system",
            "module.rack.module.resolver.module.k8s.kubernetes_service.resolver",
            "module.rack.module.router.data.http.alias"
          ]
        }
      ]
    },
    {
      "module": "module.rack.module.api.module.k8s",
      "mode": "managed",
      "type": "kubernetes_deployment",
      "name": "atom",
      "provider": "provider[\"registry.terraform.io/hashicorp/kubernetes\"]",
      "instances": [
        {
          "schema_version": 0,
          "attributes": {
            "id": "csidriver3-system/atom",
            "metadata": [
              {
                "annotations": {},
                "generate_name": "",
                "generation": 2,
                "labels": {
                  "app": "system",
                  "name": "atom",
                  "rack": "csidriver3",
                  "service": "atom",
                  "system": "convox",
                  "type": "service"
                },
                "name": "atom",
                "namespace": "csidriver3-system",
                "resource_version": "24956",
                "self_link": "/apis/apps/v1/namespaces/csidriver3-system/deployments/atom",
                "uid": "f6f39296-cec0-4d2e-98a6-e619468c0e96"
              }
            ],
            "spec": [
              {
                "min_ready_seconds": 0,
                "paused": false,
                "progress_deadline_seconds": 600,
                "replicas": 1,
                "revision_history_limit": 0,
                "selector": [
                  {
                    "match_expressions": [],
                    "match_labels": {
                      "name": "atom",
                      "service": "atom",
                      "system": "convox",
                      "type": "service"
                    }
                  }
                ],
                "strategy": [
                  {
                    "rolling_update": [
                      {
                        "max_surge": "1",
                        "max_unavailable": "0"
                      }
                    ],
                    "type": "RollingUpdate"
                  }
                ],
                "template": [
                  {
                    "metadata": [
                      {
                        "annotations": {
                          "scheduler.alpha.kubernetes.io/critical-pod": ""
                        },
                        "generate_name": "",
                        "generation": 0,
                        "labels": {
                          "app": "system",
                          "name": "atom",
                          "rack": "csidriver3",
                          "service": "atom",
                          "system": "convox",
                          "type": "service"
                        },
                        "name": "",
                        "namespace": "",
                        "resource_version": "",
                        "self_link": "",
                        "uid": ""
                      }
                    ],
                    "spec": [
                      {
                        "active_deadline_seconds": 0,
                        "affinity": [],
                        "automount_service_account_token": true,
                        "container": [
                          {
                            "args": [
                              "atom"
                            ],
                            "command": [],
                            "env": [],
                            "env_from": [],
                            "image": "convox/convox:use-csi-driver",
                            "image_pull_policy": "Always",
                            "lifecycle": [],
                            "liveness_probe": [],
                            "name": "system",
                            "port": [],
                            "readiness_probe": [],
                            "resources": [
                              {
                                "limits": [],
                                "requests": [
                                  {
                                    "cpu": "32m",
                                    "memory": "32Mi"
                                  }
                                ]
                              }
                            ],
                            "security_context": [],
                            "startup_probe": [],
                            "stdin": false,
                            "stdin_once": false,
                            "termination_message_path": "/dev/termination-log",
                            "termination_message_policy": "File",
                            "tty": false,
                            "volume_mount": [],
                            "working_dir": ""
                          }
                        ],
                        "dns_config": [],
                        "dns_policy": "ClusterFirst",
                        "enable_service_links": true,
                        "host_aliases": [],
                        "host_ipc": false,
                        "host_network": false,
                        "host_pid": false,
                        "hostname": "",
                        "image_pull_secrets": [],
                        "init_container": [],
                        "node_name": "",
                        "node_selector": {},
                        "priority_class_name": "system-cluster-critical",
                        "readiness_gate": [],
                        "restart_policy": "Always",
                        "security_context": [],
                        "service_account_name": "atom",
                        "share_process_namespace": true,
                        "subdomain": "",
                        "termination_grace_period_seconds": 30,
                        "toleration": [],
                        "volume": []
                      }
                    ]
                  }
                ]
              }
            ],
            "timeouts": null,
            "wait_for_rollout": true
          },
          "private": "eyJlMmJmYjczMC1lY2FhLTExZTYtOGY4OC0zNDM2M2JjN2M0YzAiOnsiY3JlYXRlIjo2MDAwMDAwMDAwMDAsImRlbGV0ZSI6NjAwMDAwMDAwMDAwLCJ1cGRhdGUiOjYwMDAwMDAwMDAwMH19",
          "dependencies": [
            "data.aws_eks_cluster_auth.cluster",
            "data.http.releases",
            "module.cluster.aws_eks_cluster.cluster",
            "module.cluster.aws_eks_node_group.cluster",
            "module.rack.module.k8s.kubernetes_namespace.system"
          ]
        }
      ]
    },
    {
      "module": "module.rack.module.api.module.k8s",
      "mode": "managed",
      "type": "kubernetes_ingress",
      "name": "api",
      "provider": "provider[\"registry.terraform.io/hashicorp/kubernetes\"]",
      "instances": [
        {
          "schema_version": 0,
          "attributes": {
            "id": "csidriver3-system/api",
            "load_balancer_ingress": [
              {
                "hostname": "a121edc50b3194d7c90ffc55e308cce5-778392767ac12122.elb.us-east-1.amazonaws.com",
                "ip": ""
              }
            ],
            "metadata": [
              {
                "annotations": {
                  "cert-manager.io/cluster-issuer": "letsencrypt",
                  "convox.com/backend-protocol": "https",
                  "eks.amazonaws.com/role-arn": "arn:aws:iam::316441501734:role/convox/csidriver3-api",
                  "iam.amazonaws.com/role": "arn:aws:iam::316441501734:role/convox/csidriver3-api",
                  "kubernetes.io/ingress.class": "nginx",
                  "nginx.ingress.kubernetes.io/backend-protocol": "https",
                  "nginx.ingress.kubernetes.io/proxy-read-timeout": "99999",
                  "nginx.ingress.kubernetes.io/proxy-send-timeout": "99999"
                },
                "generate_name": "",
                "generation": 1,
                "labels": {
                  "service": "api",
                  "system": "convox"
                },
                "name": "api",
                "namespace": "csidriver3-system",
                "resource_version": "2926",
                "self_link": "/apis/extensions/v1beta1/namespaces/csidriver3-system/ingresses/api",
                "uid": "9046c298-a054-45bf-8fcb-03afe361556d"
              }
            ],
            "spec": [
              {
                "backend": [],
                "rule": [
                  {
                    "host": "api.eb35b5e724e996a0.convox.cloud",
                    "http": [
                      {
                        "path": [
                          {
                            "backend": [
                              {
                                "service_name": "api",
                                "service_port": "5443"
                              }
                            ],
                            "path": ""
                          }
                        ]
                      }
                    ]
                  }
                ],
                "tls": [
                  {
                    "hosts": [
                      "api.eb35b5e724e996a0.convox.cloud"
                    ],
                    "secret_name": "api-certificate"
                  }
                ]
              }
            ],
            "wait_for_load_balancer": true
          },
          "private": "bnVsbA==",
          "dependencies": [
            "data.aws_eks_cluster_auth.cluster",
            "module.cluster.aws_eip.nat",
            "module.cluster.aws_eks_cluster.cluster",
            "module.cluster.aws_eks_node_group.cluster",
            "module.cluster.aws_iam_openid_connect_provider.cluster",
            "module.cluster.aws_iam_role.cluster",
            "module.cluster.aws_iam_role.nodes",
            "module.cluster.aws_iam_role_policy_attachment.cluster_ec2_readonly",
            "module.cluster.aws_iam_role_policy_attachment.cluster_eks_cluster",
            "module.cluster.aws_iam_role_policy_attachment.cluster_eks_service",
            "module.cluster.aws_iam_role_policy_attachment.nodes_ecr",
            "module.cluster.aws_iam_role_policy_attachment.nodes_eks_cni",
            "module.cluster.aws_iam_role_policy_attachment.nodes_eks_worker",
            "module.cluster.aws_internet_gateway.nodes",
            "module.cluster.aws_nat_gateway.private",
            "module.cluster.aws_route.private-default",
            "module.cluster.aws_route.public-default",
            "module.cluster.aws_route_table.private",
            "module.cluster.aws_route_table.public",
            "module.cluster.aws_route_table_association.private",
            "module.cluster.aws_route_table_association.public",
            "module.cluster.aws_security_group.cluster",
            "module.cluster.aws_subnet.private",
            "module.cluster.aws_subnet.public",
            "module.cluster.aws_vpc.nodes",
            "module.cluster.data.aws_availability_zones.available",
            "module.cluster.data.aws_iam_policy_document.assume_ec2",
            "module.cluster.data.aws_iam_policy_document.assume_eks",
            "module.cluster.data.aws_partition.current",
            "module.cluster.null_resource.delay_cluster",
            "module.cluster.null_resource.iam",
            "module.cluster.null_resource.network",
            "module.cluster.random_id.node_group",
            "module.rack.module.api.aws_iam_role.api",
            "module.rack.module.api.data.aws_iam_policy_document.assume_api",
            "module.rack.module.api.module.k8s.kubernetes_service.api",
            "module.rack.module.k8s.kubernetes_namespace.system",
            "module.rack.module.router.data.http.alias",
            "module.rack.module.router.kubernetes_service.router"
          ]
        }
      ]
    },
    {
      "module": "module.rack.module.api.module.k8s",
      "mode": "managed",
      "type": "kubernetes_ingress",
      "name": "kubernetes",
      "provider": "provider[\"registry.terraform.io/hashicorp/kubernetes\"]",
      "instances": [
        {
          "schema_version": 0,
          "attributes": {
            "id": "csidriver3-system/kubernetes",
            "load_balancer_ingress": [
              {
                "hostname": "a121edc50b3194d7c90ffc55e308cce5-778392767ac12122.elb.us-east-1.amazonaws.com",
                "ip": ""
              }
            ],
            "metadata": [
              {
                "annotations": {
                  "cert-manager.io/cluster-issuer": "letsencrypt",
                  "eks.amazonaws.com/role-arn": "arn:aws:iam::316441501734:role/convox/csidriver3-api",
                  "iam.amazonaws.com/role": "arn:aws:iam::316441501734:role/convox/csidriver3-api",
                  "kubernetes.io/ingress.class": "nginx",
                  "nginx.ingress.kubernetes.io/use-regex": "true"
                },
                "generate_name": "",
                "generation": 1,
                "labels": {
                  "service": "api",
                  "system": "convox"
                },
                "name": "kubernetes",
                "namespace": "csidriver3-system",
                "resource_version": "2927",
                "self_link": "/apis/extensions/v1beta1/namespaces/csidriver3-system/ingresses/kubernetes",
                "uid": "693d3f01-f364-4f36-9b8f-d86498683532"
              }
            ],
            "spec": [
              {
                "backend": [],
                "rule": [
                  {
                    "host": "api.eb35b5e724e996a0.convox.cloud",
                    "http": [
                      {
                        "path": [
                          {
                            "backend": [
                              {
                                "service_name": "api",
                                "service_port": "8001"
                              }
                            ],
                            "path": "/kubernetes/.*"
                          }
                        ]
                      }
                    ]
                  }
                ],
                "tls": [
                  {
                    "hosts": [
                      "api.eb35b5e724e996a0.convox.cloud"
                    ],
                    "secret_name": "api-certificate"
                  }
                ]
              }
            ],
            "wait_for_load_balancer": true
          },
          "private": "bnVsbA==",
          "dependencies": [
            "data.aws_eks_cluster_auth.cluster",
            "module.cluster.aws_eip.nat",
            "module.cluster.aws_eks_cluster.cluster",
            "module.cluster.aws_eks_node_group.cluster",
            "module.cluster.aws_iam_openid_connect_provider.cluster",
            "module.cluster.aws_iam_role.cluster",
            "module.cluster.aws_iam_role.nodes",
            "module.cluster.aws_iam_role_policy_attachment.cluster_ec2_readonly",
            "module.cluster.aws_iam_role_policy_attachment.cluster_eks_cluster",
            "module.cluster.aws_iam_role_policy_attachment.cluster_eks_service",
            "module.cluster.aws_iam_role_policy_attachment.nodes_ecr",
            "module.cluster.aws_iam_role_policy_attachment.nodes_eks_cni",
            "module.cluster.aws_iam_role_policy_attachment.nodes_eks_worker",
            "module.cluster.aws_internet_gateway.nodes",
            "module.cluster.aws_nat_gateway.private",
            "module.cluster.aws_route.private-default",
            "module.cluster.aws_route.public-default",
            "module.cluster.aws_route_table.private",
            "module.cluster.aws_route_table.public",
            "module.cluster.aws_route_table_association.private",
            "module.cluster.aws_route_table_association.public",
            "module.cluster.aws_security_group.cluster",
            "module.cluster.aws_subnet.private",
            "module.cluster.aws_subnet.public",
            "module.cluster.aws_vpc.nodes",
            "module.cluster.data.aws_availability_zones.available",
            "module.cluster.data.aws_iam_policy_document.assume_ec2",
            "module.cluster.data.aws_iam_policy_document.assume_eks",
            "module.cluster.data.aws_partition.current",
            "module.cluster.null_resource.delay_cluster",
            "module.cluster.null_resource.iam",
            "module.cluster.null_resource.network",
            "module.cluster.random_id.node_group",
            "module.rack.module.api.aws_iam_role.api",
            "module.rack.module.api.data.aws_iam_policy_document.assume_api",
            "module.rack.module.api.module.k8s.kubernetes_service.api",
            "module.rack.module.k8s.kubernetes_namespace.system",
            "module.rack.module.router.data.http.alias",
            "module.rack.module.router.kubernetes_service.router"
          ]
        }
      ]
    },
    {
      "module": "module.rack.module.api.module.k8s",
      "mode": "managed",
      "type": "kubernetes_service",
      "name": "api",
      "provider": "provider[\"registry.terraform.io/hashicorp/kubernetes\"]",
      "instances": [
        {
          "schema_version": 0,
          "attributes": {
            "id": "csidriver3-system/api",
            "load_balancer_ingress": [],
            "metadata": [
              {
                "annotations": {},
                "generate_name": "",
                "generation": 0,
                "labels": {
                  "service": "api",
                  "system": "convox"
                },
                "name": "api",
                "namespace": "csidriver3-system",
                "resource_version": "2460",
                "self_link": "/api/v1/namespaces/csidriver3-system/services/api",
                "uid": "1ae031cd-ed8d-48db-9454-b42d52ac5c20"
              }
            ],
            "spec": [
              {
                "cluster_ip": "172.20.92.242",
                "external_ips": [],
                "external_name": "",
                "external_traffic_policy": "",
                "health_check_node_port": 0,
                "load_balancer_ip": "",
                "load_balancer_source_ranges": [],
                "port": [
                  {
                    "name": "https",
                    "node_port": 0,
                    "port": 5443,
                    "protocol": "TCP",
                    "target_port": "5443"
                  },
                  {
                    "name": "kubernetes",
                    "node_port": 0,
                    "port": 8001,
                    "protocol": "TCP",
                    "target_port": "8001"
                  }
                ],
                "publish_not_ready_addresses": false,
                "selector": {
                  "service": "api",
                  "system": "convox"
                },
                "session_affinity": "None",
                "type": "ClusterIP"
              }
            ],
            "timeouts": null
          },
          "private": "eyJlMmJmYjczMC1lY2FhLTExZTYtOGY4OC0zNDM2M2JjN2M0YzAiOnsiY3JlYXRlIjo2MDAwMDAwMDAwMDB9fQ==",
          "dependencies": [
            "data.aws_eks_cluster_auth.cluster",
            "module.cluster.aws_eip.nat",
            "module.cluster.aws_eks_cluster.cluster",
            "module.cluster.aws_eks_node_group.cluster",
            "module.cluster.aws_iam_openid_connect_provider.cluster",
            "module.cluster.aws_iam_role.cluster",
            "module.cluster.aws_iam_role.nodes",
            "module.cluster.aws_iam_role_policy_attachment.cluster_ec2_readonly",
            "module.cluster.aws_iam_role_policy_attachment.cluster_eks_cluster",
            "module.cluster.aws_iam_role_policy_attachment.cluster_eks_service",
            "module.cluster.aws_iam_role_policy_attachment.nodes_ecr",
            "module.cluster.aws_iam_role_policy_attachment.nodes_eks_cni",
            "module.cluster.aws_iam_role_policy_attachment.nodes_eks_worker",
            "module.cluster.aws_internet_gateway.nodes",
            "module.cluster.aws_nat_gateway.private",
            "module.cluster.aws_route.private-default",
            "module.cluster.aws_route.public-default",
            "module.cluster.aws_route_table.private",
            "module.cluster.aws_route_table.public",
            "module.cluster.aws_route_table_association.private",
            "module.cluster.aws_route_table_association.public",
            "module.cluster.aws_security_group.cluster",
            "module.cluster.aws_subnet.private",
            "module.cluster.aws_subnet.public",
            "module.cluster.aws_vpc.nodes",
            "module.cluster.data.aws_availability_zones.available",
            "module.cluster.data.aws_iam_policy_document.assume_ec2",
            "module.cluster.data.aws_iam_policy_document.assume_eks",
            "module.cluster.data.aws_partition.current",
            "module.cluster.null_resource.delay_cluster",
            "module.cluster.null_resource.iam",
            "module.cluster.null_resource.network",
            "module.cluster.random_id.node_group",
            "module.rack.module.k8s.kubernetes_namespace.system"
          ]
        }
      ]
    },
    {
      "module": "module.rack.module.api.module.k8s",
      "mode": "managed",
      "type": "kubernetes_service_account",
      "name": "api",
      "provider": "provider[\"registry.terraform.io/hashicorp/kubernetes\"]",
      "instances": [
        {
          "schema_version": 0,
          "attributes": {
            "automount_service_account_token": false,
            "default_secret_name": "api-token-s2zxn",
            "id": "csidriver3-system/api",
            "image_pull_secret": [],
            "metadata": [
              {
                "annotations": {
                  "cert-manager.io/cluster-issuer": "letsencrypt",
                  "eks.amazonaws.com/role-arn": "arn:aws:iam::316441501734:role/convox/csidriver3-api",
                  "iam.amazonaws.com/role": "arn:aws:iam::316441501734:role/convox/csidriver3-api",
                  "kubernetes.io/ingress.class": "nginx"
                },
                "generate_name": "",
                "generation": 0,
                "labels": {},
                "name": "api",
                "namespace": "csidriver3-system",
                "resource_version": "2508",
                "self_link": "/api/v1/namespaces/csidriver3-system/serviceaccounts/api",
                "uid": "5f927b72-ed50-453d-9d48-d71afefc8dca"
              }
            ],
            "secret": [],
            "timeouts": null
          },
          "private": "eyJlMmJmYjczMC1lY2FhLTExZTYtOGY4OC0zNDM2M2JjN2M0YzAiOnsiY3JlYXRlIjozMDAwMDAwMDAwMH19",
          "dependencies": [
            "data.aws_eks_cluster_auth.cluster",
            "module.cluster.aws_eip.nat",
            "module.cluster.aws_eks_cluster.cluster",
            "module.cluster.aws_eks_node_group.cluster",
            "module.cluster.aws_iam_openid_connect_provider.cluster",
            "module.cluster.aws_iam_role.cluster",
            "module.cluster.aws_iam_role.nodes",
            "module.cluster.aws_iam_role_policy_attachment.cluster_ec2_readonly",
            "module.cluster.aws_iam_role_policy_attachment.cluster_eks_cluster",
            "module.cluster.aws_iam_role_policy_attachment.cluster_eks_service",
            "module.cluster.aws_iam_role_policy_attachment.nodes_ecr",
            "module.cluster.aws_iam_role_policy_attachment.nodes_eks_cni",
            "module.cluster.aws_iam_role_policy_attachment.nodes_eks_worker",
            "module.cluster.aws_internet_gateway.nodes",
            "module.cluster.aws_nat_gateway.private",
            "module.cluster.aws_route.private-default",
            "module.cluster.aws_route.public-default",
            "module.cluster.aws_route_table.private",
            "module.cluster.aws_route_table.public",
            "module.cluster.aws_route_table_association.private",
            "module.cluster.aws_route_table_association.public",
            "module.cluster.aws_security_group.cluster",
            "module.cluster.aws_subnet.private",
            "module.cluster.aws_subnet.public",
            "module.cluster.aws_vpc.nodes",
            "module.cluster.data.aws_availability_zones.available",
            "module.cluster.data.aws_iam_policy_document.assume_ec2",
            "module.cluster.data.aws_iam_policy_document.assume_eks",
            "module.cluster.data.aws_partition.current",
            "module.cluster.null_resource.delay_cluster",
            "module.cluster.null_resource.iam",
            "module.cluster.null_resource.network",
            "module.cluster.random_id.node_group",
            "module.rack.module.api.aws_iam_role.api",
            "module.rack.module.api.data.aws_iam_policy_document.assume_api",
            "module.rack.module.k8s.kubernetes_namespace.system"
          ]
        }
      ]
    },
    {
      "module": "module.rack.module.api.module.k8s",
      "mode": "managed",
      "type": "kubernetes_service_account",
      "name": "atom",
      "provider": "provider[\"registry.terraform.io/hashicorp/kubernetes\"]",
      "instances": [
        {
          "schema_version": 0,
          "attributes": {
            "automount_service_account_token": false,
            "default_secret_name": "atom-token-2w44j",
            "id": "csidriver3-system/atom",
            "image_pull_secret": [],
            "metadata": [
              {
                "annotations": {},
                "generate_name": "",
                "generation": 0,
                "labels": {},
                "name": "atom",
                "namespace": "csidriver3-system",
                "resource_version": "2475",
                "self_link": "/api/v1/namespaces/csidriver3-system/serviceaccounts/atom",
                "uid": "5b982ae4-f4ee-4ff1-a4a0-3e0c2ec816b8"
              }
            ],
            "secret": [],
            "timeouts": null
          },
          "private": "eyJlMmJmYjczMC1lY2FhLTExZTYtOGY4OC0zNDM2M2JjN2M0YzAiOnsiY3JlYXRlIjozMDAwMDAwMDAwMH19",
          "dependencies": [
            "data.aws_eks_cluster_auth.cluster",
            "module.cluster.aws_eip.nat",
            "module.cluster.aws_eks_cluster.cluster",
            "module.cluster.aws_eks_node_group.cluster",
            "module.cluster.aws_iam_openid_connect_provider.cluster",
            "module.cluster.aws_iam_role.cluster",
            "module.cluster.aws_iam_role.nodes",
            "module.cluster.aws_iam_role_policy_attachment.cluster_ec2_readonly",
            "module.cluster.aws_iam_role_policy_attachment.cluster_eks_cluster",
            "module.cluster.aws_iam_role_policy_attachment.cluster_eks_service",
            "module.cluster.aws_iam_role_policy_attachment.nodes_ecr",
            "module.cluster.aws_iam_role_policy_attachment.nodes_eks_cni",
            "module.cluster.aws_iam_role_policy_attachment.nodes_eks_worker",
            "module.cluster.aws_internet_gateway.nodes",
            "module.cluster.aws_nat_gateway.private",
            "module.cluster.aws_route.private-default",
            "module.cluster.aws_route.public-default",
            "module.cluster.aws_route_table.private",
            "module.cluster.aws_route_table.public",
            "module.cluster.aws_route_table_association.private",
            "module.cluster.aws_route_table_association.public",
            "module.cluster.aws_security_group.cluster",
            "module.cluster.aws_subnet.private",
            "module.cluster.aws_subnet.public",
            "module.cluster.aws_vpc.nodes",
            "module.cluster.data.aws_availability_zones.available",
            "module.cluster.data.aws_iam_policy_document.assume_ec2",
            "module.cluster.data.aws_iam_policy_document.assume_eks",
            "module.cluster.data.aws_partition.current",
            "module.cluster.null_resource.delay_cluster",
            "module.cluster.null_resource.iam",
            "module.cluster.null_resource.network",
            "module.cluster.random_id.node_group",
            "module.rack.module.k8s.kubernetes_namespace.system"
          ]
        }
      ]
    },
    {
      "module": "module.rack.module.api.module.k8s",
      "mode": "managed",
      "type": "random_string",
      "name": "password",
      "provider": "provider[\"registry.terraform.io/hashicorp/random\"]",
      "instances": [
        {
          "schema_version": 1,
          "attributes": {
            "id": "WnNiJdjrz7hJgIdUOrfZlmIjSSzLw81O2SB48Cw5XlHaTrf2B0DTW3aiXAduyEp6",
            "keepers": null,
            "length": 64,
            "lower": true,
            "min_lower": 0,
            "min_numeric": 0,
            "min_special": 0,
            "min_upper": 0,
            "number": true,
            "override_special": null,
            "result": "WnNiJdjrz7hJgIdUOrfZlmIjSSzLw81O2SB48Cw5XlHaTrf2B0DTW3aiXAduyEp6",
            "special": false,
            "upper": true
          },
          "private": "eyJzY2hlbWFfdmVyc2lvbiI6IjEifQ=="
        }
      ]
    },
    {
      "module": "module.rack.module.k8s",
      "mode": "managed",
      "type": "kubernetes_config_map",
      "name": "rack",
      "provider": "provider[\"registry.terraform.io/hashicorp/kubernetes\"]",
      "instances": [
        {
          "schema_version": 0,
          "attributes": {
            "binary_data": {},
            "data": {
              "DOMAIN": "eb35b5e724e996a0.convox.cloud"
            },
            "id": "csidriver3-system/rack",
            "metadata": [
              {
                "annotations": {},
                "generate_name": "",
                "generation": 0,
                "labels": {},
                "name": "rack",
                "namespace": "csidriver3-system",
                "resource_version": "2687",
                "self_link": "/api/v1/namespaces/csidriver3-system/configmaps/rack",
                "uid": "4d74c90f-6507-416e-a70d-37bfbf78c08f"
              }
            ]
          },
          "private": "bnVsbA==",
          "dependencies": [
            "data.aws_eks_cluster_auth.cluster",
            "module.cluster.aws_eip.nat",
            "module.cluster.aws_eks_cluster.cluster",
            "module.cluster.aws_eks_node_group.cluster",
            "module.cluster.aws_iam_openid_connect_provider.cluster",
            "module.cluster.aws_iam_role.cluster",
            "module.cluster.aws_iam_role.nodes",
            "module.cluster.aws_iam_role_policy_attachment.cluster_ec2_readonly",
            "module.cluster.aws_iam_role_policy_attachment.cluster_eks_cluster",
            "module.cluster.aws_iam_role_policy_attachment.cluster_eks_service",
            "module.cluster.aws_iam_role_policy_attachment.nodes_ecr",
            "module.cluster.aws_iam_role_policy_attachment.nodes_eks_cni",
            "module.cluster.aws_iam_role_policy_attachment.nodes_eks_worker",
            "module.cluster.aws_internet_gateway.nodes",
            "module.cluster.aws_nat_gateway.private",
            "module.cluster.aws_route.private-default",
            "module.cluster.aws_route.public-default",
            "module.cluster.aws_route_table.private",
            "module.cluster.aws_route_table.public",
            "module.cluster.aws_route_table_association.private",
            "module.cluster.aws_route_table_association.public",
            "module.cluster.aws_security_group.cluster",
            "module.cluster.aws_subnet.private",
            "module.cluster.aws_subnet.public",
            "module.cluster.aws_vpc.nodes",
            "module.cluster.data.aws_availability_zones.available",
            "module.cluster.data.aws_iam_policy_document.assume_ec2",
            "module.cluster.data.aws_iam_policy_document.assume_eks",
            "module.cluster.data.aws_partition.current",
            "module.cluster.null_resource.delay_cluster",
            "module.cluster.null_resource.iam",
            "module.cluster.null_resource.network",
            "module.cluster.random_id.node_group",
            "module.rack.module.k8s.kubernetes_namespace.system",
            "module.rack.module.router.data.http.alias",
            "module.rack.module.router.kubernetes_service.router"
          ]
        }
      ]
    },
    {
      "module": "module.rack.module.k8s",
      "mode": "managed",
      "type": "kubernetes_namespace",
      "name": "system",
      "provider": "provider[\"registry.terraform.io/hashicorp/kubernetes\"]",
      "instances": [
        {
          "schema_version": 0,
          "attributes": {
            "id": "csidriver3-system",
            "metadata": [
              {
                "annotations": {},
                "generate_name": "",
                "generation": 0,
                "labels": {
                  "app": "system",
                  "rack": "csidriver3",
                  "system": "convox",
                  "type": "rack"
                },
                "name": "csidriver3-system",
                "resource_version": "2433",
                "self_link": "/api/v1/namespaces/csidriver3-system",
                "uid": "77153fe2-5a51-474b-a2fe-759cc3660af5"
              }
            ],
            "timeouts": {
              "delete": "30m"
            }
          },
          "private": "eyJlMmJmYjczMC1lY2FhLTExZTYtOGY4OC0zNDM2M2JjN2M0YzAiOnsiZGVsZXRlIjoxODAwMDAwMDAwMDAwfX0=",
          "dependencies": [
            "data.aws_eks_cluster_auth.cluster",
            "module.cluster.aws_eip.nat",
            "module.cluster.aws_eks_cluster.cluster",
            "module.cluster.aws_eks_node_group.cluster",
            "module.cluster.aws_iam_openid_connect_provider.cluster",
            "module.cluster.aws_iam_role.cluster",
            "module.cluster.aws_iam_role.nodes",
            "module.cluster.aws_iam_role_policy_attachment.cluster_ec2_readonly",
            "module.cluster.aws_iam_role_policy_attachment.cluster_eks_cluster",
            "module.cluster.aws_iam_role_policy_attachment.cluster_eks_service",
            "module.cluster.aws_iam_role_policy_attachment.nodes_ecr",
            "module.cluster.aws_iam_role_policy_attachment.nodes_eks_cni",
            "module.cluster.aws_iam_role_policy_attachment.nodes_eks_worker",
            "module.cluster.aws_internet_gateway.nodes",
            "module.cluster.aws_nat_gateway.private",
            "module.cluster.aws_route.private-default",
            "module.cluster.aws_route.public-default",
            "module.cluster.aws_route_table.private",
            "module.cluster.aws_route_table.public",
            "module.cluster.aws_route_table_association.private",
            "module.cluster.aws_route_table_association.public",
            "module.cluster.aws_security_group.cluster",
            "module.cluster.aws_subnet.private",
            "module.cluster.aws_subnet.public",
            "module.cluster.aws_vpc.nodes",
            "module.cluster.data.aws_availability_zones.available",
            "module.cluster.data.aws_iam_policy_document.assume_ec2",
            "module.cluster.data.aws_iam_policy_document.assume_eks",
            "module.cluster.data.aws_partition.current",
            "module.cluster.null_resource.delay_cluster",
            "module.cluster.null_resource.iam",
            "module.cluster.null_resource.network",
            "module.cluster.random_id.node_group"
          ]
        }
      ]
    },
    {
      "module": "module.rack.module.metrics",
      "mode": "managed",
      "type": "kubernetes_api_service",
      "name": "metrics",
      "provider": "provider[\"registry.terraform.io/hashicorp/kubernetes\"]",
      "instances": [
        {
          "schema_version": 0,
          "attributes": {
            "id": "v1beta1.metrics.k8s.io",
            "metadata": [
              {
                "annotations": {},
                "generate_name": "",
                "generation": 0,
                "labels": {},
                "name": "v1beta1.metrics.k8s.io",
                "resource_version": "2645",
                "self_link": "/apis/apiregistration.k8s.io/v1/apiservices/v1beta1.metrics.k8s.io",
                "uid": "0c0890c2-b399-4549-876f-29200ad451ed"
              }
            ],
            "spec": [
              {
                "ca_bundle": "",
                "group": "metrics.k8s.io",
                "group_priority_minimum": 100,
                "insecure_skip_tls_verify": true,
                "service": [
                  {
                    "name": "metrics-server",
                    "namespace": "kube-system",
                    "port": 443
                  }
                ],
                "version": "v1beta1",
                "version_priority": 100
              }
            ]
          },
          "private": "bnVsbA==",
          "dependencies": [
            "data.aws_eks_cluster_auth.cluster",
            "module.cluster.aws_eip.nat",
            "module.cluster.aws_eks_cluster.cluster",
            "module.cluster.aws_eks_node_group.cluster",
            "module.cluster.aws_iam_openid_connect_provider.cluster",
            "module.cluster.aws_iam_role.cluster",
            "module.cluster.aws_iam_role.nodes",
            "module.cluster.aws_iam_role_policy_attachment.cluster_ec2_readonly",
            "module.cluster.aws_iam_role_policy_attachment.cluster_eks_cluster",
            "module.cluster.aws_iam_role_policy_attachment.cluster_eks_service",
            "module.cluster.aws_iam_role_policy_attachment.nodes_ecr",
            "module.cluster.aws_iam_role_policy_attachment.nodes_eks_cni",
            "module.cluster.aws_iam_role_policy_attachment.nodes_eks_worker",
            "module.cluster.aws_internet_gateway.nodes",
            "module.cluster.aws_nat_gateway.private",
            "module.cluster.aws_route.private-default",
            "module.cluster.aws_route.public-default",
            "module.cluster.aws_route_table.private",
            "module.cluster.aws_route_table.public",
            "module.cluster.aws_route_table_association.private",
            "module.cluster.aws_route_table_association.public",
            "module.cluster.aws_security_group.cluster",
            "module.cluster.aws_subnet.private",
            "module.cluster.aws_subnet.public",
            "module.cluster.aws_vpc.nodes",
            "module.cluster.data.aws_availability_zones.available",
            "module.cluster.data.aws_iam_policy_document.assume_ec2",
            "module.cluster.data.aws_iam_policy_document.assume_eks",
            "module.cluster.data.aws_partition.current",
            "module.cluster.null_resource.delay_cluster",
            "module.cluster.null_resource.iam",
            "module.cluster.null_resource.network",
            "module.cluster.random_id.node_group"
          ]
        }
      ]
    },
    {
      "module": "module.rack.module.metrics",
      "mode": "managed",
      "type": "kubernetes_cluster_role",
      "name": "aggregated_metrics",
      "provider": "provider[\"registry.terraform.io/hashicorp/kubernetes\"]",
      "instances": [
        {
          "schema_version": 0,
          "attributes": {
            "aggregation_rule": [],
            "id": "system:aggregated-metrics-reader",
            "metadata": [
              {
                "annotations": {},
                "generation": 0,
                "labels": {
                  "rbac.authorization.k8s.io/aggregate-to-admin": "true",
                  "rbac.authorization.k8s.io/aggregate-to-edit": "true",
                  "rbac.authorization.k8s.io/aggregate-to-view": "true"
                },
                "name": "system:aggregated-metrics-reader",
                "resource_version": "2436",
                "self_link": "/apis/rbac.authorization.k8s.io/v1/clusterroles/system%3Aaggregated-metrics-reader",
                "uid": "12813ffc-dd5b-41bc-9783-8c3b8bb6de32"
              }
            ],
            "rule": [
              {
                "api_groups": [
                  "metrics.k8s.io"
                ],
                "non_resource_urls": [],
                "resource_names": [],
                "resources": [
                  "pods",
                  "nodes"
                ],
                "verbs": [
                  "get",
                  "list",
                  "watch"
                ]
              }
            ]
          },
          "private": "bnVsbA==",
          "dependencies": [
            "data.aws_eks_cluster_auth.cluster",
            "module.cluster.aws_eip.nat",
            "module.cluster.aws_eks_cluster.cluster",
            "module.cluster.aws_eks_node_group.cluster",
            "module.cluster.aws_iam_openid_connect_provider.cluster",
            "module.cluster.aws_iam_role.cluster",
            "module.cluster.aws_iam_role.nodes",
            "module.cluster.aws_iam_role_policy_attachment.cluster_ec2_readonly",
            "module.cluster.aws_iam_role_policy_attachment.cluster_eks_cluster",
            "module.cluster.aws_iam_role_policy_attachment.cluster_eks_service",
            "module.cluster.aws_iam_role_policy_attachment.nodes_ecr",
            "module.cluster.aws_iam_role_policy_attachment.nodes_eks_cni",
            "module.cluster.aws_iam_role_policy_attachment.nodes_eks_worker",
            "module.cluster.aws_internet_gateway.nodes",
            "module.cluster.aws_nat_gateway.private",
            "module.cluster.aws_route.private-default",
            "module.cluster.aws_route.public-default",
            "module.cluster.aws_route_table.private",
            "module.cluster.aws_route_table.public",
            "module.cluster.aws_route_table_association.private",
            "module.cluster.aws_route_table_association.public",
            "module.cluster.aws_security_group.cluster",
            "module.cluster.aws_subnet.private",
            "module.cluster.aws_subnet.public",
            "module.cluster.aws_vpc.nodes",
            "module.cluster.data.aws_availability_zones.available",
            "module.cluster.data.aws_iam_policy_document.assume_ec2",
            "module.cluster.data.aws_iam_policy_document.assume_eks",
            "module.cluster.data.aws_partition.current",
            "module.cluster.null_resource.delay_cluster",
            "module.cluster.null_resource.iam",
            "module.cluster.null_resource.network",
            "module.cluster.random_id.node_group"
          ]
        }
      ]
    },
    {
      "module": "module.rack.module.metrics",
      "mode": "managed",
      "type": "kubernetes_cluster_role",
      "name": "resource",
      "provider": "provider[\"registry.terraform.io/hashicorp/kubernetes\"]",
      "instances": [
        {
          "schema_version": 0,
          "attributes": {
            "aggregation_rule": [],
            "id": "system:metrics-server",
            "metadata": [
              {
                "annotations": {},
                "generation": 0,
                "labels": {},
                "name": "system:metrics-server",
                "resource_version": "2457",
                "self_link": "/apis/rbac.authorization.k8s.io/v1/clusterroles/system%3Ametrics-server",
                "uid": "791eb0e3-ddc9-4674-9897-dd26a504f39e"
              }
            ],
            "rule": [
              {
                "api_groups": [
                  ""
                ],
                "non_resource_urls": [],
                "resource_names": [],
                "resources": [
                  "pods",
                  "nodes",
                  "nodes/stats",
                  "namespaces"
                ],
                "verbs": [
                  "get",
                  "list",
                  "watch"
                ]
              }
            ]
          },
          "private": "bnVsbA==",
          "dependencies": [
            "data.aws_eks_cluster_auth.cluster",
            "module.cluster.aws_eip.nat",
            "module.cluster.aws_eks_cluster.cluster",
            "module.cluster.aws_eks_node_group.cluster",
            "module.cluster.aws_iam_openid_connect_provider.cluster",
            "module.cluster.aws_iam_role.cluster",
            "module.cluster.aws_iam_role.nodes",
            "module.cluster.aws_iam_role_policy_attachment.cluster_ec2_readonly",
            "module.cluster.aws_iam_role_policy_attachment.cluster_eks_cluster",
            "module.cluster.aws_iam_role_policy_attachment.cluster_eks_service",
            "module.cluster.aws_iam_role_policy_attachment.nodes_ecr",
            "module.cluster.aws_iam_role_policy_attachment.nodes_eks_cni",
            "module.cluster.aws_iam_role_policy_attachment.nodes_eks_worker",
            "module.cluster.aws_internet_gateway.nodes",
            "module.cluster.aws_nat_gateway.private",
            "module.cluster.aws_route.private-default",
            "module.cluster.aws_route.public-default",
            "module.cluster.aws_route_table.private",
            "module.cluster.aws_route_table.public",
            "module.cluster.aws_route_table_association.private",
            "module.cluster.aws_route_table_association.public",
            "module.cluster.aws_security_group.cluster",
            "module.cluster.aws_subnet.private",
            "module.cluster.aws_subnet.public",
            "module.cluster.aws_vpc.nodes",
            "module.cluster.data.aws_availability_zones.available",
            "module.cluster.data.aws_iam_policy_document.assume_ec2",
            "module.cluster.data.aws_iam_policy_document.assume_eks",
            "module.cluster.data.aws_partition.current",
            "module.cluster.null_resource.delay_cluster",
            "module.cluster.null_resource.iam",
            "module.cluster.null_resource.network",
            "module.cluster.random_id.node_group"
          ]
        }
      ]
    },
    {
      "module": "module.rack.module.metrics",
      "mode": "managed",
      "type": "kubernetes_cluster_role_binding",
      "name": "auth",
      "provider": "provider[\"registry.terraform.io/hashicorp/kubernetes\"]",
      "instances": [
        {
          "schema_version": 0,
          "attributes": {
            "id": "metrics-server:system:auth-delegator",
            "metadata": [
              {
                "annotations": {},
                "generation": 0,
                "labels": {},
                "name": "metrics-server:system:auth-delegator",
                "resource_version": "2469",
                "self_link": "/apis/rbac.authorization.k8s.io/v1/clusterrolebindings/metrics-server%3Asystem%3Aauth-delegator",
                "uid": "25f543b3-935a-4a27-a121-09157ca8365a"
              }
            ],
            "role_ref": [
              {
                "api_group": "rbac.authorization.k8s.io",
                "kind": "ClusterRole",
                "name": "system:auth-delegator"
              }
            ],
            "subject": [
              {
                "api_group": "",
                "kind": "ServiceAccount",
                "name": "metrics-server",
                "namespace": "kube-system"
              }
            ]
          },
          "private": "bnVsbA==",
          "dependencies": [
            "data.aws_eks_cluster_auth.cluster",
            "module.cluster.aws_eip.nat",
            "module.cluster.aws_eks_cluster.cluster",
            "module.cluster.aws_eks_node_group.cluster",
            "module.cluster.aws_iam_openid_connect_provider.cluster",
            "module.cluster.aws_iam_role.cluster",
            "module.cluster.aws_iam_role.nodes",
            "module.cluster.aws_iam_role_policy_attachment.cluster_ec2_readonly",
            "module.cluster.aws_iam_role_policy_attachment.cluster_eks_cluster",
            "module.cluster.aws_iam_role_policy_attachment.cluster_eks_service",
            "module.cluster.aws_iam_role_policy_attachment.nodes_ecr",
            "module.cluster.aws_iam_role_policy_attachment.nodes_eks_cni",
            "module.cluster.aws_iam_role_policy_attachment.nodes_eks_worker",
            "module.cluster.aws_internet_gateway.nodes",
            "module.cluster.aws_nat_gateway.private",
            "module.cluster.aws_route.private-default",
            "module.cluster.aws_route.public-default",
            "module.cluster.aws_route_table.private",
            "module.cluster.aws_route_table.public",
            "module.cluster.aws_route_table_association.private",
            "module.cluster.aws_route_table_association.public",
            "module.cluster.aws_security_group.cluster",
            "module.cluster.aws_subnet.private",
            "module.cluster.aws_subnet.public",
            "module.cluster.aws_vpc.nodes",
            "module.cluster.data.aws_availability_zones.available",
            "module.cluster.data.aws_iam_policy_document.assume_ec2",
            "module.cluster.data.aws_iam_policy_document.assume_eks",
            "module.cluster.data.aws_partition.current",
            "module.cluster.null_resource.delay_cluster",
            "module.cluster.null_resource.iam",
            "module.cluster.null_resource.network",
            "module.cluster.random_id.node_group",
            "module.rack.module.metrics.kubernetes_service_account.metrics"
          ]
        }
      ]
    },
    {
      "module": "module.rack.module.metrics",
      "mode": "managed",
      "type": "kubernetes_cluster_role_binding",
      "name": "resource",
      "provider": "provider[\"registry.terraform.io/hashicorp/kubernetes\"]",
      "instances": [
        {
          "schema_version": 0,
          "attributes": {
            "id": "system:metrics-server",
            "metadata": [
              {
                "annotations": {},
                "generation": 0,
                "labels": {},
                "name": "system:metrics-server",
                "resource_version": "2495",
                "self_link": "/apis/rbac.authorization.k8s.io/v1/clusterrolebindings/system%3Ametrics-server",
                "uid": "ac1422b5-f579-4cf9-a4df-f63373d7c435"
              }
            ],
            "role_ref": [
              {
                "api_group": "rbac.authorization.k8s.io",
                "kind": "ClusterRole",
                "name": "system:metrics-server"
              }
            ],
            "subject": [
              {
                "api_group": "",
                "kind": "ServiceAccount",
                "name": "metrics-server",
                "namespace": "kube-system"
              }
            ]
          },
          "private": "bnVsbA==",
          "dependencies": [
            "data.aws_eks_cluster_auth.cluster",
            "module.cluster.aws_eip.nat",
            "module.cluster.aws_eks_cluster.cluster",
            "module.cluster.aws_eks_node_group.cluster",
            "module.cluster.aws_iam_openid_connect_provider.cluster",
            "module.cluster.aws_iam_role.cluster",
            "module.cluster.aws_iam_role.nodes",
            "module.cluster.aws_iam_role_policy_attachment.cluster_ec2_readonly",
            "module.cluster.aws_iam_role_policy_attachment.cluster_eks_cluster",
            "module.cluster.aws_iam_role_policy_attachment.cluster_eks_service",
            "module.cluster.aws_iam_role_policy_attachment.nodes_ecr",
            "module.cluster.aws_iam_role_policy_attachment.nodes_eks_cni",
            "module.cluster.aws_iam_role_policy_attachment.nodes_eks_worker",
            "module.cluster.aws_internet_gateway.nodes",
            "module.cluster.aws_nat_gateway.private",
            "module.cluster.aws_route.private-default",
            "module.cluster.aws_route.public-default",
            "module.cluster.aws_route_table.private",
            "module.cluster.aws_route_table.public",
            "module.cluster.aws_route_table_association.private",
            "module.cluster.aws_route_table_association.public",
            "module.cluster.aws_security_group.cluster",
            "module.cluster.aws_subnet.private",
            "module.cluster.aws_subnet.public",
            "module.cluster.aws_vpc.nodes",
            "module.cluster.data.aws_availability_zones.available",
            "module.cluster.data.aws_iam_policy_document.assume_ec2",
            "module.cluster.data.aws_iam_policy_document.assume_eks",
            "module.cluster.data.aws_partition.current",
            "module.cluster.null_resource.delay_cluster",
            "module.cluster.null_resource.iam",
            "module.cluster.null_resource.network",
            "module.cluster.random_id.node_group",
            "module.rack.module.metrics.kubernetes_cluster_role.resource",
            "module.rack.module.metrics.kubernetes_service_account.metrics"
          ]
        }
      ]
    },
    {
      "module": "module.rack.module.metrics",
      "mode": "managed",
      "type": "kubernetes_deployment",
      "name": "metrics",
      "provider": "provider[\"registry.terraform.io/hashicorp/kubernetes\"]",
      "instances": [
        {
          "schema_version": 0,
          "attributes": {
            "id": "kube-system/metrics-server",
            "metadata": [
              {
                "annotations": {},
                "generate_name": "",
                "generation": 1,
                "labels": {
                  "k8s-app": "metrics-server"
                },
                "name": "metrics-server",
                "namespace": "kube-system",
                "resource_version": "2640",
                "self_link": "/apis/apps/v1/namespaces/kube-system/deployments/metrics-server",
                "uid": "0dfc1bb8-0f1d-409d-9aef-a1ed9a4c8b00"
              }
            ],
            "spec": [
              {
                "min_ready_seconds": 0,
                "paused": false,
                "progress_deadline_seconds": 600,
                "replicas": 1,
                "revision_history_limit": 10,
                "selector": [
                  {
                    "match_expressions": [],
                    "match_labels": {
                      "k8s-app": "metrics-server"
                    }
                  }
                ],
                "strategy": [
                  {
                    "rolling_update": [
                      {
                        "max_surge": "25%",
                        "max_unavailable": "25%"
                      }
                    ],
                    "type": "RollingUpdate"
                  }
                ],
                "template": [
                  {
                    "metadata": [
                      {
                        "annotations": {},
                        "generate_name": "",
                        "generation": 0,
                        "labels": {
                          "k8s-app": "metrics-server"
                        },
                        "name": "metrics-server",
                        "namespace": "",
                        "resource_version": "",
                        "self_link": "",
                        "uid": ""
                      }
                    ],
                    "spec": [
                      {
                        "active_deadline_seconds": 0,
                        "affinity": [],
                        "automount_service_account_token": true,
                        "container": [
                          {
                            "args": [],
                            "command": [],
                            "env": [],
                            "env_from": [],
                            "image": "k8s.gcr.io/metrics-server-amd64:v0.3.6",
                            "image_pull_policy": "Always",
                            "lifecycle": [],
                            "liveness_probe": [],
                            "name": "metrics-server",
                            "port": [],
                            "readiness_probe": [],
                            "resources": [
                              {
                                "limits": [],
                                "requests": []
                              }
                            ],
                            "security_context": [],
                            "startup_probe": [],
                            "stdin": false,
                            "stdin_once": false,
                            "termination_message_path": "/dev/termination-log",
                            "termination_message_policy": "File",
                            "tty": false,
                            "volume_mount": [
                              {
                                "mount_path": "/tmp",
                                "mount_propagation": "None",
                                "name": "tmp-dir",
                                "read_only": false,
                                "sub_path": ""
                              }
                            ],
                            "working_dir": ""
                          }
                        ],
                        "dns_config": [],
                        "dns_policy": "ClusterFirst",
                        "enable_service_links": true,
                        "host_aliases": [],
                        "host_ipc": false,
                        "host_network": false,
                        "host_pid": false,
                        "hostname": "",
                        "image_pull_secrets": [],
                        "init_container": [],
                        "node_name": "",
                        "node_selector": {},
                        "priority_class_name": "system-cluster-critical",
                        "readiness_gate": [],
                        "restart_policy": "Always",
                        "security_context": [],
                        "service_account_name": "metrics-server",
                        "share_process_namespace": false,
                        "subdomain": "",
                        "termination_grace_period_seconds": 30,
                        "toleration": [],
                        "volume": [
                          {
                            "aws_elastic_block_store": [],
                            "azure_disk": [],
                            "azure_file": [],
                            "ceph_fs": [],
                            "cinder": [],
                            "config_map": [],
                            "csi": [],
                            "downward_api": [],
                            "empty_dir": [
                              {
                                "medium": "",
                                "size_limit": ""
                              }
                            ],
                            "fc": [],
                            "flex_volume": [],
                            "flocker": [],
                            "gce_persistent_disk": [],
                            "git_repo": [],
                            "glusterfs": [],
                            "host_path": [],
                            "iscsi": [],
                            "local": [],
                            "name": "tmp-dir",
                            "nfs": [],
                            "persistent_volume_claim": [],
                            "photon_persistent_disk": [],
                            "projected": [],
                            "quobyte": [],
                            "rbd": [],
                            "secret": [],
                            "vsphere_volume": []
                          }
                        ]
                      }
                    ]
                  }
                ]
              }
            ],
            "timeouts": null,
            "wait_for_rollout": true
          },
          "private": "eyJlMmJmYjczMC1lY2FhLTExZTYtOGY4OC0zNDM2M2JjN2M0YzAiOnsiY3JlYXRlIjo2MDAwMDAwMDAwMDAsImRlbGV0ZSI6NjAwMDAwMDAwMDAwLCJ1cGRhdGUiOjYwMDAwMDAwMDAwMH19",
          "dependencies": [
            "data.aws_eks_cluster_auth.cluster",
            "module.cluster.aws_eip.nat",
            "module.cluster.aws_eks_cluster.cluster",
            "module.cluster.aws_eks_node_group.cluster",
            "module.cluster.aws_iam_openid_connect_provider.cluster",
            "module.cluster.aws_iam_role.cluster",
            "module.cluster.aws_iam_role.nodes",
            "module.cluster.aws_iam_role_policy_attachment.cluster_ec2_readonly",
            "module.cluster.aws_iam_role_policy_attachment.cluster_eks_cluster",
            "module.cluster.aws_iam_role_policy_attachment.cluster_eks_service",
            "module.cluster.aws_iam_role_policy_attachment.nodes_ecr",
            "module.cluster.aws_iam_role_policy_attachment.nodes_eks_cni",
            "module.cluster.aws_iam_role_policy_attachment.nodes_eks_worker",
            "module.cluster.aws_internet_gateway.nodes",
            "module.cluster.aws_nat_gateway.private",
            "module.cluster.aws_route.private-default",
            "module.cluster.aws_route.public-default",
            "module.cluster.aws_route_table.private",
            "module.cluster.aws_route_table.public",
            "module.cluster.aws_route_table_association.private",
            "module.cluster.aws_route_table_association.public",
            "module.cluster.aws_security_group.cluster",
            "module.cluster.aws_subnet.private",
            "module.cluster.aws_subnet.public",
            "module.cluster.aws_vpc.nodes",
            "module.cluster.data.aws_availability_zones.available",
            "module.cluster.data.aws_iam_policy_document.assume_ec2",
            "module.cluster.data.aws_iam_policy_document.assume_eks",
            "module.cluster.data.aws_partition.current",
            "module.cluster.null_resource.delay_cluster",
            "module.cluster.null_resource.iam",
            "module.cluster.null_resource.network",
            "module.cluster.random_id.node_group",
            "module.rack.module.metrics.kubernetes_service_account.metrics"
          ]
        }
      ]
    },
    {
      "module": "module.rack.module.metrics",
      "mode": "managed",
      "type": "kubernetes_role_binding",
      "name": "auth",
      "provider": "provider[\"registry.terraform.io/hashicorp/kubernetes\"]",
      "instances": [
        {
          "schema_version": 0,
          "attributes": {
            "id": "kube-system/metrics-server-auth-reader",
            "metadata": [
              {
                "annotations": {},
                "generation": 0,
                "labels": {},
                "name": "metrics-server-auth-reader",
                "namespace": "kube-system",
                "resource_version": "2467",
                "self_link": "/apis/rbac.authorization.k8s.io/v1/namespaces/kube-system/rolebindings/metrics-server-auth-reader",
                "uid": "d82d4e91-af9c-44a1-ae50-493cea10e972"
              }
            ],
            "role_ref": [
              {
                "api_group": "rbac.authorization.k8s.io",
                "kind": "Role",
                "name": "extension-apiserver-authentication-reader"
              }
            ],
            "subject": [
              {
                "api_group": "",
                "kind": "ServiceAccount",
                "name": "metrics-server",
                "namespace": "kube-system"
              }
            ]
          },
          "private": "bnVsbA==",
          "dependencies": [
            "data.aws_eks_cluster_auth.cluster",
            "module.cluster.aws_eip.nat",
            "module.cluster.aws_eks_cluster.cluster",
            "module.cluster.aws_eks_node_group.cluster",
            "module.cluster.aws_iam_openid_connect_provider.cluster",
            "module.cluster.aws_iam_role.cluster",
            "module.cluster.aws_iam_role.nodes",
            "module.cluster.aws_iam_role_policy_attachment.cluster_ec2_readonly",
            "module.cluster.aws_iam_role_policy_attachment.cluster_eks_cluster",
            "module.cluster.aws_iam_role_policy_attachment.cluster_eks_service",
            "module.cluster.aws_iam_role_policy_attachment.nodes_ecr",
            "module.cluster.aws_iam_role_policy_attachment.nodes_eks_cni",
            "module.cluster.aws_iam_role_policy_attachment.nodes_eks_worker",
            "module.cluster.aws_internet_gateway.nodes",
            "module.cluster.aws_nat_gateway.private",
            "module.cluster.aws_route.private-default",
            "module.cluster.aws_route.public-default",
            "module.cluster.aws_route_table.private",
            "module.cluster.aws_route_table.public",
            "module.cluster.aws_route_table_association.private",
            "module.cluster.aws_route_table_association.public",
            "module.cluster.aws_security_group.cluster",
            "module.cluster.aws_subnet.private",
            "module.cluster.aws_subnet.public",
            "module.cluster.aws_vpc.nodes",
            "module.cluster.data.aws_availability_zones.available",
            "module.cluster.data.aws_iam_policy_document.assume_ec2",
            "module.cluster.data.aws_iam_policy_document.assume_eks",
            "module.cluster.data.aws_partition.current",
            "module.cluster.null_resource.delay_cluster",
            "module.cluster.null_resource.iam",
            "module.cluster.null_resource.network",
            "module.cluster.random_id.node_group",
            "module.rack.module.metrics.kubernetes_service_account.metrics"
          ]
        }
      ]
    },
    {
      "module": "module.rack.module.metrics",
      "mode": "managed",
      "type": "kubernetes_service",
      "name": "metrics",
      "provider": "provider[\"registry.terraform.io/hashicorp/kubernetes\"]",
      "instances": [
        {
          "schema_version": 0,
          "attributes": {
            "id": "kube-system/metrics-server",
            "load_balancer_ingress": [],
            "metadata": [
              {
                "annotations": {},
                "generate_name": "",
                "generation": 0,
                "labels": {
                  "kubernetes.io/cluster-service": "true",
                  "kubernetes.io/name": "metrics-server"
                },
                "name": "metrics-server",
                "namespace": "kube-system",
                "resource_version": "2444",
                "self_link": "/api/v1/namespaces/kube-system/services/metrics-server",
                "uid": "56cf25ab-5988-4efb-acdf-0efaa04eafff"
              }
            ],
            "spec": [
              {
                "cluster_ip": "172.20.136.60",
                "external_ips": [],
                "external_name": "",
                "external_traffic_policy": "",
                "health_check_node_port": 0,
                "load_balancer_ip": "",
                "load_balancer_source_ranges": [],
                "port": [
                  {
                    "name": "",
                    "node_port": 0,
                    "port": 443,
                    "protocol": "TCP",
                    "target_port": "443"
                  }
                ],
                "publish_not_ready_addresses": false,
                "selector": {
                  "k8s-app": "metrics-server"
                },
                "session_affinity": "None",
                "type": "ClusterIP"
              }
            ],
            "timeouts": null
          },
          "private": "eyJlMmJmYjczMC1lY2FhLTExZTYtOGY4OC0zNDM2M2JjN2M0YzAiOnsiY3JlYXRlIjo2MDAwMDAwMDAwMDB9fQ==",
          "dependencies": [
            "data.aws_eks_cluster_auth.cluster",
            "module.cluster.aws_eip.nat",
            "module.cluster.aws_eks_cluster.cluster",
            "module.cluster.aws_eks_node_group.cluster",
            "module.cluster.aws_iam_openid_connect_provider.cluster",
            "module.cluster.aws_iam_role.cluster",
            "module.cluster.aws_iam_role.nodes",
            "module.cluster.aws_iam_role_policy_attachment.cluster_ec2_readonly",
            "module.cluster.aws_iam_role_policy_attachment.cluster_eks_cluster",
            "module.cluster.aws_iam_role_policy_attachment.cluster_eks_service",
            "module.cluster.aws_iam_role_policy_attachment.nodes_ecr",
            "module.cluster.aws_iam_role_policy_attachment.nodes_eks_cni",
            "module.cluster.aws_iam_role_policy_attachment.nodes_eks_worker",
            "module.cluster.aws_internet_gateway.nodes",
            "module.cluster.aws_nat_gateway.private",
            "module.cluster.aws_route.private-default",
            "module.cluster.aws_route.public-default",
            "module.cluster.aws_route_table.private",
            "module.cluster.aws_route_table.public",
            "module.cluster.aws_route_table_association.private",
            "module.cluster.aws_route_table_association.public",
            "module.cluster.aws_security_group.cluster",
            "module.cluster.aws_subnet.private",
            "module.cluster.aws_subnet.public",
            "module.cluster.aws_vpc.nodes",
            "module.cluster.data.aws_availability_zones.available",
            "module.cluster.data.aws_iam_policy_document.assume_ec2",
            "module.cluster.data.aws_iam_policy_document.assume_eks",
            "module.cluster.data.aws_partition.current",
            "module.cluster.null_resource.delay_cluster",
            "module.cluster.null_resource.iam",
            "module.cluster.null_resource.network",
            "module.cluster.random_id.node_group"
          ]
        }
      ]
    },
    {
      "module": "module.rack.module.metrics",
      "mode": "managed",
      "type": "kubernetes_service_account",
      "name": "metrics",
      "provider": "provider[\"registry.terraform.io/hashicorp/kubernetes\"]",
      "instances": [
        {
          "schema_version": 0,
          "attributes": {
            "automount_service_account_token": false,
            "default_secret_name": "metrics-server-token-b2bv5",
            "id": "kube-system/metrics-server",
            "image_pull_secret": [],
            "metadata": [
              {
                "annotations": {},
                "generate_name": "",
                "generation": 0,
                "labels": {},
                "name": "metrics-server",
                "namespace": "kube-system",
                "resource_version": "2449",
                "self_link": "/api/v1/namespaces/kube-system/serviceaccounts/metrics-server",
                "uid": "40126600-ac79-4c3b-9448-619a2e3ec34c"
              }
            ],
            "secret": [],
            "timeouts": null
          },
          "private": "eyJlMmJmYjczMC1lY2FhLTExZTYtOGY4OC0zNDM2M2JjN2M0YzAiOnsiY3JlYXRlIjozMDAwMDAwMDAwMH19",
          "dependencies": [
            "data.aws_eks_cluster_auth.cluster",
            "module.cluster.aws_eip.nat",
            "module.cluster.aws_eks_cluster.cluster",
            "module.cluster.aws_eks_node_group.cluster",
            "module.cluster.aws_iam_openid_connect_provider.cluster",
            "module.cluster.aws_iam_role.cluster",
            "module.cluster.aws_iam_role.nodes",
            "module.cluster.aws_iam_role_policy_attachment.cluster_ec2_readonly",
            "module.cluster.aws_iam_role_policy_attachment.cluster_eks_cluster",
            "module.cluster.aws_iam_role_policy_attachment.cluster_eks_service",
            "module.cluster.aws_iam_role_policy_attachment.nodes_ecr",
            "module.cluster.aws_iam_role_policy_attachment.nodes_eks_cni",
            "module.cluster.aws_iam_role_policy_attachment.nodes_eks_worker",
            "module.cluster.aws_internet_gateway.nodes",
            "module.cluster.aws_nat_gateway.private",
            "module.cluster.aws_route.private-default",
            "module.cluster.aws_route.public-default",
            "module.cluster.aws_route_table.private",
            "module.cluster.aws_route_table.public",
            "module.cluster.aws_route_table_association.private",
            "module.cluster.aws_route_table_association.public",
            "module.cluster.aws_security_group.cluster",
            "module.cluster.aws_subnet.private",
            "module.cluster.aws_subnet.public",
            "module.cluster.aws_vpc.nodes",
            "module.cluster.data.aws_availability_zones.available",
            "module.cluster.data.aws_iam_policy_document.assume_ec2",
            "module.cluster.data.aws_iam_policy_document.assume_eks",
            "module.cluster.data.aws_partition.current",
            "module.cluster.null_resource.delay_cluster",
            "module.cluster.null_resource.iam",
            "module.cluster.null_resource.network",
            "module.cluster.random_id.node_group"
          ]
        }
      ]
    },
    {
      "module": "module.rack.module.resolver.module.k8s",
      "mode": "managed",
      "type": "kubernetes_cluster_role",
      "name": "resolver",
      "provider": "provider[\"registry.terraform.io/hashicorp/kubernetes\"]",
      "instances": [
        {
          "schema_version": 0,
          "attributes": {
            "aggregation_rule": [],
            "id": "resolver",
            "metadata": [
              {
                "annotations": {},
                "generation": 0,
                "labels": {},
                "name": "resolver",
                "resource_version": "2432",
                "self_link": "/apis/rbac.authorization.k8s.io/v1/clusterroles/resolver",
                "uid": "8d04a5de-729a-4fca-bc53-bf78769b0d7e"
              }
            ],
            "rule": [
              {
                "api_groups": [
                  "extensions"
                ],
                "non_resource_urls": [],
                "resource_names": [],
                "resources": [
                  "ingresses"
                ],
                "verbs": [
                  "get",
                  "list",
                  "watch"
                ]
              },
              {
                "api_groups": [
                  ""
                ],
                "non_resource_urls": [],
                "resource_names": [],
                "resources": [
                  "services"
                ],
                "verbs": [
                  "get",
                  "list",
                  "watch"
                ]
              }
            ]
          },
          "private": "bnVsbA==",
          "dependencies": [
            "data.aws_eks_cluster_auth.cluster",
            "module.cluster.aws_eip.nat",
            "module.cluster.aws_eks_cluster.cluster",
            "module.cluster.aws_eks_node_group.cluster",
            "module.cluster.aws_iam_openid_connect_provider.cluster",
            "module.cluster.aws_iam_role.cluster",
            "module.cluster.aws_iam_role.nodes",
            "module.cluster.aws_iam_role_policy_attachment.cluster_ec2_readonly",
            "module.cluster.aws_iam_role_policy_attachment.cluster_eks_cluster",
            "module.cluster.aws_iam_role_policy_attachment.cluster_eks_service",
            "module.cluster.aws_iam_role_policy_attachment.nodes_ecr",
            "module.cluster.aws_iam_role_policy_attachment.nodes_eks_cni",
            "module.cluster.aws_iam_role_policy_attachment.nodes_eks_worker",
            "module.cluster.aws_internet_gateway.nodes",
            "module.cluster.aws_nat_gateway.private",
            "module.cluster.aws_route.private-default",
            "module.cluster.aws_route.public-default",
            "module.cluster.aws_route_table.private",
            "module.cluster.aws_route_table.public",
            "module.cluster.aws_route_table_association.private",
            "module.cluster.aws_route_table_association.public",
            "module.cluster.aws_security_group.cluster",
            "module.cluster.aws_subnet.private",
            "module.cluster.aws_subnet.public",
            "module.cluster.aws_vpc.nodes",
            "module.cluster.data.aws_availability_zones.available",
            "module.cluster.data.aws_iam_policy_document.assume_ec2",
            "module.cluster.data.aws_iam_policy_document.assume_eks",
            "module.cluster.data.aws_partition.current",
            "module.cluster.null_resource.delay_cluster",
            "module.cluster.null_resource.iam",
            "module.cluster.null_resource.network",
            "module.cluster.random_id.node_group"
          ]
        }
      ]
    },
    {
      "module": "module.rack.module.resolver.module.k8s",
      "mode": "managed",
      "type": "kubernetes_cluster_role_binding",
      "name": "resolver",
      "provider": "provider[\"registry.terraform.io/hashicorp/kubernetes\"]",
      "instances": [
        {
          "schema_version": 0,
          "attributes": {
            "id": "resolver",
            "metadata": [
              {
                "annotations": {},
                "generation": 0,
                "labels": {},
                "name": "resolver",
                "resource_version": "2497",
                "self_link": "/apis/rbac.authorization.k8s.io/v1/clusterrolebindings/resolver",
                "uid": "9d163e2a-d435-4cda-806d-fdf889e3e37e"
              }
            ],
            "role_ref": [
              {
                "api_group": "rbac.authorization.k8s.io",
                "kind": "ClusterRole",
                "name": "resolver"
              }
            ],
            "subject": [
              {
                "api_group": "",
                "kind": "ServiceAccount",
                "name": "resolver",
                "namespace": "csidriver3-system"
              }
            ]
          },
          "private": "bnVsbA==",
          "dependencies": [
            "data.aws_eks_cluster_auth.cluster",
            "module.cluster.aws_eip.nat",
            "module.cluster.aws_eks_cluster.cluster",
            "module.cluster.aws_eks_node_group.cluster",
            "module.cluster.aws_iam_openid_connect_provider.cluster",
            "module.cluster.aws_iam_role.cluster",
            "module.cluster.aws_iam_role.nodes",
            "module.cluster.aws_iam_role_policy_attachment.cluster_ec2_readonly",
            "module.cluster.aws_iam_role_policy_attachment.cluster_eks_cluster",
            "module.cluster.aws_iam_role_policy_attachment.cluster_eks_service",
            "module.cluster.aws_iam_role_policy_attachment.nodes_ecr",
            "module.cluster.aws_iam_role_policy_attachment.nodes_eks_cni",
            "module.cluster.aws_iam_role_policy_attachment.nodes_eks_worker",
            "module.cluster.aws_internet_gateway.nodes",
            "module.cluster.aws_nat_gateway.private",
            "module.cluster.aws_route.private-default",
            "module.cluster.aws_route.public-default",
            "module.cluster.aws_route_table.private",
            "module.cluster.aws_route_table.public",
            "module.cluster.aws_route_table_association.private",
            "module.cluster.aws_route_table_association.public",
            "module.cluster.aws_security_group.cluster",
            "module.cluster.aws_subnet.private",
            "module.cluster.aws_subnet.public",
            "module.cluster.aws_vpc.nodes",
            "module.cluster.data.aws_availability_zones.available",
            "module.cluster.data.aws_iam_policy_document.assume_ec2",
            "module.cluster.data.aws_iam_policy_document.assume_eks",
            "module.cluster.data.aws_partition.current",
            "module.cluster.null_resource.delay_cluster",
            "module.cluster.null_resource.iam",
            "module.cluster.null_resource.network",
            "module.cluster.random_id.node_group",
            "module.rack.module.k8s.kubernetes_namespace.system",
            "module.rack.module.resolver.module.k8s.kubernetes_cluster_role.resolver",
            "module.rack.module.resolver.module.k8s.kubernetes_service_account.resolver"
          ]
        }
      ]
    },
    {
      "module": "module.rack.module.resolver.module.k8s",
      "mode": "managed",
      "type": "kubernetes_deployment",
      "name": "resolver",
      "provider": "provider[\"registry.terraform.io/hashicorp/kubernetes\"]",
      "instances": [
        {
          "schema_version": 0,
          "attributes": {
            "id": "csidriver3-system/resolver",
            "metadata": [
              {
                "annotations": {},
                "generate_name": "",
                "generation": 2,
                "labels": {
                  "app": "system",
                  "name": "resolver",
                  "rack": "csidriver3",
                  "service": "resolver",
                  "system": "convox",
                  "type": "service"
                },
                "name": "resolver",
                "namespace": "csidriver3-system",
                "resource_version": "24980",
                "self_link": "/apis/apps/v1/namespaces/csidriver3-system/deployments/resolver",
                "uid": "f26782a4-f3a4-4db1-a2e0-adb55443a23d"
              }
            ],
            "spec": [
              {
                "min_ready_seconds": 1,
                "paused": false,
                "progress_deadline_seconds": 600,
                "replicas": 2,
                "revision_history_limit": 1,
                "selector": [
                  {
                    "match_expressions": [],
                    "match_labels": {
                      "name": "resolver",
                      "service": "resolver",
                      "system": "convox",
                      "type": "service"
                    }
                  }
                ],
                "strategy": [
                  {
                    "rolling_update": [
                      {
                        "max_surge": "100%",
                        "max_unavailable": "0"
                      }
                    ],
                    "type": "RollingUpdate"
                  }
                ],
                "template": [
                  {
                    "metadata": [
                      {
                        "annotations": {},
                        "generate_name": "",
                        "generation": 0,
                        "labels": {
                          "app": "system",
                          "name": "resolver",
                          "rack": "csidriver3",
                          "service": "resolver",
                          "system": "convox",
                          "type": "service"
                        },
                        "name": "",
                        "namespace": "",
                        "resource_version": "",
                        "self_link": "",
                        "uid": ""
                      }
                    ],
                    "spec": [
                      {
                        "active_deadline_seconds": 0,
                        "affinity": [
                          {
                            "node_affinity": [],
                            "pod_affinity": [],
                            "pod_anti_affinity": [
                              {
                                "preferred_during_scheduling_ignored_during_execution": [
                                  {
                                    "pod_affinity_term": [
                                      {
                                        "label_selector": [
                                          {
                                            "match_expressions": [],
                                            "match_labels": {
                                              "service": "resolver",
                                              "system": "convox"
                                            }
                                          }
                                        ],
                                        "namespaces": [],
                                        "topology_key": "kubernetes.io/hostname"
                                      }
                                    ],
                                    "weight": 100
                                  }
                                ],
                                "required_during_scheduling_ignored_during_execution": []
                              }
                            ]
                          }
                        ],
                        "automount_service_account_token": true,
                        "container": [
                          {
                            "args": [
                              "resolver"
                            ],
                            "command": [],
                            "env": [
                              {
                                "name": "NAMESPACE",
                                "value": "",
                                "value_from": [
                                  {
                                    "config_map_key_ref": [],
                                    "field_ref": [
                                      {
                                        "api_version": "v1",
                                        "field_path": "metadata.namespace"
                                      }
                                    ],
                                    "resource_field_ref": [],
                                    "secret_key_ref": []
                                  }
                                ]
                              }
                            ],
                            "env_from": [],
                            "image": "convox/convox:use-csi-driver",
                            "image_pull_policy": "Always",
                            "lifecycle": [],
                            "liveness_probe": [],
                            "name": "system",
                            "port": [
                              {
                                "container_port": 5453,
                                "host_ip": "",
                                "host_port": 0,
                                "name": "",
                                "protocol": "UDP"
                              },
                              {
                                "container_port": 5454,
                                "host_ip": "",
                                "host_port": 0,
                                "name": "",
                                "protocol": "UDP"
                              }
                            ],
                            "readiness_probe": [],
                            "resources": [
                              {
                                "limits": [],
                                "requests": [
                                  {
                                    "cpu": "64m",
                                    "memory": "64Mi"
                                  }
                                ]
                              }
                            ],
                            "security_context": [],
                            "startup_probe": [],
                            "stdin": false,
                            "stdin_once": false,
                            "termination_message_path": "/dev/termination-log",
                            "termination_message_policy": "File",
                            "tty": false,
                            "volume_mount": [],
                            "working_dir": ""
                          }
                        ],
                        "dns_config": [
                          {
                            "nameservers": [],
                            "option": [
                              {
                                "name": "ndots",
                                "value": "1"
                              }
                            ],
                            "searches": []
                          }
                        ],
                        "dns_policy": "ClusterFirst",
                        "enable_service_links": true,
                        "host_aliases": [],
                        "host_ipc": false,
                        "host_network": false,
                        "host_pid": false,
                        "hostname": "",
                        "image_pull_secrets": [],
                        "init_container": [],
                        "node_name": "",
                        "node_selector": {},
                        "priority_class_name": "system-cluster-critical",
                        "readiness_gate": [],
                        "restart_policy": "Always",
                        "security_context": [],
                        "service_account_name": "resolver",
                        "share_process_namespace": false,
                        "subdomain": "",
                        "termination_grace_period_seconds": 30,
                        "toleration": [],
                        "volume": []
                      }
                    ]
                  }
                ]
              }
            ],
            "timeouts": null,
            "wait_for_rollout": true
          },
          "private": "eyJlMmJmYjczMC1lY2FhLTExZTYtOGY4OC0zNDM2M2JjN2M0YzAiOnsiY3JlYXRlIjo2MDAwMDAwMDAwMDAsImRlbGV0ZSI6NjAwMDAwMDAwMDAwLCJ1cGRhdGUiOjYwMDAwMDAwMDAwMH19",
          "dependencies": [
            "data.aws_eks_cluster_auth.cluster",
            "data.http.releases",
            "module.cluster.aws_eks_cluster.cluster",
            "module.cluster.aws_eks_node_group.cluster",
            "module.rack.module.k8s.kubernetes_namespace.system",
            "module.rack.module.resolver.module.k8s.kubernetes_cluster_role_binding.resolver"
          ]
        }
      ]
    },
    {
      "module": "module.rack.module.resolver.module.k8s",
      "mode": "managed",
      "type": "kubernetes_service",
      "name": "resolver",
      "provider": "provider[\"registry.terraform.io/hashicorp/kubernetes\"]",
      "instances": [
        {
          "schema_version": 0,
          "attributes": {
            "id": "csidriver3-system/resolver",
            "load_balancer_ingress": [],
            "metadata": [
              {
                "annotations": {},
                "generate_name": "",
                "generation": 0,
                "labels": {},
                "name": "resolver",
                "namespace": "csidriver3-system",
                "resource_version": "2465",
                "self_link": "/api/v1/namespaces/csidriver3-system/services/resolver",
                "uid": "f1151cec-d7cf-487b-9213-962b5464ffde"
              }
            ],
            "spec": [
              {
                "cluster_ip": "172.20.183.157",
                "external_ips": [],
                "external_name": "",
                "external_traffic_policy": "",
                "health_check_node_port": 0,
                "load_balancer_ip": "",
                "load_balancer_source_ranges": [],
                "port": [
                  {
                    "name": "dns",
                    "node_port": 0,
                    "port": 53,
                    "protocol": "UDP",
                    "target_port": "5454"
                  }
                ],
                "publish_not_ready_addresses": false,
                "selector": {
                  "service": "resolver",
                  "system": "convox"
                },
                "session_affinity": "None",
                "type": "ClusterIP"
              }
            ],
            "timeouts": null
          },
          "private": "eyJlMmJmYjczMC1lY2FhLTExZTYtOGY4OC0zNDM2M2JjN2M0YzAiOnsiY3JlYXRlIjo2MDAwMDAwMDAwMDB9fQ==",
          "dependencies": [
            "data.aws_eks_cluster_auth.cluster",
            "module.cluster.aws_eip.nat",
            "module.cluster.aws_eks_cluster.cluster",
            "module.cluster.aws_eks_node_group.cluster",
            "module.cluster.aws_iam_openid_connect_provider.cluster",
            "module.cluster.aws_iam_role.cluster",
            "module.cluster.aws_iam_role.nodes",
            "module.cluster.aws_iam_role_policy_attachment.cluster_ec2_readonly",
            "module.cluster.aws_iam_role_policy_attachment.cluster_eks_cluster",
            "module.cluster.aws_iam_role_policy_attachment.cluster_eks_service",
            "module.cluster.aws_iam_role_policy_attachment.nodes_ecr",
            "module.cluster.aws_iam_role_policy_attachment.nodes_eks_cni",
            "module.cluster.aws_iam_role_policy_attachment.nodes_eks_worker",
            "module.cluster.aws_internet_gateway.nodes",
            "module.cluster.aws_nat_gateway.private",
            "module.cluster.aws_route.private-default",
            "module.cluster.aws_route.public-default",
            "module.cluster.aws_route_table.private",
            "module.cluster.aws_route_table.public",
            "module.cluster.aws_route_table_association.private",
            "module.cluster.aws_route_table_association.public",
            "module.cluster.aws_security_group.cluster",
            "module.cluster.aws_subnet.private",
            "module.cluster.aws_subnet.public",
            "module.cluster.aws_vpc.nodes",
            "module.cluster.data.aws_availability_zones.available",
            "module.cluster.data.aws_iam_policy_document.assume_ec2",
            "module.cluster.data.aws_iam_policy_document.assume_eks",
            "module.cluster.data.aws_partition.current",
            "module.cluster.null_resource.delay_cluster",
            "module.cluster.null_resource.iam",
            "module.cluster.null_resource.network",
            "module.cluster.random_id.node_group",
            "module.rack.module.k8s.kubernetes_namespace.system"
          ]
        }
      ]
    },
    {
      "module": "module.rack.module.resolver.module.k8s",
      "mode": "managed",
      "type": "kubernetes_service_account",
      "name": "resolver",
      "provider": "provider[\"registry.terraform.io/hashicorp/kubernetes\"]",
      "instances": [
        {
          "schema_version": 0,
          "attributes": {
            "automount_service_account_token": false,
            "default_secret_name": "resolver-token-ddbq4",
            "id": "csidriver3-system/resolver",
            "image_pull_secret": [],
            "metadata": [
              {
                "annotations": {},
                "generate_name": "",
                "generation": 0,
                "labels": {},
                "name": "resolver",
                "namespace": "csidriver3-system",
                "resource_version": "2463",
                "self_link": "/api/v1/namespaces/csidriver3-system/serviceaccounts/resolver",
                "uid": "9caf25bf-71bb-4a08-aa66-9ef19bbe4dce"
              }
            ],
            "secret": [],
            "timeouts": null
          },
          "private": "eyJlMmJmYjczMC1lY2FhLTExZTYtOGY4OC0zNDM2M2JjN2M0YzAiOnsiY3JlYXRlIjozMDAwMDAwMDAwMH19",
          "dependencies": [
            "data.aws_eks_cluster_auth.cluster",
            "module.cluster.aws_eip.nat",
            "module.cluster.aws_eks_cluster.cluster",
            "module.cluster.aws_eks_node_group.cluster",
            "module.cluster.aws_iam_openid_connect_provider.cluster",
            "module.cluster.aws_iam_role.cluster",
            "module.cluster.aws_iam_role.nodes",
            "module.cluster.aws_iam_role_policy_attachment.cluster_ec2_readonly",
            "module.cluster.aws_iam_role_policy_attachment.cluster_eks_cluster",
            "module.cluster.aws_iam_role_policy_attachment.cluster_eks_service",
            "module.cluster.aws_iam_role_policy_attachment.nodes_ecr",
            "module.cluster.aws_iam_role_policy_attachment.nodes_eks_cni",
            "module.cluster.aws_iam_role_policy_attachment.nodes_eks_worker",
            "module.cluster.aws_internet_gateway.nodes",
            "module.cluster.aws_nat_gateway.private",
            "module.cluster.aws_route.private-default",
            "module.cluster.aws_route.public-default",
            "module.cluster.aws_route_table.private",
            "module.cluster.aws_route_table.public",
            "module.cluster.aws_route_table_association.private",
            "module.cluster.aws_route_table_association.public",
            "module.cluster.aws_security_group.cluster",
            "module.cluster.aws_subnet.private",
            "module.cluster.aws_subnet.public",
            "module.cluster.aws_vpc.nodes",
            "module.cluster.data.aws_availability_zones.available",
            "module.cluster.data.aws_iam_policy_document.assume_ec2",
            "module.cluster.data.aws_iam_policy_document.assume_eks",
            "module.cluster.data.aws_partition.current",
            "module.cluster.null_resource.delay_cluster",
            "module.cluster.null_resource.iam",
            "module.cluster.null_resource.network",
            "module.cluster.random_id.node_group",
            "module.rack.module.k8s.kubernetes_namespace.system"
          ]
        }
      ]
    },
    {
      "module": "module.rack.module.router",
      "mode": "data",
      "type": "aws_region",
      "name": "current",
      "provider": "provider[\"registry.terraform.io/hashicorp/aws\"]",
      "instances": [
        {
          "schema_version": 0,
          "attributes": {
            "current": null,
            "description": "US East (N. Virginia)",
            "endpoint": "ec2.us-east-1.amazonaws.com",
            "id": "us-east-1",
            "name": "us-east-1"
          }
        }
      ]
    },
    {
      "module": "module.rack.module.router",
      "mode": "data",
      "type": "http",
      "name": "alias",
      "provider": "provider[\"registry.terraform.io/hashicorp/http\"]",
      "instances": [
        {
          "schema_version": 0,
          "attributes": {
            "body": "eb35b5e724e996a0.convox.cloud",
            "id": "2021-04-20 13:42:03.210537 +0000 UTC",
            "request_headers": null,
            "response_headers": {
              "Content-Length": "29",
              "Content-Type": "text/plain; charset=utf-8",
              "Date": "Tue, 20 Apr 2021 13:42:03 GMT",
              "Request-Id": "21284b2a51ba",
              "Set-Cookie": "AWSALB=oAdlm7DGcaF7PzMamdm8p3nembj/QJdSp2X5ZbuPpWMUHbW1PrpVWo+scxYThqzlfb05jNl4ZPvf2Tm0psT9tFy82lWIH64Ldum9Pm2MTvLjTmjux0UsNlFxXTdH; Expires=Tue, 27 Apr 2021 13:42:03 GMT; Path=/, AWSALBCORS=oAdlm7DGcaF7PzMamdm8p3nembj/QJdSp2X5ZbuPpWMUHbW1PrpVWo+scxYThqzlfb05jNl4ZPvf2Tm0psT9tFy82lWIH64Ldum9Pm2MTvLjTmjux0UsNlFxXTdH; Expires=Tue, 27 Apr 2021 13:42:03 GMT; Path=/; SameSite=None; Secure"
            },
            "url": "https://alias.convox.com/alias/a121edc50b3194d7c90ffc55e308cce5-778392767ac12122.elb.us-east-1.amazonaws.com"
          }
        }
      ]
    },
    {
      "module": "module.rack.module.router",
      "mode": "managed",
      "type": "kubernetes_service",
      "name": "router",
      "provider": "provider[\"registry.terraform.io/hashicorp/kubernetes\"]",
      "instances": [
        {
          "schema_version": 0,
          "attributes": {
            "id": "csidriver3-system/router",
            "load_balancer_ingress": [
              {
                "hostname": "a121edc50b3194d7c90ffc55e308cce5-778392767ac12122.elb.us-east-1.amazonaws.com",
                "ip": ""
              }
            ],
            "metadata": [
              {
                "annotations": {
                  "service.beta.kubernetes.io/aws-load-balancer-connection-idle-timeout": "3600",
                  "service.beta.kubernetes.io/aws-load-balancer-type": "nlb"
                },
                "generate_name": "",
                "generation": 0,
                "labels": {},
                "name": "router",
                "namespace": "csidriver3-system",
                "resource_version": "2630",
                "self_link": "/api/v1/namespaces/csidriver3-system/services/router",
                "uid": "121edc50-b319-4d7c-90ff-c55e308cce5a"
              }
            ],
            "spec": [
              {
                "cluster_ip": "172.20.244.48",
                "external_ips": [],
                "external_name": "",
                "external_traffic_policy": "Cluster",
                "health_check_node_port": 0,
                "load_balancer_ip": "",
                "load_balancer_source_ranges": [
                  "0.0.0.0/0"
                ],
                "port": [
                  {
                    "name": "http",
                    "node_port": 31038,
                    "port": 80,
                    "protocol": "TCP",
                    "target_port": "80"
                  },
                  {
                    "name": "https",
                    "node_port": 32224,
                    "port": 443,
                    "protocol": "TCP",
                    "target_port": "443"
                  }
                ],
                "publish_not_ready_addresses": false,
                "selector": {
                  "service": "ingress-nginx",
                  "system": "convox"
                },
                "session_affinity": "None",
                "type": "LoadBalancer"
              }
            ],
            "timeouts": null
          },
          "private": "eyJlMmJmYjczMC1lY2FhLTExZTYtOGY4OC0zNDM2M2JjN2M0YzAiOnsiY3JlYXRlIjo2MDAwMDAwMDAwMDB9fQ==",
          "dependencies": [
            "data.aws_eks_cluster_auth.cluster",
            "module.cluster.aws_eip.nat",
            "module.cluster.aws_eks_cluster.cluster",
            "module.cluster.aws_eks_node_group.cluster",
            "module.cluster.aws_iam_openid_connect_provider.cluster",
            "module.cluster.aws_iam_role.cluster",
            "module.cluster.aws_iam_role.nodes",
            "module.cluster.aws_iam_role_policy_attachment.cluster_ec2_readonly",
            "module.cluster.aws_iam_role_policy_attachment.cluster_eks_cluster",
            "module.cluster.aws_iam_role_policy_attachment.cluster_eks_service",
            "module.cluster.aws_iam_role_policy_attachment.nodes_ecr",
            "module.cluster.aws_iam_role_policy_attachment.nodes_eks_cni",
            "module.cluster.aws_iam_role_policy_attachment.nodes_eks_worker",
            "module.cluster.aws_internet_gateway.nodes",
            "module.cluster.aws_nat_gateway.private",
            "module.cluster.aws_route.private-default",
            "module.cluster.aws_route.public-default",
            "module.cluster.aws_route_table.private",
            "module.cluster.aws_route_table.public",
            "module.cluster.aws_route_table_association.private",
            "module.cluster.aws_route_table_association.public",
            "module.cluster.aws_security_group.cluster",
            "module.cluster.aws_subnet.private",
            "module.cluster.aws_subnet.public",
            "module.cluster.aws_vpc.nodes",
            "module.cluster.data.aws_availability_zones.available",
            "module.cluster.data.aws_iam_policy_document.assume_ec2",
            "module.cluster.data.aws_iam_policy_document.assume_eks",
            "module.cluster.data.aws_partition.current",
            "module.cluster.null_resource.delay_cluster",
            "module.cluster.null_resource.iam",
            "module.cluster.null_resource.network",
            "module.cluster.random_id.node_group",
            "module.rack.module.k8s.kubernetes_namespace.system"
          ]
        }
      ]
    },
    {
      "module": "module.rack.module.router.module.nginx",
      "mode": "managed",
      "type": "kubernetes_cluster_role",
      "name": "ingress-nginx",
      "provider": "provider[\"registry.terraform.io/hashicorp/kubernetes\"]",
      "instances": [
        {
          "schema_version": 0,
          "attributes": {
            "aggregation_rule": [],
            "id": "ingress-nginx",
            "metadata": [
              {
                "annotations": {},
                "generation": 0,
                "labels": {},
                "name": "ingress-nginx",
                "resource_version": "2437",
                "self_link": "/apis/rbac.authorization.k8s.io/v1/clusterroles/ingress-nginx",
                "uid": "9e597a13-9a4d-4e5e-80dc-fc7dc5426e61"
              }
            ],
            "rule": [
              {
                "api_groups": [
                  ""
                ],
                "non_resource_urls": [],
                "resource_names": [],
                "resources": [
                  "configmaps",
                  "endpoints",
                  "nodes",
                  "pods",
                  "secrets"
                ],
                "verbs": [
                  "list",
                  "watch"
                ]
              },
              {
                "api_groups": [
                  ""
                ],
                "non_resource_urls": [],
                "resource_names": [],
                "resources": [
                  "nodes"
                ],
                "verbs": [
                  "get"
                ]
              },
              {
                "api_groups": [
                  ""
                ],
                "non_resource_urls": [],
                "resource_names": [],
                "resources": [
                  "services"
                ],
                "verbs": [
                  "get",
                  "list",
                  "watch"
                ]
              },
              {
                "api_groups": [
                  ""
                ],
                "non_resource_urls": [],
                "resource_names": [],
                "resources": [
                  "events"
                ],
                "verbs": [
                  "create",
                  "patch"
                ]
              },
              {
                "api_groups": [
                  ""
                ],
                "non_resource_urls": [],
                "resource_names": [],
                "resources": [
                  "events"
                ],
                "verbs": [
                  "create",
                  "patch"
                ]
              },
              {
                "api_groups": [
                  "extensions",
                  "networking.k8s.io"
                ],
                "non_resource_urls": [],
                "resource_names": [],
                "resources": [
                  "ingresses"
                ],
                "verbs": [
                  "get",
                  "list",
                  "watch"
                ]
              },
              {
                "api_groups": [
                  "extensions",
                  "networking.k8s.io"
                ],
                "non_resource_urls": [],
                "resource_names": [],
                "resources": [
                  "ingresses/status"
                ],
                "verbs": [
                  "update"
                ]
              }
            ]
          },
          "private": "bnVsbA==",
          "dependencies": [
            "data.aws_eks_cluster_auth.cluster",
            "module.cluster.aws_eip.nat",
            "module.cluster.aws_eks_cluster.cluster",
            "module.cluster.aws_eks_node_group.cluster",
            "module.cluster.aws_iam_openid_connect_provider.cluster",
            "module.cluster.aws_iam_role.cluster",
            "module.cluster.aws_iam_role.nodes",
            "module.cluster.aws_iam_role_policy_attachment.cluster_ec2_readonly",
            "module.cluster.aws_iam_role_policy_attachment.cluster_eks_cluster",
            "module.cluster.aws_iam_role_policy_attachment.cluster_eks_service",
            "module.cluster.aws_iam_role_policy_attachment.nodes_ecr",
            "module.cluster.aws_iam_role_policy_attachment.nodes_eks_cni",
            "module.cluster.aws_iam_role_policy_attachment.nodes_eks_worker",
            "module.cluster.aws_internet_gateway.nodes",
            "module.cluster.aws_nat_gateway.private",
            "module.cluster.aws_route.private-default",
            "module.cluster.aws_route.public-default",
            "module.cluster.aws_route_table.private",
            "module.cluster.aws_route_table.public",
            "module.cluster.aws_route_table_association.private",
            "module.cluster.aws_route_table_association.public",
            "module.cluster.aws_security_group.cluster",
            "module.cluster.aws_subnet.private",
            "module.cluster.aws_subnet.public",
            "module.cluster.aws_vpc.nodes",
            "module.cluster.data.aws_availability_zones.available",
            "module.cluster.data.aws_iam_policy_document.assume_ec2",
            "module.cluster.data.aws_iam_policy_document.assume_eks",
            "module.cluster.data.aws_partition.current",
            "module.cluster.null_resource.delay_cluster",
            "module.cluster.null_resource.iam",
            "module.cluster.null_resource.network",
            "module.cluster.random_id.node_group"
          ]
        }
      ]
    },
    {
      "module": "module.rack.module.router.module.nginx",
      "mode": "managed",
      "type": "kubernetes_cluster_role_binding",
      "name": "ingress-nginx",
      "provider": "provider[\"registry.terraform.io/hashicorp/kubernetes\"]",
      "instances": [
        {
          "schema_version": 0,
          "attributes": {
            "id": "ingress-nginx",
            "metadata": [
              {
                "annotations": {},
                "generation": 0,
                "labels": {},
                "name": "ingress-nginx",
                "resource_version": "2488",
                "self_link": "/apis/rbac.authorization.k8s.io/v1/clusterrolebindings/ingress-nginx",
                "uid": "bf8a5c6f-745f-4a3b-b8ca-eaf2971c4725"
              }
            ],
            "role_ref": [
              {
                "api_group": "rbac.authorization.k8s.io",
                "kind": "ClusterRole",
                "name": "ingress-nginx"
              }
            ],
            "subject": [
              {
                "api_group": "",
                "kind": "ServiceAccount",
                "name": "ingress-nginx",
                "namespace": "csidriver3-system"
              }
            ]
          },
          "private": "bnVsbA==",
          "dependencies": [
            "data.aws_eks_cluster_auth.cluster",
            "module.cluster.aws_eip.nat",
            "module.cluster.aws_eks_cluster.cluster",
            "module.cluster.aws_eks_node_group.cluster",
            "module.cluster.aws_iam_openid_connect_provider.cluster",
            "module.cluster.aws_iam_role.cluster",
            "module.cluster.aws_iam_role.nodes",
            "module.cluster.aws_iam_role_policy_attachment.cluster_ec2_readonly",
            "module.cluster.aws_iam_role_policy_attachment.cluster_eks_cluster",
            "module.cluster.aws_iam_role_policy_attachment.cluster_eks_service",
            "module.cluster.aws_iam_role_policy_attachment.nodes_ecr",
            "module.cluster.aws_iam_role_policy_attachment.nodes_eks_cni",
            "module.cluster.aws_iam_role_policy_attachment.nodes_eks_worker",
            "module.cluster.aws_internet_gateway.nodes",
            "module.cluster.aws_nat_gateway.private",
            "module.cluster.aws_route.private-default",
            "module.cluster.aws_route.public-default",
            "module.cluster.aws_route_table.private",
            "module.cluster.aws_route_table.public",
            "module.cluster.aws_route_table_association.private",
            "module.cluster.aws_route_table_association.public",
            "module.cluster.aws_security_group.cluster",
            "module.cluster.aws_subnet.private",
            "module.cluster.aws_subnet.public",
            "module.cluster.aws_vpc.nodes",
            "module.cluster.data.aws_availability_zones.available",
            "module.cluster.data.aws_iam_policy_document.assume_ec2",
            "module.cluster.data.aws_iam_policy_document.assume_eks",
            "module.cluster.data.aws_partition.current",
            "module.cluster.null_resource.delay_cluster",
            "module.cluster.null_resource.iam",
            "module.cluster.null_resource.network",
            "module.cluster.random_id.node_group",
            "module.rack.module.k8s.kubernetes_namespace.system"
          ]
        }
      ]
    },
    {
      "module": "module.rack.module.router.module.nginx",
      "mode": "managed",
      "type": "kubernetes_config_map",
      "name": "nginx-configuration",
      "provider": "provider[\"registry.terraform.io/hashicorp/kubernetes\"]",
      "instances": [
        {
          "schema_version": 0,
          "attributes": {
            "binary_data": {},
            "data": {
              "proxy-body-size": "0"
            },
            "id": "csidriver3-system/nginx-configuration",
            "metadata": [
              {
                "annotations": {},
                "generate_name": "",
                "generation": 0,
                "labels": {},
                "name": "nginx-configuration",
                "namespace": "csidriver3-system",
                "resource_version": "2485",
                "self_link": "/api/v1/namespaces/csidriver3-system/configmaps/nginx-configuration",
                "uid": "f2f50012-feae-4109-afb0-fa84d87f06a1"
              }
            ]
          },
          "private": "bnVsbA==",
          "dependencies": [
            "data.aws_eks_cluster_auth.cluster",
            "module.cluster.aws_eip.nat",
            "module.cluster.aws_eks_cluster.cluster",
            "module.cluster.aws_eks_node_group.cluster",
            "module.cluster.aws_iam_openid_connect_provider.cluster",
            "module.cluster.aws_iam_role.cluster",
            "module.cluster.aws_iam_role.nodes",
            "module.cluster.aws_iam_role_policy_attachment.cluster_ec2_readonly",
            "module.cluster.aws_iam_role_policy_attachment.cluster_eks_cluster",
            "module.cluster.aws_iam_role_policy_attachment.cluster_eks_service",
            "module.cluster.aws_iam_role_policy_attachment.nodes_ecr",
            "module.cluster.aws_iam_role_policy_attachment.nodes_eks_cni",
            "module.cluster.aws_iam_role_policy_attachment.nodes_eks_worker",
            "module.cluster.aws_internet_gateway.nodes",
            "module.cluster.aws_nat_gateway.private",
            "module.cluster.aws_route.private-default",
            "module.cluster.aws_route.public-default",
            "module.cluster.aws_route_table.private",
            "module.cluster.aws_route_table.public",
            "module.cluster.aws_route_table_association.private",
            "module.cluster.aws_route_table_association.public",
            "module.cluster.aws_security_group.cluster",
            "module.cluster.aws_subnet.private",
            "module.cluster.aws_subnet.public",
            "module.cluster.aws_vpc.nodes",
            "module.cluster.data.aws_availability_zones.available",
            "module.cluster.data.aws_iam_policy_document.assume_ec2",
            "module.cluster.data.aws_iam_policy_document.assume_eks",
            "module.cluster.data.aws_partition.current",
            "module.cluster.null_resource.delay_cluster",
            "module.cluster.null_resource.iam",
            "module.cluster.null_resource.network",
            "module.cluster.random_id.node_group",
            "module.rack.module.k8s.kubernetes_namespace.system"
          ]
        }
      ]
    },
    {
      "module": "module.rack.module.router.module.nginx",
      "mode": "managed",
      "type": "kubernetes_config_map",
      "name": "tcp-services",
      "provider": "provider[\"registry.terraform.io/hashicorp/kubernetes\"]",
      "instances": [
        {
          "schema_version": 0,
          "attributes": {
            "binary_data": {},
            "data": {},
            "id": "csidriver3-system/tcp-services",
            "metadata": [
              {
                "annotations": {},
                "generate_name": "",
                "generation": 0,
                "labels": {},
                "name": "tcp-services",
                "namespace": "csidriver3-system",
                "resource_version": "2493",
                "self_link": "/api/v1/namespaces/csidriver3-system/configmaps/tcp-services",
                "uid": "c7571c00-32d1-43bc-9b71-9750b232c6ae"
              }
            ]
          },
          "private": "bnVsbA==",
          "dependencies": [
            "data.aws_eks_cluster_auth.cluster",
            "module.cluster.aws_eip.nat",
            "module.cluster.aws_eks_cluster.cluster",
            "module.cluster.aws_eks_node_group.cluster",
            "module.cluster.aws_iam_openid_connect_provider.cluster",
            "module.cluster.aws_iam_role.cluster",
            "module.cluster.aws_iam_role.nodes",
            "module.cluster.aws_iam_role_policy_attachment.cluster_ec2_readonly",
            "module.cluster.aws_iam_role_policy_attachment.cluster_eks_cluster",
            "module.cluster.aws_iam_role_policy_attachment.cluster_eks_service",
            "module.cluster.aws_iam_role_policy_attachment.nodes_ecr",
            "module.cluster.aws_iam_role_policy_attachment.nodes_eks_cni",
            "module.cluster.aws_iam_role_policy_attachment.nodes_eks_worker",
            "module.cluster.aws_internet_gateway.nodes",
            "module.cluster.aws_nat_gateway.private",
            "module.cluster.aws_route.private-default",
            "module.cluster.aws_route.public-default",
            "module.cluster.aws_route_table.private",
            "module.cluster.aws_route_table.public",
            "module.cluster.aws_route_table_association.private",
            "module.cluster.aws_route_table_association.public",
            "module.cluster.aws_security_group.cluster",
            "module.cluster.aws_subnet.private",
            "module.cluster.aws_subnet.public",
            "module.cluster.aws_vpc.nodes",
            "module.cluster.data.aws_availability_zones.available",
            "module.cluster.data.aws_iam_policy_document.assume_ec2",
            "module.cluster.data.aws_iam_policy_document.assume_eks",
            "module.cluster.data.aws_partition.current",
            "module.cluster.null_resource.delay_cluster",
            "module.cluster.null_resource.iam",
            "module.cluster.null_resource.network",
            "module.cluster.random_id.node_group",
            "module.rack.module.k8s.kubernetes_namespace.system"
          ]
        }
      ]
    },
    {
      "module": "module.rack.module.router.module.nginx",
      "mode": "managed",
      "type": "kubernetes_config_map",
      "name": "udp-services",
      "provider": "provider[\"registry.terraform.io/hashicorp/kubernetes\"]",
      "instances": [
        {
          "schema_version": 0,
          "attributes": {
            "binary_data": {},
            "data": {},
            "id": "csidriver3-system/udp-services",
            "metadata": [
              {
                "annotations": {},
                "generate_name": "",
                "generation": 0,
                "labels": {},
                "name": "udp-services",
                "namespace": "csidriver3-system",
                "resource_version": "2483",
                "self_link": "/api/v1/namespaces/csidriver3-system/configmaps/udp-services",
                "uid": "5b62afe8-bb9c-4fa4-9b57-2c92e9cd1879"
              }
            ]
          },
          "private": "bnVsbA==",
          "dependencies": [
            "data.aws_eks_cluster_auth.cluster",
            "module.cluster.aws_eip.nat",
            "module.cluster.aws_eks_cluster.cluster",
            "module.cluster.aws_eks_node_group.cluster",
            "module.cluster.aws_iam_openid_connect_provider.cluster",
            "module.cluster.aws_iam_role.cluster",
            "module.cluster.aws_iam_role.nodes",
            "module.cluster.aws_iam_role_policy_attachment.cluster_ec2_readonly",
            "module.cluster.aws_iam_role_policy_attachment.cluster_eks_cluster",
            "module.cluster.aws_iam_role_policy_attachment.cluster_eks_service",
            "module.cluster.aws_iam_role_policy_attachment.nodes_ecr",
            "module.cluster.aws_iam_role_policy_attachment.nodes_eks_cni",
            "module.cluster.aws_iam_role_policy_attachment.nodes_eks_worker",
            "module.cluster.aws_internet_gateway.nodes",
            "module.cluster.aws_nat_gateway.private",
            "module.cluster.aws_route.private-default",
            "module.cluster.aws_route.public-default",
            "module.cluster.aws_route_table.private",
            "module.cluster.aws_route_table.public",
            "module.cluster.aws_route_table_association.private",
            "module.cluster.aws_route_table_association.public",
            "module.cluster.aws_security_group.cluster",
            "module.cluster.aws_subnet.private",
            "module.cluster.aws_subnet.public",
            "module.cluster.aws_vpc.nodes",
            "module.cluster.data.aws_availability_zones.available",
            "module.cluster.data.aws_iam_policy_document.assume_ec2",
            "module.cluster.data.aws_iam_policy_document.assume_eks",
            "module.cluster.data.aws_partition.current",
            "module.cluster.null_resource.delay_cluster",
            "module.cluster.null_resource.iam",
            "module.cluster.null_resource.network",
            "module.cluster.random_id.node_group",
            "module.rack.module.k8s.kubernetes_namespace.system"
          ]
        }
      ]
    },
    {
      "module": "module.rack.module.router.module.nginx",
      "mode": "managed",
      "type": "kubernetes_deployment",
      "name": "ingress-nginx",
      "provider": "provider[\"registry.terraform.io/hashicorp/kubernetes\"]",
      "instances": [
        {
          "schema_version": 0,
          "attributes": {
            "id": "csidriver3-system/ingress-nginx",
            "metadata": [
              {
                "annotations": {},
                "generate_name": "",
                "generation": 2,
                "labels": {},
                "name": "ingress-nginx",
                "namespace": "csidriver3-system",
                "resource_version": "3159",
                "self_link": "/apis/apps/v1/namespaces/csidriver3-system/deployments/ingress-nginx",
                "uid": "64af6225-ce6b-41cb-ba8b-2df240574138"
              }
            ],
            "spec": [
              {
                "min_ready_seconds": 0,
                "paused": false,
                "progress_deadline_seconds": 600,
                "replicas": 2,
                "revision_history_limit": 10,
                "selector": [
                  {
                    "match_expressions": [],
                    "match_labels": {
                      "service": "ingress-nginx",
                      "system": "convox"
                    }
                  }
                ],
                "strategy": [
                  {
                    "rolling_update": [
                      {
                        "max_surge": "25%",
                        "max_unavailable": "25%"
                      }
                    ],
                    "type": "RollingUpdate"
                  }
                ],
                "template": [
                  {
                    "metadata": [
                      {
                        "annotations": {},
                        "generate_name": "",
                        "generation": 0,
                        "labels": {
                          "app": "system",
                          "name": "ingress-nginx",
                          "rack": "csidriver3",
                          "service": "ingress-nginx",
                          "system": "convox",
                          "type": "service"
                        },
                        "name": "",
                        "namespace": "",
                        "resource_version": "",
                        "self_link": "",
                        "uid": ""
                      }
                    ],
                    "spec": [
                      {
                        "active_deadline_seconds": 0,
                        "affinity": [],
                        "automount_service_account_token": true,
                        "container": [
                          {
                            "args": [
                              "/nginx-ingress-controller",
                              "--configmap=$(POD_NAMESPACE)/nginx-configuration",
                              "--tcp-services-configmap=$(POD_NAMESPACE)/tcp-services",
                              "--udp-services-configmap=$(POD_NAMESPACE)/udp-services",
                              "--publish-service=$(POD_NAMESPACE)/router",
                              "--annotations-prefix=nginx.ingress.kubernetes.io"
                            ],
                            "command": [],
                            "env": [
                              {
                                "name": "POD_NAME",
                                "value": "",
                                "value_from": [
                                  {
                                    "config_map_key_ref": [],
                                    "field_ref": [
                                      {
                                        "api_version": "v1",
                                        "field_path": "metadata.name"
                                      }
                                    ],
                                    "resource_field_ref": [],
                                    "secret_key_ref": []
                                  }
                                ]
                              },
                              {
                                "name": "POD_NAMESPACE",
                                "value": "",
                                "value_from": [
                                  {
                                    "config_map_key_ref": [],
                                    "field_ref": [
                                      {
                                        "api_version": "v1",
                                        "field_path": "metadata.namespace"
                                      }
                                    ],
                                    "resource_field_ref": [],
                                    "secret_key_ref": []
                                  }
                                ]
                              }
                            ],
                            "env_from": [],
                            "image": "quay.io/kubernetes-ingress-controller/nginx-ingress-controller:0.26.1",
                            "image_pull_policy": "IfNotPresent",
                            "lifecycle": [
                              {
                                "post_start": [],
                                "pre_stop": [
                                  {
                                    "exec": [
                                      {
                                        "command": [
                                          "/wait-shutdown"
                                        ]
                                      }
                                    ],
                                    "http_get": [],
                                    "tcp_socket": []
                                  }
                                ]
                              }
                            ],
                            "liveness_probe": [
                              {
                                "exec": [],
                                "failure_threshold": 3,
                                "http_get": [
                                  {
                                    "host": "",
                                    "http_header": [],
                                    "path": "/healthz",
                                    "port": "10254",
                                    "scheme": "HTTP"
                                  }
                                ],
                                "initial_delay_seconds": 10,
                                "period_seconds": 10,
                                "success_threshold": 1,
                                "tcp_socket": [],
                                "timeout_seconds": 10
                              }
                            ],
                            "name": "system",
                            "port": [
                              {
                                "container_port": 80,
                                "host_ip": "",
                                "host_port": 0,
                                "name": "http",
                                "protocol": "TCP"
                              },
                              {
                                "container_port": 443,
                                "host_ip": "",
                                "host_port": 0,
                                "name": "https",
                                "protocol": "TCP"
                              }
                            ],
                            "readiness_probe": [
                              {
                                "exec": [],
                                "failure_threshold": 3,
                                "http_get": [
                                  {
                                    "host": "",
                                    "http_header": [],
                                    "path": "/healthz",
                                    "port": "10254",
                                    "scheme": "HTTP"
                                  }
                                ],
                                "initial_delay_seconds": 0,
                                "period_seconds": 10,
                                "success_threshold": 1,
                                "tcp_socket": [],
                                "timeout_seconds": 10
                              }
                            ],
                            "resources": [
                              {
                                "limits": [],
                                "requests": [
                                  {
                                    "cpu": "100m",
                                    "memory": "90Mi"
                                  }
                                ]
                              }
                            ],
                            "security_context": [
                              {
                                "allow_privilege_escalation": true,
                                "capabilities": [
                                  {
                                    "add": [
                                      "NET_BIND_SERVICE"
                                    ],
                                    "drop": [
                                      "ALL"
                                    ]
                                  }
                                ],
                                "privileged": false,
                                "read_only_root_filesystem": false,
                                "run_as_group": 0,
                                "run_as_non_root": false,
                                "run_as_user": 33,
                                "se_linux_options": []
                              }
                            ],
                            "startup_probe": [],
                            "stdin": false,
                            "stdin_once": false,
                            "termination_message_path": "/dev/termination-log",
                            "termination_message_policy": "File",
                            "tty": false,
                            "volume_mount": [],
                            "working_dir": ""
                          }
                        ],
                        "dns_config": [],
                        "dns_policy": "ClusterFirst",
                        "enable_service_links": true,
                        "host_aliases": [],
                        "host_ipc": false,
                        "host_network": false,
                        "host_pid": false,
                        "hostname": "",
                        "image_pull_secrets": [],
                        "init_container": [],
                        "node_name": "",
                        "node_selector": {},
                        "priority_class_name": "system-cluster-critical",
                        "readiness_gate": [],
                        "restart_policy": "Always",
                        "security_context": [],
                        "service_account_name": "ingress-nginx",
                        "share_process_namespace": false,
                        "subdomain": "",
                        "termination_grace_period_seconds": 300,
                        "toleration": [],
                        "volume": []
                      }
                    ]
                  }
                ]
              }
            ],
            "timeouts": null,
            "wait_for_rollout": true
          },
          "private": "eyJlMmJmYjczMC1lY2FhLTExZTYtOGY4OC0zNDM2M2JjN2M0YzAiOnsiY3JlYXRlIjo2MDAwMDAwMDAwMDAsImRlbGV0ZSI6NjAwMDAwMDAwMDAwLCJ1cGRhdGUiOjYwMDAwMDAwMDAwMH19",
          "dependencies": [
            "data.aws_eks_cluster_auth.cluster",
            "module.cluster.aws_eip.nat",
            "module.cluster.aws_eks_cluster.cluster",
            "module.cluster.aws_eks_node_group.cluster",
            "module.cluster.aws_iam_openid_connect_provider.cluster",
            "module.cluster.aws_iam_role.cluster",
            "module.cluster.aws_iam_role.nodes",
            "module.cluster.aws_iam_role_policy_attachment.cluster_ec2_readonly",
            "module.cluster.aws_iam_role_policy_attachment.cluster_eks_cluster",
            "module.cluster.aws_iam_role_policy_attachment.cluster_eks_service",
            "module.cluster.aws_iam_role_policy_attachment.nodes_ecr",
            "module.cluster.aws_iam_role_policy_attachment.nodes_eks_cni",
            "module.cluster.aws_iam_role_policy_attachment.nodes_eks_worker",
            "module.cluster.aws_internet_gateway.nodes",
            "module.cluster.aws_nat_gateway.private",
            "module.cluster.aws_route.private-default",
            "module.cluster.aws_route.public-default",
            "module.cluster.aws_route_table.private",
            "module.cluster.aws_route_table.public",
            "module.cluster.aws_route_table_association.private",
            "module.cluster.aws_route_table_association.public",
            "module.cluster.aws_security_group.cluster",
            "module.cluster.aws_subnet.private",
            "module.cluster.aws_subnet.public",
            "module.cluster.aws_vpc.nodes",
            "module.cluster.data.aws_availability_zones.available",
            "module.cluster.data.aws_iam_policy_document.assume_ec2",
            "module.cluster.data.aws_iam_policy_document.assume_eks",
            "module.cluster.data.aws_partition.current",
            "module.cluster.null_resource.delay_cluster",
            "module.cluster.null_resource.iam",
            "module.cluster.null_resource.network",
            "module.cluster.random_id.node_group",
            "module.rack.module.k8s.kubernetes_namespace.system"
          ]
        }
      ]
    },
    {
      "module": "module.rack.module.router.module.nginx",
      "mode": "managed",
      "type": "kubernetes_horizontal_pod_autoscaler",
      "name": "router",
      "provider": "provider[\"registry.terraform.io/hashicorp/kubernetes\"]",
      "instances": [
        {
          "schema_version": 0,
          "attributes": {
            "id": "csidriver3-system/nginx",
            "metadata": [
              {
                "annotations": {},
                "generate_name": "",
                "generation": 0,
                "labels": {},
                "name": "nginx",
                "namespace": "csidriver3-system",
                "resource_version": "528476",
                "self_link": "/apis/autoscaling/v1/namespaces/csidriver3-system/horizontalpodautoscalers/nginx",
                "uid": "da6c28b6-222f-4d9e-aa9c-aa76af48cb4d"
              }
            ],
            "spec": [
              {
                "max_replicas": 10,
                "metric": [],
                "min_replicas": 2,
                "scale_target_ref": [
                  {
                    "api_version": "apps/v1",
                    "kind": "Deployment",
                    "name": "ingress-nginx"
                  }
                ],
                "target_cpu_utilization_percentage": 90
              }
            ]
          },
          "private": "bnVsbA==",
          "dependencies": [
            "data.aws_eks_cluster_auth.cluster",
            "module.cluster.aws_eip.nat",
            "module.cluster.aws_eks_cluster.cluster",
            "module.cluster.aws_eks_node_group.cluster",
            "module.cluster.aws_iam_openid_connect_provider.cluster",
            "module.cluster.aws_iam_role.cluster",
            "module.cluster.aws_iam_role.nodes",
            "module.cluster.aws_iam_role_policy_attachment.cluster_ec2_readonly",
            "module.cluster.aws_iam_role_policy_attachment.cluster_eks_cluster",
            "module.cluster.aws_iam_role_policy_attachment.cluster_eks_service",
            "module.cluster.aws_iam_role_policy_attachment.nodes_ecr",
            "module.cluster.aws_iam_role_policy_attachment.nodes_eks_cni",
            "module.cluster.aws_iam_role_policy_attachment.nodes_eks_worker",
            "module.cluster.aws_internet_gateway.nodes",
            "module.cluster.aws_nat_gateway.private",
            "module.cluster.aws_route.private-default",
            "module.cluster.aws_route.public-default",
            "module.cluster.aws_route_table.private",
            "module.cluster.aws_route_table.public",
            "module.cluster.aws_route_table_association.private",
            "module.cluster.aws_route_table_association.public",
            "module.cluster.aws_security_group.cluster",
            "module.cluster.aws_subnet.private",
            "module.cluster.aws_subnet.public",
            "module.cluster.aws_vpc.nodes",
            "module.cluster.data.aws_availability_zones.available",
            "module.cluster.data.aws_iam_policy_document.assume_ec2",
            "module.cluster.data.aws_iam_policy_document.assume_eks",
            "module.cluster.data.aws_partition.current",
            "module.cluster.null_resource.delay_cluster",
            "module.cluster.null_resource.iam",
            "module.cluster.null_resource.network",
            "module.cluster.random_id.node_group",
            "module.rack.module.k8s.kubernetes_namespace.system"
          ]
        }
      ]
    },
    {
      "module": "module.rack.module.router.module.nginx",
      "mode": "managed",
      "type": "kubernetes_role",
      "name": "ingress-nginx",
      "provider": "provider[\"registry.terraform.io/hashicorp/kubernetes\"]",
      "instances": [
        {
          "schema_version": 0,
          "attributes": {
            "id": "csidriver3-system/ingress-nginx",
            "metadata": [
              {
                "annotations": {},
                "generate_name": "",
                "generation": 0,
                "labels": {},
                "name": "ingress-nginx",
                "namespace": "csidriver3-system",
                "resource_version": "2494",
                "self_link": "/apis/rbac.authorization.k8s.io/v1/namespaces/csidriver3-system/roles/ingress-nginx",
                "uid": "4e662acc-60fb-47c6-b963-ffaa82c06fdf"
              }
            ],
            "rule": [
              {
                "api_groups": [
                  ""
                ],
                "resource_names": [],
                "resources": [
                  "configmaps",
                  "namespaces",
                  "pods",
                  "secrets"
                ],
                "verbs": [
                  "get"
                ]
              },
              {
                "api_groups": [
                  ""
                ],
                "resource_names": [
                  "ingress-controller-leader-nginx"
                ],
                "resources": [
                  "configmaps"
                ],
                "verbs": [
                  "get",
                  "update"
                ]
              },
              {
                "api_groups": [
                  ""
                ],
                "resource_names": [],
                "resources": [
                  "configmaps"
                ],
                "verbs": [
                  "create"
                ]
              },
              {
                "api_groups": [
                  ""
                ],
                "resource_names": [],
                "resources": [
                  "endpoints"
                ],
                "verbs": [
                  "get"
                ]
              }
            ]
          },
          "private": "bnVsbA==",
          "dependencies": [
            "data.aws_eks_cluster_auth.cluster",
            "module.cluster.aws_eip.nat",
            "module.cluster.aws_eks_cluster.cluster",
            "module.cluster.aws_eks_node_group.cluster",
            "module.cluster.aws_iam_openid_connect_provider.cluster",
            "module.cluster.aws_iam_role.cluster",
            "module.cluster.aws_iam_role.nodes",
            "module.cluster.aws_iam_role_policy_attachment.cluster_ec2_readonly",
            "module.cluster.aws_iam_role_policy_attachment.cluster_eks_cluster",
            "module.cluster.aws_iam_role_policy_attachment.cluster_eks_service",
            "module.cluster.aws_iam_role_policy_attachment.nodes_ecr",
            "module.cluster.aws_iam_role_policy_attachment.nodes_eks_cni",
            "module.cluster.aws_iam_role_policy_attachment.nodes_eks_worker",
            "module.cluster.aws_internet_gateway.nodes",
            "module.cluster.aws_nat_gateway.private",
            "module.cluster.aws_route.private-default",
            "module.cluster.aws_route.public-default",
            "module.cluster.aws_route_table.private",
            "module.cluster.aws_route_table.public",
            "module.cluster.aws_route_table_association.private",
            "module.cluster.aws_route_table_association.public",
            "module.cluster.aws_security_group.cluster",
            "module.cluster.aws_subnet.private",
            "module.cluster.aws_subnet.public",
            "module.cluster.aws_vpc.nodes",
            "module.cluster.data.aws_availability_zones.available",
            "module.cluster.data.aws_iam_policy_document.assume_ec2",
            "module.cluster.data.aws_iam_policy_document.assume_eks",
            "module.cluster.data.aws_partition.current",
            "module.cluster.null_resource.delay_cluster",
            "module.cluster.null_resource.iam",
            "module.cluster.null_resource.network",
            "module.cluster.random_id.node_group",
            "module.rack.module.k8s.kubernetes_namespace.system"
          ]
        }
      ]
    },
    {
      "module": "module.rack.module.router.module.nginx",
      "mode": "managed",
      "type": "kubernetes_role_binding",
      "name": "ingress-nginx",
      "provider": "provider[\"registry.terraform.io/hashicorp/kubernetes\"]",
      "instances": [
        {
          "schema_version": 0,
          "attributes": {
            "id": "csidriver3-system/ingress-nginx",
            "metadata": [
              {
                "annotations": {},
                "generation": 0,
                "labels": {},
                "name": "ingress-nginx",
                "namespace": "csidriver3-system",
                "resource_version": "2482",
                "self_link": "/apis/rbac.authorization.k8s.io/v1/namespaces/csidriver3-system/rolebindings/ingress-nginx",
                "uid": "4d0e4233-f6a7-4359-ad56-ed2c02abfc27"
              }
            ],
            "role_ref": [
              {
                "api_group": "rbac.authorization.k8s.io",
                "kind": "Role",
                "name": "ingress-nginx"
              }
            ],
            "subject": [
              {
                "api_group": "",
                "kind": "ServiceAccount",
                "name": "ingress-nginx",
                "namespace": "csidriver3-system"
              }
            ]
          },
          "private": "bnVsbA==",
          "dependencies": [
            "data.aws_eks_cluster_auth.cluster",
            "module.cluster.aws_eip.nat",
            "module.cluster.aws_eks_cluster.cluster",
            "module.cluster.aws_eks_node_group.cluster",
            "module.cluster.aws_iam_openid_connect_provider.cluster",
            "module.cluster.aws_iam_role.cluster",
            "module.cluster.aws_iam_role.nodes",
            "module.cluster.aws_iam_role_policy_attachment.cluster_ec2_readonly",
            "module.cluster.aws_iam_role_policy_attachment.cluster_eks_cluster",
            "module.cluster.aws_iam_role_policy_attachment.cluster_eks_service",
            "module.cluster.aws_iam_role_policy_attachment.nodes_ecr",
            "module.cluster.aws_iam_role_policy_attachment.nodes_eks_cni",
            "module.cluster.aws_iam_role_policy_attachment.nodes_eks_worker",
            "module.cluster.aws_internet_gateway.nodes",
            "module.cluster.aws_nat_gateway.private",
            "module.cluster.aws_route.private-default",
            "module.cluster.aws_route.public-default",
            "module.cluster.aws_route_table.private",
            "module.cluster.aws_route_table.public",
            "module.cluster.aws_route_table_association.private",
            "module.cluster.aws_route_table_association.public",
            "module.cluster.aws_security_group.cluster",
            "module.cluster.aws_subnet.private",
            "module.cluster.aws_subnet.public",
            "module.cluster.aws_vpc.nodes",
            "module.cluster.data.aws_availability_zones.available",
            "module.cluster.data.aws_iam_policy_document.assume_ec2",
            "module.cluster.data.aws_iam_policy_document.assume_eks",
            "module.cluster.data.aws_partition.current",
            "module.cluster.null_resource.delay_cluster",
            "module.cluster.null_resource.iam",
            "module.cluster.null_resource.network",
            "module.cluster.random_id.node_group",
            "module.rack.module.k8s.kubernetes_namespace.system"
          ]
        }
      ]
    },
    {
      "module": "module.rack.module.router.module.nginx",
      "mode": "managed",
      "type": "kubernetes_service_account",
      "name": "ingress-nginx",
      "provider": "provider[\"registry.terraform.io/hashicorp/kubernetes\"]",
      "instances": [
        {
          "schema_version": 0,
          "attributes": {
            "automount_service_account_token": false,
            "default_secret_name": "ingress-nginx-token-zl6lf",
            "id": "csidriver3-system/ingress-nginx",
            "image_pull_secret": [],
            "metadata": [
              {
                "annotations": {},
                "generate_name": "",
                "generation": 0,
                "labels": {},
                "name": "ingress-nginx",
                "namespace": "csidriver3-system",
                "resource_version": "2492",
                "self_link": "/api/v1/namespaces/csidriver3-system/serviceaccounts/ingress-nginx",
                "uid": "de41fc3f-66f0-495b-a531-3bde66c8ebe5"
              }
            ],
            "secret": [],
            "timeouts": null
          },
          "private": "eyJlMmJmYjczMC1lY2FhLTExZTYtOGY4OC0zNDM2M2JjN2M0YzAiOnsiY3JlYXRlIjozMDAwMDAwMDAwMH19",
          "dependencies": [
            "data.aws_eks_cluster_auth.cluster",
            "module.cluster.aws_eip.nat",
            "module.cluster.aws_eks_cluster.cluster",
            "module.cluster.aws_eks_node_group.cluster",
            "module.cluster.aws_iam_openid_connect_provider.cluster",
            "module.cluster.aws_iam_role.cluster",
            "module.cluster.aws_iam_role.nodes",
            "module.cluster.aws_iam_role_policy_attachment.cluster_ec2_readonly",
            "module.cluster.aws_iam_role_policy_attachment.cluster_eks_cluster",
            "module.cluster.aws_iam_role_policy_attachment.cluster_eks_service",
            "module.cluster.aws_iam_role_policy_attachment.nodes_ecr",
            "module.cluster.aws_iam_role_policy_attachment.nodes_eks_cni",
            "module.cluster.aws_iam_role_policy_attachment.nodes_eks_worker",
            "module.cluster.aws_internet_gateway.nodes",
            "module.cluster.aws_nat_gateway.private",
            "module.cluster.aws_route.private-default",
            "module.cluster.aws_route.public-default",
            "module.cluster.aws_route_table.private",
            "module.cluster.aws_route_table.public",
            "module.cluster.aws_route_table_association.private",
            "module.cluster.aws_route_table_association.public",
            "module.cluster.aws_security_group.cluster",
            "module.cluster.aws_subnet.private",
            "module.cluster.aws_subnet.public",
            "module.cluster.aws_vpc.nodes",
            "module.cluster.data.aws_availability_zones.available",
            "module.cluster.data.aws_iam_policy_document.assume_ec2",
            "module.cluster.data.aws_iam_policy_document.assume_eks",
            "module.cluster.data.aws_partition.current",
            "module.cluster.null_resource.delay_cluster",
            "module.cluster.null_resource.iam",
            "module.cluster.null_resource.network",
            "module.cluster.random_id.node_group",
            "module.rack.module.k8s.kubernetes_namespace.system"
          ]
        }
      ]
    }
  ]
}
