github.com/aws/aws-sdk-go-v2 v1.36.3 h1:mJoei2CxPutQVxaATCzDUjcZEjVRdpsiiXi2o38yqWM=
github.com/aws/aws-sdk-go-v2 v1.36.3/go.mod h1:LLXuLpgzEbD766Z5ECcRmi8AzSwfZItDtmABVkRLGzg=
github.com/aws/aws-sdk-go-v2/aws/protocol/eventstream v1.6.10 h1:zAybnyUQXIZ5mok5Jqwlf58/TFE7uvd3IAsa1aF9cXs=
github.com/aws/aws-sdk-go-v2/aws/protocol/eventstream v1.6.10/go.mod h1:qqvMj6gHLR/EXWZw4ZbqlPbQUyenf4h82UQUlKc+l14=
github.com/aws/aws-sdk-go-v2/config v1.29.14 h1:f+eEi/2cKCg9pqKBoAIwRGzVb70MRKqWX4dg1BDcSJM=
github.com/aws/aws-sdk-go-v2/config v1.29.14/go.mod h1:wVPHWcIFv3WO89w0rE10gzf17ZYy+UVS1Geq8Iei34g=
github.com/aws/aws-sdk-go-v2/credentials v1.17.67 h1:9KxtdcIA/5xPNQyZRgUSpYOE6j9Bc4+D7nZua0KGYOM=
github.com/aws/aws-sdk-go-v2/credentials v1.17.67/go.mod h1:p3C44m+cfnbv763s52gCqrjaqyPikj9Sg47kUVaNZQQ=
github.com/aws/aws-sdk-go-v2/feature/ec2/imds v1.16.30 h1:x793wxmUWVDhshP8WW2mlnXuFrO4cOd3HLBroh1paFw=
github.com/aws/aws-sdk-go-v2/feature/ec2/imds v1.16.30/go.mod h1:Jpne2tDnYiFascUEs2AWHJL9Yp7A5ZVy3TNyxaAjD6M=
github.com/aws/aws-sdk-go-v2/internal/configsources v1.3.34 h1:ZK5jHhnrioRkUNOc+hOgQKlUL5JeC3S6JgLxtQ+Rm0Q=
github.com/aws/aws-sdk-go-v2/internal/configsources v1.3.34/go.mod h1:p4VfIceZokChbA9FzMbRGz5OV+lekcVtHlPKEO0gSZY=
github.com/aws/aws-sdk-go-v2/internal/endpoints/v2 v2.6.34 h1:SZwFm17ZUNNg5Np0ioo/gq8Mn6u9w19Mri8DnJ15Jf0=
github.com/aws/aws-sdk-go-v2/internal/endpoints/v2 v2.6.34/go.mod h1:dFZsC0BLo346mvKQLWmoJxT+Sjp+qcVR1tRVHQGOH9Q=
github.com/aws/aws-sdk-go-v2/internal/ini v1.8.3 h1:bIqFDwgGXXN1Kpp99pDOdKMTTb5d2KyU5X/BZxjOkRo=
github.com/aws/aws-sdk-go-v2/internal/ini v1.8.3/go.mod h1:H5O/EsxDWyU+LP/V8i5sm8cxoZgc2fdNR9bxlOFrQTo=
github.com/aws/aws-sdk-go-v2/service/cloudformation v1.59.2 h1:o9cuZdZlI9VWMqsNa2mnf2IRsFAROHnaYA1BW3lHGuY=
github.com/aws/aws-sdk-go-v2/service/cloudformation v1.59.2/go.mod h1:penaZKzGmqHGZId4EUCBIW/f9l4Y7hQ5NKd45yoCYuI=
github.com/aws/aws-sdk-go-v2/service/cloudwatchlogs v1.50.0 h1:t/xT0VNZUj9oQmzQjq7qoQYlX9Mz6a37O3PG0STymFM=
github.com/aws/aws-sdk-go-v2/service/cloudwatchlogs v1.50.0/go.mod h1:uo14VBn5cNk/BPGTPz3kyLBxgpgOObgO8lmz+H7Z4Ck=
github.com/aws/aws-sdk-go-v2/service/ec2 v1.221.0 h1:9cBQVU+wpn6FxAT5qE90dFy6ZnbuEFXvl7nOjjVG020=
github.com/aws/aws-sdk-go-v2/service/ec2 v1.221.0/go.mod h1:ouvGEfHbLaIlWwpDpOVWPWR+YwO0HDv3vm5tYLq8ImY=
github.com/aws/aws-sdk-go-v2/service/ec2 v1.222.0 h1:qPVuEWzRvc/Z8UA0CKG4QczxORbgYTbWwlviUAmVmgs=
github.com/aws/aws-sdk-go-v2/service/ec2 v1.222.0/go.mod h1:ouvGEfHbLaIlWwpDpOVWPWR+YwO0HDv3vm5tYLq8ImY=
github.com/aws/aws-sdk-go-v2/service/ecr v1.44.0 h1:E+UTVTDH6XTSjqxHWRuY8nB6s+05UllneWxnycplHFk=
github.com/aws/aws-sdk-go-v2/service/ecr v1.44.0/go.mod h1:iQ1skgw1XRK+6Lgkb0I9ODatAP72WoTILh0zXQ5DtbU=
github.com/aws/aws-sdk-go-v2/service/efs v1.35.3 h1:sFmWdaUUJvhuH3qW8khEZH2J2m/L7T9wHtsKhfwT+Tw=
github.com/aws/aws-sdk-go-v2/service/efs v1.35.3/go.mod h1:XT6hcgC1HV33EBGPWdXnbgyeqND4k43qX3argLyEZM8=
github.com/aws/aws-sdk-go-v2/service/eks v1.64.0 h1:EYeOThTRysemFtC6J6h6b7dNg3jN03QuO5cg92ojIQE=
github.com/aws/aws-sdk-go-v2/service/eks v1.64.0/go.mod h1:v1xXy6ea0PHtWkjFUvAUh6B/5wv7UF909Nru0dOIJDk=
github.com/aws/aws-sdk-go-v2/service/elasticloadbalancing v1.29.3 h1:DpyV8LeDf0y7iDaGZ3h1Y+Nh5IaBOR+xj44vVgEEegY=
github.com/aws/aws-sdk-go-v2/service/elasticloadbalancing v1.29.3/go.mod h1:H232HdqVlSUoqy0cMJYW1TKjcxvGFGFZ20xQG8fOAPw=
github.com/aws/aws-sdk-go-v2/service/elasticloadbalancingv2 v1.45.2 h1:vX70Z4lNSr7XsioU0uJq5yvxgI50sB66MvD+V/3buS4=
github.com/aws/aws-sdk-go-v2/service/elasticloadbalancingv2 v1.45.2/go.mod h1:xnCC3vFBfOKpU6PcsCKL2ktgBTZfOwTGxj6V8/X3IS4=
github.com/aws/aws-sdk-go-v2/service/iam v1.42.0 h1:G6+UzGvubaet9QOh0664E9JeT+b6Zvop3AChozRqkrA=
github.com/aws/aws-sdk-go-v2/service/iam v1.42.0/go.mod h1:mPJkGQzeCoPs82ElNILor2JzZgYENr4UaSKUT8K27+c=
github.com/aws/aws-sdk-go-v2/service/internal/accept-encoding v1.12.3 h1:eAh2A4b5IzM/lum78bZ590jy36+d/aFLgKF/4Vd1xPE=
github.com/aws/aws-sdk-go-v2/service/internal/accept-encoding v1.12.3/go.mod h1:0yKJC/kb8sAnmlYa6Zs3QVYqaC8ug2AbnNChv5Ox3uA=
github.com/aws/aws-sdk-go-v2/service/internal/presigned-url v1.12.15 h1:dM9/92u2F1JbDaGooxTq18wmmFzbJRfXfVfy96/1CXM=
github.com/aws/aws-sdk-go-v2/service/internal/presigned-url v1.12.15/go.mod h1:SwFBy2vjtA0vZbjjaFtfN045boopadnoVPhu4Fv66vY=
github.com/aws/aws-sdk-go-v2/service/kms v1.38.3 h1:RivOtUH3eEu6SWnUMFHKAW4MqDOzWn1vGQ3S38Y5QMg=
github.com/aws/aws-sdk-go-v2/service/kms v1.38.3/go.mod h1:cQn6tAF77Di6m4huxovNM7NVAozWTZLsDRp9t8Z/WYk=
github.com/aws/aws-sdk-go-v2/service/sso v1.25.3 h1:1Gw+9ajCV1jogloEv1RRnvfRFia2cL6c9cuKV2Ps+G8=
github.com/aws/aws-sdk-go-v2/service/sso v1.25.3/go.mod h1:qs4a9T5EMLl/Cajiw2TcbNt2UNo/Hqlyp+GiuG4CFDI=
github.com/aws/aws-sdk-go-v2/service/ssooidc v1.30.1 h1:hXmVKytPfTy5axZ+fYbR5d0cFmC3JvwLm5kM83luako=
github.com/aws/aws-sdk-go-v2/service/ssooidc v1.30.1/go.mod h1:MlYRNmYu/fGPoxBQVvBYr9nyr948aY/WLUvwBMBJubs=
github.com/aws/aws-sdk-go-v2/service/sts v1.33.19 h1:1XuUZ8mYJw9B6lzAkXhqHlJd/XvaX32evhproijJEZY=
github.com/aws/aws-sdk-go-v2/service/sts v1.33.19/go.mod h1:cQnB8CUnxbMU82JvlqjKR2HBOm3fe9pWorWBza6MBJ4=
github.com/aws/smithy-go v1.22.3 h1:Z//5NuZCSW6R4PhQ93hShNbyBbn8BWCmCVCt+Q8Io5k=
github.com/aws/smithy-go v1.22.3/go.mod h1:t1ufH5HMublsJYulve2RKmHDC15xu1f26kHCp/HgceI=
github.com/cpuguy83/go-md2man/v2 v2.0.6/go.mod h1:oOW0eioCTA6cOiMLiUPZOpcVxMig6NIQQ7OS05n1F4g=
github.com/inconshreveable/mousetrap v1.1.0 h1:wN+x4NVGpMsO7ErUn/mUI3vEoE6Jt13X2s0bqwp9tc8=
github.com/inconshreveable/mousetrap v1.1.0/go.mod h1:vpF70FUmC8bwa3OWnCshd2FqLfsEA9PFc4w1p2J65bw=
github.com/russross/blackfriday/v2 v2.1.0/go.mod h1:+Rmxgy9KzJVeS9/2gXHxylqXiyQDYRxCVz55jmeOWTM=
github.com/spf13/cobra v1.9.1 h1:CXSaggrXdbHK9CF+8ywj8Amf7PBRmPCOJugH954Nnlo=
github.com/spf13/cobra v1.9.1/go.mod h1:nDyEzZ8ogv936Cinf6g1RU9MRY64Ir93oCnqb9wxYW0=
github.com/spf13/pflag v1.0.6 h1:jFzHGLGAlb3ruxLB8MhbI6A8+AQX/2eW4qeyNZXNp2o=
github.com/spf13/pflag v1.0.6/go.mod h1:McXfInJRrz4CZXVZOBLb0bTZqETkiAhM9Iw0y3An2Bg=
gopkg.in/check.v1 v0.0.0-20161208181325-20d25e280405/go.mod h1:Co6ibVJAznAaIkqp8huTwlJQCZ016jof/cbN4VW5Yz0=
gopkg.in/yaml.v3 v3.0.1/go.mod h1:K4uyk7z7BCEPqu6E+C64Yfv1cQ7kz7rIZviUmN+EgEM=
